// !$*UTF8*$!
{
	archiveVersion = 1;
	classes = {
	};
	objectVersion = 46;
	objects = {

/* Begin PBXBuildFile section */
		7DC7FF5F2245471E9FE7A569 /* libPods.a in Frameworks */ = {isa = PBXBuildFile; fileRef = 0AF0E290E9EB879C51350A96 /* libPods.a */; };
		C4225D831C98EA62006262C9 /* YRDemandShareCell.m in Sources */ = {isa = PBXBuildFile; fileRef = C4225D801C98EA62006262C9 /* YRDemandShareCell.m */; };
		C4225D841C98EA62006262C9 /* YRDemandUserViewCell.m in Sources */ = {isa = PBXBuildFile; fileRef = C4225D821C98EA62006262C9 /* YRDemandUserViewCell.m */; };
		C4225D871C98EA7A006262C9 /* BACustomButton.m in Sources */ = {isa = PBXBuildFile; fileRef = C4225D861C98EA7A006262C9 /* BACustomButton.m */; };
		C4225D8A1C98EAF1006262C9 /* YRDemandShareModel.m in Sources */ = {isa = PBXBuildFile; fileRef = C4225D891C98EAF1006262C9 /* YRDemandShareModel.m */; };
		C4225D8D1C98EB6D006262C9 /* YRDemandModel.m in Sources */ = {isa = PBXBuildFile; fileRef = C4225D8C1C98EB6D006262C9 /* YRDemandModel.m */; };
		C4225DC71C990ED2006262C9 /* UIView+Extension.m in Sources */ = {isa = PBXBuildFile; fileRef = C4225D961C990ED2006262C9 /* UIView+Extension.m */; };
		C4225DC81C990ED2006262C9 /* UITableView+SDAutoTableViewCellHeight.m in Sources */ = {isa = PBXBuildFile; fileRef = C4225D9A1C990ED2006262C9 /* UITableView+SDAutoTableViewCellHeight.m */; };
		C4225DC91C990ED2006262C9 /* UIView+SDAutoLayout.m in Sources */ = {isa = PBXBuildFile; fileRef = C4225D9C1C990ED2006262C9 /* UIView+SDAutoLayout.m */; };
		C4225DCA1C990ED2006262C9 /* SDBrowserImageView.m in Sources */ = {isa = PBXBuildFile; fileRef = C4225D9F1C990ED2006262C9 /* SDBrowserImageView.m */; };
		C4225DCB1C990ED2006262C9 /* SDPhotoBrowser.m in Sources */ = {isa = PBXBuildFile; fileRef = C4225DA11C990ED2006262C9 /* SDPhotoBrowser.m */; };
		C4225DCC1C990ED2006262C9 /* SDWaitingView.m in Sources */ = {isa = PBXBuildFile; fileRef = C4225DA41C990ED2006262C9 /* SDWaitingView.m */; };
		C4225DCD1C990ED2006262C9 /* MKAnnotationView+WebCache.m in Sources */ = {isa = PBXBuildFile; fileRef = C4225DA71C990ED2006262C9 /* MKAnnotationView+WebCache.m */; };
		C4225DCE1C990ED2006262C9 /* NSData+ImageContentType.m in Sources */ = {isa = PBXBuildFile; fileRef = C4225DA91C990ED2006262C9 /* NSData+ImageContentType.m */; };
		C4225DCF1C990ED2006262C9 /* SDImageCache.m in Sources */ = {isa = PBXBuildFile; fileRef = C4225DAB1C990ED2006262C9 /* SDImageCache.m */; };
		C4225DD01C990ED2006262C9 /* SDWebImageCompat.m in Sources */ = {isa = PBXBuildFile; fileRef = C4225DAD1C990ED2006262C9 /* SDWebImageCompat.m */; };
		C4225DD11C990ED2006262C9 /* SDWebImageDecoder.m in Sources */ = {isa = PBXBuildFile; fileRef = C4225DAF1C990ED2006262C9 /* SDWebImageDecoder.m */; };
		C4225DD21C990ED2006262C9 /* SDWebImageDownloader.m in Sources */ = {isa = PBXBuildFile; fileRef = C4225DB11C990ED2006262C9 /* SDWebImageDownloader.m */; };
		C4225DD31C990ED2006262C9 /* SDWebImageDownloaderOperation.m in Sources */ = {isa = PBXBuildFile; fileRef = C4225DB31C990ED2006262C9 /* SDWebImageDownloaderOperation.m */; };
		C4225DD41C990ED2006262C9 /* SDWebImageManager.m in Sources */ = {isa = PBXBuildFile; fileRef = C4225DB51C990ED2006262C9 /* SDWebImageManager.m */; };
		C4225DD51C990ED2006262C9 /* SDWebImagePrefetcher.m in Sources */ = {isa = PBXBuildFile; fileRef = C4225DB81C990ED2006262C9 /* SDWebImagePrefetcher.m */; };
		C4225DD61C990ED2006262C9 /* UIButton+WebCache.m in Sources */ = {isa = PBXBuildFile; fileRef = C4225DBA1C990ED2006262C9 /* UIButton+WebCache.m */; };
		C4225DD71C990ED2006262C9 /* UIImage+GIF.m in Sources */ = {isa = PBXBuildFile; fileRef = C4225DBC1C990ED2006262C9 /* UIImage+GIF.m */; };
		C4225DD81C990ED2006262C9 /* UIImage+MultiFormat.m in Sources */ = {isa = PBXBuildFile; fileRef = C4225DBE1C990ED2006262C9 /* UIImage+MultiFormat.m */; };
		C4225DD91C990ED2006262C9 /* UIImage+WebP.m in Sources */ = {isa = PBXBuildFile; fileRef = C4225DC01C990ED2006262C9 /* UIImage+WebP.m */; };
		C4225DDA1C990ED2006262C9 /* UIImageView+HighlightedWebCache.m in Sources */ = {isa = PBXBuildFile; fileRef = C4225DC21C990ED2006262C9 /* UIImageView+HighlightedWebCache.m */; };
		C4225DDB1C990ED2006262C9 /* UIImageView+WebCache.m in Sources */ = {isa = PBXBuildFile; fileRef = C4225DC41C990ED2006262C9 /* UIImageView+WebCache.m */; };
		C4225DDC1C990ED2006262C9 /* UIView+WebCacheOperation.m in Sources */ = {isa = PBXBuildFile; fileRef = C4225DC61C990ED2006262C9 /* UIView+WebCacheOperation.m */; };
		C4225DE41C99254A006262C9 /* DemoVC4.m in Sources */ = {isa = PBXBuildFile; fileRef = C4225DE31C99254A006262C9 /* DemoVC4.m */; };
		C42453CA1C979D9300D01865 /* main.m in Sources */ = {isa = PBXBuildFile; fileRef = C42453C91C979D9300D01865 /* main.m */; };
		C42453CD1C979D9300D01865 /* AppDelegate.m in Sources */ = {isa = PBXBuildFile; fileRef = C42453CC1C979D9300D01865 /* AppDelegate.m */; };
		C42453D01C979D9300D01865 /* ViewController.m in Sources */ = {isa = PBXBuildFile; fileRef = C42453CF1C979D9300D01865 /* ViewController.m */; };
		C42453D31C979D9300D01865 /* Main.storyboard in Resources */ = {isa = PBXBuildFile; fileRef = C42453D11C979D9300D01865 /* Main.storyboard */; };
		C42453D51C979D9300D01865 /* Assets.xcassets in Resources */ = {isa = PBXBuildFile; fileRef = C42453D41C979D9300D01865 /* Assets.xcassets */; };
		C42453D81C979D9300D01865 /* LaunchScreen.storyboard in Resources */ = {isa = PBXBuildFile; fileRef = C42453D61C979D9300D01865 /* LaunchScreen.storyboard */; };
		C42453E31C979D9400D01865 /* demoTestTests.m in Sources */ = {isa = PBXBuildFile; fileRef = C42453E21C979D9400D01865 /* demoTestTests.m */; };
		C42453EE1C979D9400D01865 /* demoTestUITests.m in Sources */ = {isa = PBXBuildFile; fileRef = C42453ED1C979D9400D01865 /* demoTestUITests.m */; };
		C424540B1C97A32500D01865 /* DemoVC1.m in Sources */ = {isa = PBXBuildFile; fileRef = C42454081C97A32500D01865 /* DemoVC1.m */; };
		C424540C1C97A32500D01865 /* YRHomeIncomeView.m in Sources */ = {isa = PBXBuildFile; fileRef = C424540A1C97A32500D01865 /* YRHomeIncomeView.m */; };
		C424540F1C97B42D00D01865 /* YRHomeIncomeBlockView.m in Sources */ = {isa = PBXBuildFile; fileRef = C424540E1C97B42D00D01865 /* YRHomeIncomeBlockView.m */; };
		C42454131C97B74100D01865 /* BAHomeIncomeCell.m in Sources */ = {isa = PBXBuildFile; fileRef = C42454111C97B74100D01865 /* BAHomeIncomeCell.m */; };
		C42454141C97B74100D01865 /* BAHomeIncomeCell.xib in Resources */ = {isa = PBXBuildFile; fileRef = C42454121C97B74100D01865 /* BAHomeIncomeCell.xib */; };
		C42454171C97BAD600D01865 /* BAHomeIncomeModel.m in Sources */ = {isa = PBXBuildFile; fileRef = C42454161C97BAD600D01865 /* BAHomeIncomeModel.m */; };
		C440E4E61C9816BC006FFA73 /* 0.jpg in Resources */ = {isa = PBXBuildFile; fileRef = C440E4B71C9816BC006FFA73 /* 0.jpg */; };
		C440E4E71C9816BC006FFA73 /* 1.jpg in Resources */ = {isa = PBXBuildFile; fileRef = C440E4B81C9816BC006FFA73 /* 1.jpg */; };
		C440E4E81C9816BC006FFA73 /* 10.jpg in Resources */ = {isa = PBXBuildFile; fileRef = C440E4B91C9816BC006FFA73 /* 10.jpg */; };
		C440E4E91C9816BC006FFA73 /* 11.jpg in Resources */ = {isa = PBXBuildFile; fileRef = C440E4BA1C9816BC006FFA73 /* 11.jpg */; };
		C440E4EA1C9816BC006FFA73 /* 12.jpg in Resources */ = {isa = PBXBuildFile; fileRef = C440E4BB1C9816BC006FFA73 /* 12.jpg */; };
		C440E4EB1C9816BC006FFA73 /* 13.jpg in Resources */ = {isa = PBXBuildFile; fileRef = C440E4BC1C9816BC006FFA73 /* 13.jpg */; };
		C440E4EC1C9816BC006FFA73 /* 14.jpg in Resources */ = {isa = PBXBuildFile; fileRef = C440E4BD1C9816BC006FFA73 /* 14.jpg */; };
		C440E4ED1C9816BC006FFA73 /* 15.jpg in Resources */ = {isa = PBXBuildFile; fileRef = C440E4BE1C9816BC006FFA73 /* 15.jpg */; };
		C440E4EE1C9816BC006FFA73 /* 16.jpg in Resources */ = {isa = PBXBuildFile; fileRef = C440E4BF1C9816BC006FFA73 /* 16.jpg */; };
		C440E4EF1C9816BC006FFA73 /* 17.jpg in Resources */ = {isa = PBXBuildFile; fileRef = C440E4C01C9816BC006FFA73 /* 17.jpg */; };
		C440E4F01C9816BC006FFA73 /* 18.jpg in Resources */ = {isa = PBXBuildFile; fileRef = C440E4C11C9816BC006FFA73 /* 18.jpg */; };
		C440E4F11C9816BC006FFA73 /* 19.jpg in Resources */ = {isa = PBXBuildFile; fileRef = C440E4C21C9816BC006FFA73 /* 19.jpg */; };
		C440E4F21C9816BC006FFA73 /* 2.jpg in Resources */ = {isa = PBXBuildFile; fileRef = C440E4C31C9816BC006FFA73 /* 2.jpg */; };
		C440E4F31C9816BC006FFA73 /* 20.jpg in Resources */ = {isa = PBXBuildFile; fileRef = C440E4C41C9816BC006FFA73 /* 20.jpg */; };
		C440E4F41C9816BC006FFA73 /* 21.jpg in Resources */ = {isa = PBXBuildFile; fileRef = C440E4C51C9816BC006FFA73 /* 21.jpg */; };
		C440E4F51C9816BC006FFA73 /* 22.jpg in Resources */ = {isa = PBXBuildFile; fileRef = C440E4C61C9816BC006FFA73 /* 22.jpg */; };
		C440E4F61C9816BC006FFA73 /* 23.jpg in Resources */ = {isa = PBXBuildFile; fileRef = C440E4C71C9816BC006FFA73 /* 23.jpg */; };
		C440E4F71C9816BC006FFA73 /* 3.jpg in Resources */ = {isa = PBXBuildFile; fileRef = C440E4C81C9816BC006FFA73 /* 3.jpg */; };
		C440E4F81C9816BC006FFA73 /* 4.jpg in Resources */ = {isa = PBXBuildFile; fileRef = C440E4C91C9816BC006FFA73 /* 4.jpg */; };
		C440E4F91C9816BC006FFA73 /* 5.jpg in Resources */ = {isa = PBXBuildFile; fileRef = C440E4CA1C9816BC006FFA73 /* 5.jpg */; };
		C440E4FA1C9816BC006FFA73 /* 6.jpg in Resources */ = {isa = PBXBuildFile; fileRef = C440E4CB1C9816BC006FFA73 /* 6.jpg */; };
		C440E4FB1C9816BC006FFA73 /* 7.jpg in Resources */ = {isa = PBXBuildFile; fileRef = C440E4CC1C9816BC006FFA73 /* 7.jpg */; };
		C440E4FC1C9816BC006FFA73 /* 8.jpg in Resources */ = {isa = PBXBuildFile; fileRef = C440E4CD1C9816BC006FFA73 /* 8.jpg */; };
		C440E4FD1C9816BC006FFA73 /* 9.jpg in Resources */ = {isa = PBXBuildFile; fileRef = C440E4CE1C9816BC006FFA73 /* 9.jpg */; };
		C440E4FE1C9816BC006FFA73 /* Home.xcassets in Resources */ = {isa = PBXBuildFile; fileRef = C440E4CF1C9816BC006FFA73 /* Home.xcassets */; };
		C440E4FF1C9816BC006FFA73 /* icon0.jpg in Resources */ = {isa = PBXBuildFile; fileRef = C440E4D01C9816BC006FFA73 /* icon0.jpg */; };
		C440E5001C9816BC006FFA73 /* icon1.jpg in Resources */ = {isa = PBXBuildFile; fileRef = C440E4D11C9816BC006FFA73 /* icon1.jpg */; };
		C440E5011C9816BC006FFA73 /* icon2.jpg in Resources */ = {isa = PBXBuildFile; fileRef = C440E4D21C9816BC006FFA73 /* icon2.jpg */; };
		C440E5021C9816BC006FFA73 /* icon3.jpg in Resources */ = {isa = PBXBuildFile; fileRef = C440E4D31C9816BC006FFA73 /* icon3.jpg */; };
		C440E5031C9816BC006FFA73 /* icon4.jpg in Resources */ = {isa = PBXBuildFile; fileRef = C440E4D41C9816BC006FFA73 /* icon4.jpg */; };
		C440E5041C9816BC006FFA73 /* pbg.jpg in Resources */ = {isa = PBXBuildFile; fileRef = C440E4D51C9816BC006FFA73 /* pbg.jpg */; };
		C440E5051C9816BC006FFA73 /* pic0.jpg in Resources */ = {isa = PBXBuildFile; fileRef = C440E4D61C9816BC006FFA73 /* pic0.jpg */; };
		C440E5061C9816BC006FFA73 /* pic1.jpg in Resources */ = {isa = PBXBuildFile; fileRef = C440E4D71C9816BC006FFA73 /* pic1.jpg */; };
		C440E5071C9816BC006FFA73 /* pic2.jpg in Resources */ = {isa = PBXBuildFile; fileRef = C440E4D81C9816BC006FFA73 /* pic2.jpg */; };
		C440E5081C9816BC006FFA73 /* pic3.jpg in Resources */ = {isa = PBXBuildFile; fileRef = C440E4D91C9816BC006FFA73 /* pic3.jpg */; };
		C440E5091C9816BC006FFA73 /* pic4.jpg in Resources */ = {isa = PBXBuildFile; fileRef = C440E4DA1C9816BC006FFA73 /* pic4.jpg */; };
		C440E50A1C9816BC006FFA73 /* pic5.jpg in Resources */ = {isa = PBXBuildFile; fileRef = C440E4DB1C9816BC006FFA73 /* pic5.jpg */; };
		C440E50B1C9816BC006FFA73 /* pic6.jpg in Resources */ = {isa = PBXBuildFile; fileRef = C440E4DC1C9816BC006FFA73 /* pic6.jpg */; };
		C440E50C1C9816BC006FFA73 /* pic7.jpg in Resources */ = {isa = PBXBuildFile; fileRef = C440E4DD1C9816BC006FFA73 /* pic7.jpg */; };
		C440E50D1C9816BC006FFA73 /* pic8.jpg in Resources */ = {isa = PBXBuildFile; fileRef = C440E4DE1C9816BC006FFA73 /* pic8.jpg */; };
		C440E50E1C9816BC006FFA73 /* picon.jpg in Resources */ = {isa = PBXBuildFile; fileRef = C440E4DF1C9816BC006FFA73 /* picon.jpg */; };
		C440E50F1C9816BC006FFA73 /* test0.jpg in Resources */ = {isa = PBXBuildFile; fileRef = C440E4E11C9816BC006FFA73 /* test0.jpg */; };
		C440E5101C9816BC006FFA73 /* test1.jpg in Resources */ = {isa = PBXBuildFile; fileRef = C440E4E21C9816BC006FFA73 /* test1.jpg */; };
		C440E5111C9816BC006FFA73 /* test2.jpg in Resources */ = {isa = PBXBuildFile; fileRef = C440E4E31C9816BC006FFA73 /* test2.jpg */; };
		C440E5121C9816BC006FFA73 /* test3.jpg in Resources */ = {isa = PBXBuildFile; fileRef = C440E4E41C9816BC006FFA73 /* test3.jpg */; };
		C440E5131C9816BC006FFA73 /* test4.jpg in Resources */ = {isa = PBXBuildFile; fileRef = C440E4E51C9816BC006FFA73 /* test4.jpg */; };
		C440E55A1C981F51006FFA73 /* DemoVC3.m in Sources */ = {isa = PBXBuildFile; fileRef = C440E5591C981F51006FFA73 /* DemoVC3.m */; };
		C440E55D1C9821B7006FFA73 /* DemoVC3Model.m in Sources */ = {isa = PBXBuildFile; fileRef = C440E55C1C9821B7006FFA73 /* DemoVC3Model.m */; };
		C440E5621C982D41006FFA73 /* DemoVC3Cell.m in Sources */ = {isa = PBXBuildFile; fileRef = C440E55F1C982534006FFA73 /* DemoVC3Cell.m */; };
		C440E56E1C98360D006FFA73 /* DemoVC2.m in Sources */ = {isa = PBXBuildFile; fileRef = C440E5651C98360D006FFA73 /* DemoVC2.m */; };
		C440E56F1C98360D006FFA73 /* DemoVC2Cell.m in Sources */ = {isa = PBXBuildFile; fileRef = C440E5671C98360D006FFA73 /* DemoVC2Cell.m */; };
		C440E5701C98360D006FFA73 /* DemoVC2HeadView.m in Sources */ = {isa = PBXBuildFile; fileRef = C440E5691C98360D006FFA73 /* DemoVC2HeadView.m */; };
		C440E5711C98360D006FFA73 /* DemoVC2Model.m in Sources */ = {isa = PBXBuildFile; fileRef = C440E56B1C98360D006FFA73 /* DemoVC2Model.m */; };
		C440E5721C98360D006FFA73 /* SDWeiXinPhotoContainerView.m in Sources */ = {isa = PBXBuildFile; fileRef = C440E56D1C98360D006FFA73 /* SDWeiXinPhotoContainerView.m */; };
/* End PBXBuildFile section */

/* Begin PBXContainerItemProxy section */
		C42453DF1C979D9400D01865 /* PBXContainerItemProxy */ = {
			isa = PBXContainerItemProxy;
			containerPortal = C42453BD1C979D9300D01865 /* Project object */;
			proxyType = 1;
			remoteGlobalIDString = C42453C41C979D9300D01865;
			remoteInfo = demoTest;
		};
		C42453EA1C979D9400D01865 /* PBXContainerItemProxy */ = {
			isa = PBXContainerItemProxy;
			containerPortal = C42453BD1C979D9300D01865 /* Project object */;
			proxyType = 1;
			remoteGlobalIDString = C42453C41C979D9300D01865;
			remoteInfo = demoTest;
		};
/* End PBXContainerItemProxy section */

/* Begin PBXFileReference section */
		0AF0E290E9EB879C51350A96 /* libPods.a */ = {isa = PBXFileReference; explicitFileType = archive.ar; includeInIndex = 0; path = libPods.a; sourceTree = BUILT_PRODUCTS_DIR; };
		347C53379EADA33A2FADDFD1 /* Pods.debug.xcconfig */ = {isa = PBXFileReference; includeInIndex = 1; lastKnownFileType = text.xcconfig; name = Pods.debug.xcconfig; path = "Pods/Target Support Files/Pods/Pods.debug.xcconfig"; sourceTree = "<group>"; };
		BF4750B1C478556C6EECE285 /* Pods.release.xcconfig */ = {isa = PBXFileReference; includeInIndex = 1; lastKnownFileType = text.xcconfig; name = Pods.release.xcconfig; path = "Pods/Target Support Files/Pods/Pods.release.xcconfig"; sourceTree = "<group>"; };
		C4225D7F1C98EA62006262C9 /* YRDemandShareCell.h */ = {isa = PBXFileReference; fileEncoding = 4; lastKnownFileType = sourcecode.c.h; path = YRDemandShareCell.h; sourceTree = "<group>"; };
		C4225D801C98EA62006262C9 /* YRDemandShareCell.m */ = {isa = PBXFileReference; fileEncoding = 4; lastKnownFileType = sourcecode.c.objc; path = YRDemandShareCell.m; sourceTree = "<group>"; };
		C4225D811C98EA62006262C9 /* YRDemandUserViewCell.h */ = {isa = PBXFileReference; fileEncoding = 4; lastKnownFileType = sourcecode.c.h; path = YRDemandUserViewCell.h; sourceTree = "<group>"; };
		C4225D821C98EA62006262C9 /* YRDemandUserViewCell.m */ = {isa = PBXFileReference; fileEncoding = 4; lastKnownFileType = sourcecode.c.objc; path = YRDemandUserViewCell.m; sourceTree = "<group>"; };
		C4225D851C98EA7A006262C9 /* BACustomButton.h */ = {isa = PBXFileReference; fileEncoding = 4; lastKnownFileType = sourcecode.c.h; path = BACustomButton.h; sourceTree = "<group>"; };
		C4225D861C98EA7A006262C9 /* BACustomButton.m */ = {isa = PBXFileReference; fileEncoding = 4; lastKnownFileType = sourcecode.c.objc; path = BACustomButton.m; sourceTree = "<group>"; };
		C4225D881C98EAF1006262C9 /* YRDemandShareModel.h */ = {isa = PBXFileReference; fileEncoding = 4; lastKnownFileType = sourcecode.c.h; path = YRDemandShareModel.h; sourceTree = "<group>"; };
		C4225D891C98EAF1006262C9 /* YRDemandShareModel.m */ = {isa = PBXFileReference; fileEncoding = 4; lastKnownFileType = sourcecode.c.objc; path = YRDemandShareModel.m; sourceTree = "<group>"; };
		C4225D8B1C98EB6D006262C9 /* YRDemandModel.h */ = {isa = PBXFileReference; fileEncoding = 4; lastKnownFileType = sourcecode.c.h; path = YRDemandModel.h; sourceTree = "<group>"; };
		C4225D8C1C98EB6D006262C9 /* YRDemandModel.m */ = {isa = PBXFileReference; fileEncoding = 4; lastKnownFileType = sourcecode.c.objc; path = YRDemandModel.m; sourceTree = "<group>"; };
		C4225D951C990ED2006262C9 /* UIView+Extension.h */ = {isa = PBXFileReference; fileEncoding = 4; lastKnownFileType = sourcecode.c.h; path = "UIView+Extension.h"; sourceTree = "<group>"; };
		C4225D961C990ED2006262C9 /* UIView+Extension.m */ = {isa = PBXFileReference; fileEncoding = 4; lastKnownFileType = sourcecode.c.objc; path = "UIView+Extension.m"; sourceTree = "<group>"; };
		C4225D991C990ED2006262C9 /* UITableView+SDAutoTableViewCellHeight.h */ = {isa = PBXFileReference; fileEncoding = 4; lastKnownFileType = sourcecode.c.h; path = "UITableView+SDAutoTableViewCellHeight.h"; sourceTree = "<group>"; };
		C4225D9A1C990ED2006262C9 /* UITableView+SDAutoTableViewCellHeight.m */ = {isa = PBXFileReference; fileEncoding = 4; lastKnownFileType = sourcecode.c.objc; path = "UITableView+SDAutoTableViewCellHeight.m"; sourceTree = "<group>"; };
		C4225D9B1C990ED2006262C9 /* UIView+SDAutoLayout.h */ = {isa = PBXFileReference; fileEncoding = 4; lastKnownFileType = sourcecode.c.h; path = "UIView+SDAutoLayout.h"; sourceTree = "<group>"; };
		C4225D9C1C990ED2006262C9 /* UIView+SDAutoLayout.m */ = {isa = PBXFileReference; fileEncoding = 4; lastKnownFileType = sourcecode.c.objc; path = "UIView+SDAutoLayout.m"; sourceTree = "<group>"; };
		C4225D9E1C990ED2006262C9 /* SDBrowserImageView.h */ = {isa = PBXFileReference; fileEncoding = 4; lastKnownFileType = sourcecode.c.h; path = SDBrowserImageView.h; sourceTree = "<group>"; };
		C4225D9F1C990ED2006262C9 /* SDBrowserImageView.m */ = {isa = PBXFileReference; fileEncoding = 4; lastKnownFileType = sourcecode.c.objc; path = SDBrowserImageView.m; sourceTree = "<group>"; };
		C4225DA01C990ED2006262C9 /* SDPhotoBrowser.h */ = {isa = PBXFileReference; fileEncoding = 4; lastKnownFileType = sourcecode.c.h; path = SDPhotoBrowser.h; sourceTree = "<group>"; };
		C4225DA11C990ED2006262C9 /* SDPhotoBrowser.m */ = {isa = PBXFileReference; fileEncoding = 4; lastKnownFileType = sourcecode.c.objc; path = SDPhotoBrowser.m; sourceTree = "<group>"; };
		C4225DA21C990ED2006262C9 /* SDPhotoBrowserConfig.h */ = {isa = PBXFileReference; fileEncoding = 4; lastKnownFileType = sourcecode.c.h; path = SDPhotoBrowserConfig.h; sourceTree = "<group>"; };
		C4225DA31C990ED2006262C9 /* SDWaitingView.h */ = {isa = PBXFileReference; fileEncoding = 4; lastKnownFileType = sourcecode.c.h; path = SDWaitingView.h; sourceTree = "<group>"; };
		C4225DA41C990ED2006262C9 /* SDWaitingView.m */ = {isa = PBXFileReference; fileEncoding = 4; lastKnownFileType = sourcecode.c.objc; path = SDWaitingView.m; sourceTree = "<group>"; };
		C4225DA61C990ED2006262C9 /* MKAnnotationView+WebCache.h */ = {isa = PBXFileReference; fileEncoding = 4; lastKnownFileType = sourcecode.c.h; path = "MKAnnotationView+WebCache.h"; sourceTree = "<group>"; };
		C4225DA71C990ED2006262C9 /* MKAnnotationView+WebCache.m */ = {isa = PBXFileReference; fileEncoding = 4; lastKnownFileType = sourcecode.c.objc; path = "MKAnnotationView+WebCache.m"; sourceTree = "<group>"; };
		C4225DA81C990ED2006262C9 /* NSData+ImageContentType.h */ = {isa = PBXFileReference; fileEncoding = 4; lastKnownFileType = sourcecode.c.h; path = "NSData+ImageContentType.h"; sourceTree = "<group>"; };
		C4225DA91C990ED2006262C9 /* NSData+ImageContentType.m */ = {isa = PBXFileReference; fileEncoding = 4; lastKnownFileType = sourcecode.c.objc; path = "NSData+ImageContentType.m"; sourceTree = "<group>"; };
		C4225DAA1C990ED2006262C9 /* SDImageCache.h */ = {isa = PBXFileReference; fileEncoding = 4; lastKnownFileType = sourcecode.c.h; path = SDImageCache.h; sourceTree = "<group>"; };
		C4225DAB1C990ED2006262C9 /* SDImageCache.m */ = {isa = PBXFileReference; fileEncoding = 4; lastKnownFileType = sourcecode.c.objc; path = SDImageCache.m; sourceTree = "<group>"; };
		C4225DAC1C990ED2006262C9 /* SDWebImageCompat.h */ = {isa = PBXFileReference; fileEncoding = 4; lastKnownFileType = sourcecode.c.h; path = SDWebImageCompat.h; sourceTree = "<group>"; };
		C4225DAD1C990ED2006262C9 /* SDWebImageCompat.m */ = {isa = PBXFileReference; fileEncoding = 4; lastKnownFileType = sourcecode.c.objc; path = SDWebImageCompat.m; sourceTree = "<group>"; };
		C4225DAE1C990ED2006262C9 /* SDWebImageDecoder.h */ = {isa = PBXFileReference; fileEncoding = 4; lastKnownFileType = sourcecode.c.h; path = SDWebImageDecoder.h; sourceTree = "<group>"; };
		C4225DAF1C990ED2006262C9 /* SDWebImageDecoder.m */ = {isa = PBXFileReference; fileEncoding = 4; lastKnownFileType = sourcecode.c.objc; path = SDWebImageDecoder.m; sourceTree = "<group>"; };
		C4225DB01C990ED2006262C9 /* SDWebImageDownloader.h */ = {isa = PBXFileReference; fileEncoding = 4; lastKnownFileType = sourcecode.c.h; path = SDWebImageDownloader.h; sourceTree = "<group>"; };
		C4225DB11C990ED2006262C9 /* SDWebImageDownloader.m */ = {isa = PBXFileReference; fileEncoding = 4; lastKnownFileType = sourcecode.c.objc; path = SDWebImageDownloader.m; sourceTree = "<group>"; };
		C4225DB21C990ED2006262C9 /* SDWebImageDownloaderOperation.h */ = {isa = PBXFileReference; fileEncoding = 4; lastKnownFileType = sourcecode.c.h; path = SDWebImageDownloaderOperation.h; sourceTree = "<group>"; };
		C4225DB31C990ED2006262C9 /* SDWebImageDownloaderOperation.m */ = {isa = PBXFileReference; fileEncoding = 4; lastKnownFileType = sourcecode.c.objc; path = SDWebImageDownloaderOperation.m; sourceTree = "<group>"; };
		C4225DB41C990ED2006262C9 /* SDWebImageManager.h */ = {isa = PBXFileReference; fileEncoding = 4; lastKnownFileType = sourcecode.c.h; path = SDWebImageManager.h; sourceTree = "<group>"; };
		C4225DB51C990ED2006262C9 /* SDWebImageManager.m */ = {isa = PBXFileReference; fileEncoding = 4; lastKnownFileType = sourcecode.c.objc; path = SDWebImageManager.m; sourceTree = "<group>"; };
		C4225DB61C990ED2006262C9 /* SDWebImageOperation.h */ = {isa = PBXFileReference; fileEncoding = 4; lastKnownFileType = sourcecode.c.h; path = SDWebImageOperation.h; sourceTree = "<group>"; };
		C4225DB71C990ED2006262C9 /* SDWebImagePrefetcher.h */ = {isa = PBXFileReference; fileEncoding = 4; lastKnownFileType = sourcecode.c.h; path = SDWebImagePrefetcher.h; sourceTree = "<group>"; };
		C4225DB81C990ED2006262C9 /* SDWebImagePrefetcher.m */ = {isa = PBXFileReference; fileEncoding = 4; lastKnownFileType = sourcecode.c.objc; path = SDWebImagePrefetcher.m; sourceTree = "<group>"; };
		C4225DB91C990ED2006262C9 /* UIButton+WebCache.h */ = {isa = PBXFileReference; fileEncoding = 4; lastKnownFileType = sourcecode.c.h; path = "UIButton+WebCache.h"; sourceTree = "<group>"; };
		C4225DBA1C990ED2006262C9 /* UIButton+WebCache.m */ = {isa = PBXFileReference; fileEncoding = 4; lastKnownFileType = sourcecode.c.objc; path = "UIButton+WebCache.m"; sourceTree = "<group>"; };
		C4225DBB1C990ED2006262C9 /* UIImage+GIF.h */ = {isa = PBXFileReference; fileEncoding = 4; lastKnownFileType = sourcecode.c.h; path = "UIImage+GIF.h"; sourceTree = "<group>"; };
		C4225DBC1C990ED2006262C9 /* UIImage+GIF.m */ = {isa = PBXFileReference; fileEncoding = 4; lastKnownFileType = sourcecode.c.objc; path = "UIImage+GIF.m"; sourceTree = "<group>"; };
		C4225DBD1C990ED2006262C9 /* UIImage+MultiFormat.h */ = {isa = PBXFileReference; fileEncoding = 4; lastKnownFileType = sourcecode.c.h; path = "UIImage+MultiFormat.h"; sourceTree = "<group>"; };
		C4225DBE1C990ED2006262C9 /* UIImage+MultiFormat.m */ = {isa = PBXFileReference; fileEncoding = 4; lastKnownFileType = sourcecode.c.objc; path = "UIImage+MultiFormat.m"; sourceTree = "<group>"; };
		C4225DBF1C990ED2006262C9 /* UIImage+WebP.h */ = {isa = PBXFileReference; fileEncoding = 4; lastKnownFileType = sourcecode.c.h; path = "UIImage+WebP.h"; sourceTree = "<group>"; };
		C4225DC01C990ED2006262C9 /* UIImage+WebP.m */ = {isa = PBXFileReference; fileEncoding = 4; lastKnownFileType = sourcecode.c.objc; path = "UIImage+WebP.m"; sourceTree = "<group>"; };
		C4225DC11C990ED2006262C9 /* UIImageView+HighlightedWebCache.h */ = {isa = PBXFileReference; fileEncoding = 4; lastKnownFileType = sourcecode.c.h; path = "UIImageView+HighlightedWebCache.h"; sourceTree = "<group>"; };
		C4225DC21C990ED2006262C9 /* UIImageView+HighlightedWebCache.m */ = {isa = PBXFileReference; fileEncoding = 4; lastKnownFileType = sourcecode.c.objc; path = "UIImageView+HighlightedWebCache.m"; sourceTree = "<group>"; };
		C4225DC31C990ED2006262C9 /* UIImageView+WebCache.h */ = {isa = PBXFileReference; fileEncoding = 4; lastKnownFileType = sourcecode.c.h; path = "UIImageView+WebCache.h"; sourceTree = "<group>"; };
		C4225DC41C990ED2006262C9 /* UIImageView+WebCache.m */ = {isa = PBXFileReference; fileEncoding = 4; lastKnownFileType = sourcecode.c.objc; path = "UIImageView+WebCache.m"; sourceTree = "<group>"; };
		C4225DC51C990ED2006262C9 /* UIView+WebCacheOperation.h */ = {isa = PBXFileReference; fileEncoding = 4; lastKnownFileType = sourcecode.c.h; path = "UIView+WebCacheOperation.h"; sourceTree = "<group>"; };
		C4225DC61C990ED2006262C9 /* UIView+WebCacheOperation.m */ = {isa = PBXFileReference; fileEncoding = 4; lastKnownFileType = sourcecode.c.objc; path = "UIView+WebCacheOperation.m"; sourceTree = "<group>"; };
		C4225DDE1C990F93006262C9 /* BADemo.pch */ = {isa = PBXFileReference; fileEncoding = 4; lastKnownFileType = sourcecode.c.h; path = BADemo.pch; sourceTree = "<group>"; };
		C4225DE21C99254A006262C9 /* DemoVC4.h */ = {isa = PBXFileReference; fileEncoding = 4; lastKnownFileType = sourcecode.c.h; path = DemoVC4.h; sourceTree = "<group>"; };
		C4225DE31C99254A006262C9 /* DemoVC4.m */ = {isa = PBXFileReference; fileEncoding = 4; lastKnownFileType = sourcecode.c.objc; path = DemoVC4.m; sourceTree = "<group>"; };
		C42453C51C979D9300D01865 /* demoTest.app */ = {isa = PBXFileReference; explicitFileType = wrapper.application; includeInIndex = 0; path = demoTest.app; sourceTree = BUILT_PRODUCTS_DIR; };
		C42453C91C979D9300D01865 /* main.m */ = {isa = PBXFileReference; lastKnownFileType = sourcecode.c.objc; path = main.m; sourceTree = "<group>"; };
		C42453CB1C979D9300D01865 /* AppDelegate.h */ = {isa = PBXFileReference; lastKnownFileType = sourcecode.c.h; path = AppDelegate.h; sourceTree = "<group>"; };
		C42453CC1C979D9300D01865 /* AppDelegate.m */ = {isa = PBXFileReference; lastKnownFileType = sourcecode.c.objc; path = AppDelegate.m; sourceTree = "<group>"; };
		C42453CE1C979D9300D01865 /* ViewController.h */ = {isa = PBXFileReference; lastKnownFileType = sourcecode.c.h; path = ViewController.h; sourceTree = "<group>"; };
		C42453CF1C979D9300D01865 /* ViewController.m */ = {isa = PBXFileReference; lastKnownFileType = sourcecode.c.objc; path = ViewController.m; sourceTree = "<group>"; };
		C42453D21C979D9300D01865 /* Base */ = {isa = PBXFileReference; lastKnownFileType = file.storyboard; name = Base; path = Base.lproj/Main.storyboard; sourceTree = "<group>"; };
		C42453D41C979D9300D01865 /* Assets.xcassets */ = {isa = PBXFileReference; lastKnownFileType = folder.assetcatalog; name = Assets.xcassets; path = ../Assets.xcassets; sourceTree = "<group>"; };
		C42453D71C979D9300D01865 /* Base */ = {isa = PBXFileReference; lastKnownFileType = file.storyboard; name = Base; path = Base.lproj/LaunchScreen.storyboard; sourceTree = "<group>"; };
		C42453D91C979D9300D01865 /* Info.plist */ = {isa = PBXFileReference; lastKnownFileType = text.plist.xml; name = Info.plist; path = ../Info.plist; sourceTree = "<group>"; };
		C42453DE1C979D9400D01865 /* demoTestTests.xctest */ = {isa = PBXFileReference; explicitFileType = wrapper.cfbundle; includeInIndex = 0; path = demoTestTests.xctest; sourceTree = BUILT_PRODUCTS_DIR; };
		C42453E21C979D9400D01865 /* demoTestTests.m */ = {isa = PBXFileReference; lastKnownFileType = sourcecode.c.objc; path = demoTestTests.m; sourceTree = "<group>"; };
		C42453E41C979D9400D01865 /* Info.plist */ = {isa = PBXFileReference; lastKnownFileType = text.plist.xml; path = Info.plist; sourceTree = "<group>"; };
		C42453E91C979D9400D01865 /* demoTestUITests.xctest */ = {isa = PBXFileReference; explicitFileType = wrapper.cfbundle; includeInIndex = 0; path = demoTestUITests.xctest; sourceTree = BUILT_PRODUCTS_DIR; };
		C42453ED1C979D9400D01865 /* demoTestUITests.m */ = {isa = PBXFileReference; lastKnownFileType = sourcecode.c.objc; path = demoTestUITests.m; sourceTree = "<group>"; };
		C42453EF1C979D9400D01865 /* Info.plist */ = {isa = PBXFileReference; lastKnownFileType = text.plist.xml; path = Info.plist; sourceTree = "<group>"; };
		C42454071C97A32500D01865 /* DemoVC1.h */ = {isa = PBXFileReference; fileEncoding = 4; lastKnownFileType = sourcecode.c.h; path = DemoVC1.h; sourceTree = "<group>"; };
		C42454081C97A32500D01865 /* DemoVC1.m */ = {isa = PBXFileReference; fileEncoding = 4; lastKnownFileType = sourcecode.c.objc; path = DemoVC1.m; sourceTree = "<group>"; };
		C42454091C97A32500D01865 /* YRHomeIncomeView.h */ = {isa = PBXFileReference; fileEncoding = 4; lastKnownFileType = sourcecode.c.h; path = YRHomeIncomeView.h; sourceTree = "<group>"; };
		C424540A1C97A32500D01865 /* YRHomeIncomeView.m */ = {isa = PBXFileReference; fileEncoding = 4; lastKnownFileType = sourcecode.c.objc; path = YRHomeIncomeView.m; sourceTree = "<group>"; };
		C424540D1C97B42D00D01865 /* YRHomeIncomeBlockView.h */ = {isa = PBXFileReference; fileEncoding = 4; lastKnownFileType = sourcecode.c.h; path = YRHomeIncomeBlockView.h; sourceTree = "<group>"; };
		C424540E1C97B42D00D01865 /* YRHomeIncomeBlockView.m */ = {isa = PBXFileReference; fileEncoding = 4; lastKnownFileType = sourcecode.c.objc; path = YRHomeIncomeBlockView.m; sourceTree = "<group>"; };
		C42454101C97B74100D01865 /* BAHomeIncomeCell.h */ = {isa = PBXFileReference; fileEncoding = 4; lastKnownFileType = sourcecode.c.h; path = BAHomeIncomeCell.h; sourceTree = "<group>"; };
		C42454111C97B74100D01865 /* BAHomeIncomeCell.m */ = {isa = PBXFileReference; fileEncoding = 4; lastKnownFileType = sourcecode.c.objc; path = BAHomeIncomeCell.m; sourceTree = "<group>"; };
		C42454121C97B74100D01865 /* BAHomeIncomeCell.xib */ = {isa = PBXFileReference; fileEncoding = 4; lastKnownFileType = file.xib; path = BAHomeIncomeCell.xib; sourceTree = "<group>"; };
		C42454151C97BAD600D01865 /* BAHomeIncomeModel.h */ = {isa = PBXFileReference; fileEncoding = 4; lastKnownFileType = sourcecode.c.h; path = BAHomeIncomeModel.h; sourceTree = "<group>"; };
		C42454161C97BAD600D01865 /* BAHomeIncomeModel.m */ = {isa = PBXFileReference; fileEncoding = 4; lastKnownFileType = sourcecode.c.objc; path = BAHomeIncomeModel.m; sourceTree = "<group>"; };
		C440E4B71C9816BC006FFA73 /* 0.jpg */ = {isa = PBXFileReference; lastKnownFileType = image.jpeg; path = 0.jpg; sourceTree = "<group>"; };
		C440E4B81C9816BC006FFA73 /* 1.jpg */ = {isa = PBXFileReference; lastKnownFileType = image.jpeg; path = 1.jpg; sourceTree = "<group>"; };
		C440E4B91C9816BC006FFA73 /* 10.jpg */ = {isa = PBXFileReference; lastKnownFileType = image.jpeg; path = 10.jpg; sourceTree = "<group>"; };
		C440E4BA1C9816BC006FFA73 /* 11.jpg */ = {isa = PBXFileReference; lastKnownFileType = image.jpeg; path = 11.jpg; sourceTree = "<group>"; };
		C440E4BB1C9816BC006FFA73 /* 12.jpg */ = {isa = PBXFileReference; lastKnownFileType = image.jpeg; path = 12.jpg; sourceTree = "<group>"; };
		C440E4BC1C9816BC006FFA73 /* 13.jpg */ = {isa = PBXFileReference; lastKnownFileType = image.jpeg; path = 13.jpg; sourceTree = "<group>"; };
		C440E4BD1C9816BC006FFA73 /* 14.jpg */ = {isa = PBXFileReference; lastKnownFileType = image.jpeg; path = 14.jpg; sourceTree = "<group>"; };
		C440E4BE1C9816BC006FFA73 /* 15.jpg */ = {isa = PBXFileReference; lastKnownFileType = image.jpeg; path = 15.jpg; sourceTree = "<group>"; };
		C440E4BF1C9816BC006FFA73 /* 16.jpg */ = {isa = PBXFileReference; lastKnownFileType = image.jpeg; path = 16.jpg; sourceTree = "<group>"; };
		C440E4C01C9816BC006FFA73 /* 17.jpg */ = {isa = PBXFileReference; lastKnownFileType = image.jpeg; path = 17.jpg; sourceTree = "<group>"; };
		C440E4C11C9816BC006FFA73 /* 18.jpg */ = {isa = PBXFileReference; lastKnownFileType = image.jpeg; path = 18.jpg; sourceTree = "<group>"; };
		C440E4C21C9816BC006FFA73 /* 19.jpg */ = {isa = PBXFileReference; lastKnownFileType = image.jpeg; path = 19.jpg; sourceTree = "<group>"; };
		C440E4C31C9816BC006FFA73 /* 2.jpg */ = {isa = PBXFileReference; lastKnownFileType = image.jpeg; path = 2.jpg; sourceTree = "<group>"; };
		C440E4C41C9816BC006FFA73 /* 20.jpg */ = {isa = PBXFileReference; lastKnownFileType = image.jpeg; path = 20.jpg; sourceTree = "<group>"; };
		C440E4C51C9816BC006FFA73 /* 21.jpg */ = {isa = PBXFileReference; lastKnownFileType = image.jpeg; path = 21.jpg; sourceTree = "<group>"; };
		C440E4C61C9816BC006FFA73 /* 22.jpg */ = {isa = PBXFileReference; lastKnownFileType = image.jpeg; path = 22.jpg; sourceTree = "<group>"; };
		C440E4C71C9816BC006FFA73 /* 23.jpg */ = {isa = PBXFileReference; lastKnownFileType = image.jpeg; path = 23.jpg; sourceTree = "<group>"; };
		C440E4C81C9816BC006FFA73 /* 3.jpg */ = {isa = PBXFileReference; lastKnownFileType = image.jpeg; path = 3.jpg; sourceTree = "<group>"; };
		C440E4C91C9816BC006FFA73 /* 4.jpg */ = {isa = PBXFileReference; lastKnownFileType = image.jpeg; path = 4.jpg; sourceTree = "<group>"; };
		C440E4CA1C9816BC006FFA73 /* 5.jpg */ = {isa = PBXFileReference; lastKnownFileType = image.jpeg; path = 5.jpg; sourceTree = "<group>"; };
		C440E4CB1C9816BC006FFA73 /* 6.jpg */ = {isa = PBXFileReference; lastKnownFileType = image.jpeg; path = 6.jpg; sourceTree = "<group>"; };
		C440E4CC1C9816BC006FFA73 /* 7.jpg */ = {isa = PBXFileReference; lastKnownFileType = image.jpeg; path = 7.jpg; sourceTree = "<group>"; };
		C440E4CD1C9816BC006FFA73 /* 8.jpg */ = {isa = PBXFileReference; lastKnownFileType = image.jpeg; path = 8.jpg; sourceTree = "<group>"; };
		C440E4CE1C9816BC006FFA73 /* 9.jpg */ = {isa = PBXFileReference; lastKnownFileType = image.jpeg; path = 9.jpg; sourceTree = "<group>"; };
		C440E4CF1C9816BC006FFA73 /* Home.xcassets */ = {isa = PBXFileReference; lastKnownFileType = folder.assetcatalog; path = Home.xcassets; sourceTree = "<group>"; };
		C440E4D01C9816BC006FFA73 /* icon0.jpg */ = {isa = PBXFileReference; lastKnownFileType = image.jpeg; path = icon0.jpg; sourceTree = "<group>"; };
		C440E4D11C9816BC006FFA73 /* icon1.jpg */ = {isa = PBXFileReference; lastKnownFileType = image.jpeg; path = icon1.jpg; sourceTree = "<group>"; };
		C440E4D21C9816BC006FFA73 /* icon2.jpg */ = {isa = PBXFileReference; lastKnownFileType = image.jpeg; path = icon2.jpg; sourceTree = "<group>"; };
		C440E4D31C9816BC006FFA73 /* icon3.jpg */ = {isa = PBXFileReference; lastKnownFileType = image.jpeg; path = icon3.jpg; sourceTree = "<group>"; };
		C440E4D41C9816BC006FFA73 /* icon4.jpg */ = {isa = PBXFileReference; lastKnownFileType = image.jpeg; path = icon4.jpg; sourceTree = "<group>"; };
		C440E4D51C9816BC006FFA73 /* pbg.jpg */ = {isa = PBXFileReference; lastKnownFileType = image.jpeg; path = pbg.jpg; sourceTree = "<group>"; };
		C440E4D61C9816BC006FFA73 /* pic0.jpg */ = {isa = PBXFileReference; lastKnownFileType = image.jpeg; path = pic0.jpg; sourceTree = "<group>"; };
		C440E4D71C9816BC006FFA73 /* pic1.jpg */ = {isa = PBXFileReference; lastKnownFileType = image.jpeg; path = pic1.jpg; sourceTree = "<group>"; };
		C440E4D81C9816BC006FFA73 /* pic2.jpg */ = {isa = PBXFileReference; lastKnownFileType = image.jpeg; path = pic2.jpg; sourceTree = "<group>"; };
		C440E4D91C9816BC006FFA73 /* pic3.jpg */ = {isa = PBXFileReference; lastKnownFileType = image.jpeg; path = pic3.jpg; sourceTree = "<group>"; };
		C440E4DA1C9816BC006FFA73 /* pic4.jpg */ = {isa = PBXFileReference; lastKnownFileType = image.jpeg; path = pic4.jpg; sourceTree = "<group>"; };
		C440E4DB1C9816BC006FFA73 /* pic5.jpg */ = {isa = PBXFileReference; lastKnownFileType = image.jpeg; path = pic5.jpg; sourceTree = "<group>"; };
		C440E4DC1C9816BC006FFA73 /* pic6.jpg */ = {isa = PBXFileReference; lastKnownFileType = image.jpeg; path = pic6.jpg; sourceTree = "<group>"; };
		C440E4DD1C9816BC006FFA73 /* pic7.jpg */ = {isa = PBXFileReference; lastKnownFileType = image.jpeg; path = pic7.jpg; sourceTree = "<group>"; };
		C440E4DE1C9816BC006FFA73 /* pic8.jpg */ = {isa = PBXFileReference; lastKnownFileType = image.jpeg; path = pic8.jpg; sourceTree = "<group>"; };
		C440E4DF1C9816BC006FFA73 /* picon.jpg */ = {isa = PBXFileReference; lastKnownFileType = image.jpeg; path = picon.jpg; sourceTree = "<group>"; };
		C440E4E11C9816BC006FFA73 /* test0.jpg */ = {isa = PBXFileReference; lastKnownFileType = image.jpeg; path = test0.jpg; sourceTree = "<group>"; };
		C440E4E21C9816BC006FFA73 /* test1.jpg */ = {isa = PBXFileReference; lastKnownFileType = image.jpeg; path = test1.jpg; sourceTree = "<group>"; };
		C440E4E31C9816BC006FFA73 /* test2.jpg */ = {isa = PBXFileReference; lastKnownFileType = image.jpeg; path = test2.jpg; sourceTree = "<group>"; };
		C440E4E41C9816BC006FFA73 /* test3.jpg */ = {isa = PBXFileReference; lastKnownFileType = image.jpeg; path = test3.jpg; sourceTree = "<group>"; };
		C440E4E51C9816BC006FFA73 /* test4.jpg */ = {isa = PBXFileReference; lastKnownFileType = image.jpeg; path = test4.jpg; sourceTree = "<group>"; };
		C440E5581C981F51006FFA73 /* DemoVC3.h */ = {isa = PBXFileReference; fileEncoding = 4; lastKnownFileType = sourcecode.c.h; path = DemoVC3.h; sourceTree = "<group>"; };
		C440E5591C981F51006FFA73 /* DemoVC3.m */ = {isa = PBXFileReference; fileEncoding = 4; lastKnownFileType = sourcecode.c.objc; path = DemoVC3.m; sourceTree = "<group>"; };
		C440E55B1C9821B7006FFA73 /* DemoVC3Model.h */ = {isa = PBXFileReference; fileEncoding = 4; lastKnownFileType = sourcecode.c.h; path = DemoVC3Model.h; sourceTree = "<group>"; };
		C440E55C1C9821B7006FFA73 /* DemoVC3Model.m */ = {isa = PBXFileReference; fileEncoding = 4; lastKnownFileType = sourcecode.c.objc; path = DemoVC3Model.m; sourceTree = "<group>"; };
		C440E55E1C982534006FFA73 /* DemoVC3Cell.h */ = {isa = PBXFileReference; fileEncoding = 4; lastKnownFileType = sourcecode.c.h; path = DemoVC3Cell.h; sourceTree = "<group>"; };
		C440E55F1C982534006FFA73 /* DemoVC3Cell.m */ = {isa = PBXFileReference; fileEncoding = 4; lastKnownFileType = sourcecode.c.objc; path = DemoVC3Cell.m; sourceTree = "<group>"; };
		C440E5641C98360D006FFA73 /* DemoVC2.h */ = {isa = PBXFileReference; fileEncoding = 4; lastKnownFileType = sourcecode.c.h; path = DemoVC2.h; sourceTree = "<group>"; };
		C440E5651C98360D006FFA73 /* DemoVC2.m */ = {isa = PBXFileReference; fileEncoding = 4; lastKnownFileType = sourcecode.c.objc; path = DemoVC2.m; sourceTree = "<group>"; };
		C440E5661C98360D006FFA73 /* DemoVC2Cell.h */ = {isa = PBXFileReference; fileEncoding = 4; lastKnownFileType = sourcecode.c.h; path = DemoVC2Cell.h; sourceTree = "<group>"; };
		C440E5671C98360D006FFA73 /* DemoVC2Cell.m */ = {isa = PBXFileReference; fileEncoding = 4; lastKnownFileType = sourcecode.c.objc; path = DemoVC2Cell.m; sourceTree = "<group>"; };
		C440E5681C98360D006FFA73 /* DemoVC2HeadView.h */ = {isa = PBXFileReference; fileEncoding = 4; lastKnownFileType = sourcecode.c.h; path = DemoVC2HeadView.h; sourceTree = "<group>"; };
		C440E5691C98360D006FFA73 /* DemoVC2HeadView.m */ = {isa = PBXFileReference; fileEncoding = 4; lastKnownFileType = sourcecode.c.objc; path = DemoVC2HeadView.m; sourceTree = "<group>"; };
		C440E56A1C98360D006FFA73 /* DemoVC2Model.h */ = {isa = PBXFileReference; fileEncoding = 4; lastKnownFileType = sourcecode.c.h; path = DemoVC2Model.h; sourceTree = "<group>"; };
		C440E56B1C98360D006FFA73 /* DemoVC2Model.m */ = {isa = PBXFileReference; fileEncoding = 4; lastKnownFileType = sourcecode.c.objc; path = DemoVC2Model.m; sourceTree = "<group>"; };
		C440E56C1C98360D006FFA73 /* SDWeiXinPhotoContainerView.h */ = {isa = PBXFileReference; fileEncoding = 4; lastKnownFileType = sourcecode.c.h; path = SDWeiXinPhotoContainerView.h; sourceTree = "<group>"; };
		C440E56D1C98360D006FFA73 /* SDWeiXinPhotoContainerView.m */ = {isa = PBXFileReference; fileEncoding = 4; lastKnownFileType = sourcecode.c.objc; path = SDWeiXinPhotoContainerView.m; sourceTree = "<group>"; };
/* End PBXFileReference section */

/* Begin PBXFrameworksBuildPhase section */
		C42453C21C979D9300D01865 /* Frameworks */ = {
			isa = PBXFrameworksBuildPhase;
			buildActionMask = 2147483647;
			files = (
				7DC7FF5F2245471E9FE7A569 /* libPods.a in Frameworks */,
			);
			runOnlyForDeploymentPostprocessing = 0;
		};
		C42453DB1C979D9400D01865 /* Frameworks */ = {
			isa = PBXFrameworksBuildPhase;
			buildActionMask = 2147483647;
			files = (
			);
			runOnlyForDeploymentPostprocessing = 0;
		};
		C42453E61C979D9400D01865 /* Frameworks */ = {
			isa = PBXFrameworksBuildPhase;
			buildActionMask = 2147483647;
			files = (
			);
			runOnlyForDeploymentPostprocessing = 0;
		};
/* End PBXFrameworksBuildPhase section */

/* Begin PBXGroup section */
		428590E6E8672D9E5CD0AE08 /* Pods */ = {
			isa = PBXGroup;
			children = (
				347C53379EADA33A2FADDFD1 /* Pods.debug.xcconfig */,
				BF4750B1C478556C6EECE285 /* Pods.release.xcconfig */,
			);
			name = Pods;
			sourceTree = "<group>";
		};
		B90E01DF1083854A47E0E70F /* Frameworks */ = {
			isa = PBXGroup;
			children = (
				0AF0E290E9EB879C51350A96 /* libPods.a */,
			);
			name = Frameworks;
			sourceTree = "<group>";
		};
		C4225D941C990ED2006262C9 /* Category */ = {
			isa = PBXGroup;
			children = (
				C4225D951C990ED2006262C9 /* UIView+Extension.h */,
				C4225D961C990ED2006262C9 /* UIView+Extension.m */,
			);
			path = Category;
			sourceTree = "<group>";
		};
		C4225D971C990ED2006262C9 /* Lib */ = {
			isa = PBXGroup;
			children = (
				C4225D981C990ED2006262C9 /* SDAutoLayout */,
				C4225D9D1C990ED2006262C9 /* SDPhotoBrowser */,
				C4225DA51C990ED2006262C9 /* SDWebImage */,
			);
			path = Lib;
			sourceTree = "<group>";
		};
		C4225D981C990ED2006262C9 /* SDAutoLayout */ = {
			isa = PBXGroup;
			children = (
				C4225D991C990ED2006262C9 /* UITableView+SDAutoTableViewCellHeight.h */,
				C4225D9A1C990ED2006262C9 /* UITableView+SDAutoTableViewCellHeight.m */,
				C4225D9B1C990ED2006262C9 /* UIView+SDAutoLayout.h */,
				C4225D9C1C990ED2006262C9 /* UIView+SDAutoLayout.m */,
			);
			path = SDAutoLayout;
			sourceTree = "<group>";
		};
		C4225D9D1C990ED2006262C9 /* SDPhotoBrowser */ = {
			isa = PBXGroup;
			children = (
				C4225D9E1C990ED2006262C9 /* SDBrowserImageView.h */,
				C4225D9F1C990ED2006262C9 /* SDBrowserImageView.m */,
				C4225DA01C990ED2006262C9 /* SDPhotoBrowser.h */,
				C4225DA11C990ED2006262C9 /* SDPhotoBrowser.m */,
				C4225DA21C990ED2006262C9 /* SDPhotoBrowserConfig.h */,
				C4225DA31C990ED2006262C9 /* SDWaitingView.h */,
				C4225DA41C990ED2006262C9 /* SDWaitingView.m */,
			);
			path = SDPhotoBrowser;
			sourceTree = "<group>";
		};
		C4225DA51C990ED2006262C9 /* SDWebImage */ = {
			isa = PBXGroup;
			children = (
				C4225DA61C990ED2006262C9 /* MKAnnotationView+WebCache.h */,
				C4225DA71C990ED2006262C9 /* MKAnnotationView+WebCache.m */,
				C4225DA81C990ED2006262C9 /* NSData+ImageContentType.h */,
				C4225DA91C990ED2006262C9 /* NSData+ImageContentType.m */,
				C4225DAA1C990ED2006262C9 /* SDImageCache.h */,
				C4225DAB1C990ED2006262C9 /* SDImageCache.m */,
				C4225DAC1C990ED2006262C9 /* SDWebImageCompat.h */,
				C4225DAD1C990ED2006262C9 /* SDWebImageCompat.m */,
				C4225DAE1C990ED2006262C9 /* SDWebImageDecoder.h */,
				C4225DAF1C990ED2006262C9 /* SDWebImageDecoder.m */,
				C4225DB01C990ED2006262C9 /* SDWebImageDownloader.h */,
				C4225DB11C990ED2006262C9 /* SDWebImageDownloader.m */,
				C4225DB21C990ED2006262C9 /* SDWebImageDownloaderOperation.h */,
				C4225DB31C990ED2006262C9 /* SDWebImageDownloaderOperation.m */,
				C4225DB41C990ED2006262C9 /* SDWebImageManager.h */,
				C4225DB51C990ED2006262C9 /* SDWebImageManager.m */,
				C4225DB61C990ED2006262C9 /* SDWebImageOperation.h */,
				C4225DB71C990ED2006262C9 /* SDWebImagePrefetcher.h */,
				C4225DB81C990ED2006262C9 /* SDWebImagePrefetcher.m */,
				C4225DB91C990ED2006262C9 /* UIButton+WebCache.h */,
				C4225DBA1C990ED2006262C9 /* UIButton+WebCache.m */,
				C4225DBB1C990ED2006262C9 /* UIImage+GIF.h */,
				C4225DBC1C990ED2006262C9 /* UIImage+GIF.m */,
				C4225DBD1C990ED2006262C9 /* UIImage+MultiFormat.h */,
				C4225DBE1C990ED2006262C9 /* UIImage+MultiFormat.m */,
				C4225DBF1C990ED2006262C9 /* UIImage+WebP.h */,
				C4225DC01C990ED2006262C9 /* UIImage+WebP.m */,
				C4225DC11C990ED2006262C9 /* UIImageView+HighlightedWebCache.h */,
				C4225DC21C990ED2006262C9 /* UIImageView+HighlightedWebCache.m */,
				C4225DC31C990ED2006262C9 /* UIImageView+WebCache.h */,
				C4225DC41C990ED2006262C9 /* UIImageView+WebCache.m */,
				C4225DC51C990ED2006262C9 /* UIView+WebCacheOperation.h */,
				C4225DC61C990ED2006262C9 /* UIView+WebCacheOperation.m */,
			);
			path = SDWebImage;
			sourceTree = "<group>";
		};
		C4225DDD1C990F30006262C9 /* Other */ = {
			isa = PBXGroup;
			children = (
				C42453D11C979D9300D01865 /* Main.storyboard */,
				C42453D41C979D9300D01865 /* Assets.xcassets */,
				C42453D61C979D9300D01865 /* LaunchScreen.storyboard */,
				C42453D91C979D9300D01865 /* Info.plist */,
			);
			path = Other;
			sourceTree = "<group>";
		};
		C4225DDF1C99250C006262C9 /* DemoVC5 */ = {
			isa = PBXGroup;
			children = (
			);
			path = DemoVC5;
			sourceTree = "<group>";
		};
		C4225DE01C99250C006262C9 /* DemoVC6 */ = {
			isa = PBXGroup;
			children = (
			);
			path = DemoVC6;
			sourceTree = "<group>";
		};
		C4225DE11C99250C006262C9 /* DemoVC7 */ = {
			isa = PBXGroup;
			children = (
			);
			path = DemoVC7;
			sourceTree = "<group>";
		};
		C42453BC1C979D9300D01865 = {
			isa = PBXGroup;
			children = (
				C42453C71C979D9300D01865 /* demoTest */,
				C42453E11C979D9400D01865 /* demoTestTests */,
				C42453EC1C979D9400D01865 /* demoTestUITests */,
				C42453C61C979D9300D01865 /* Products */,
				428590E6E8672D9E5CD0AE08 /* Pods */,
				B90E01DF1083854A47E0E70F /* Frameworks */,
			);
			sourceTree = "<group>";
		};
		C42453C61C979D9300D01865 /* Products */ = {
			isa = PBXGroup;
			children = (
				C42453C51C979D9300D01865 /* demoTest.app */,
				C42453DE1C979D9400D01865 /* demoTestTests.xctest */,
				C42453E91C979D9400D01865 /* demoTestUITests.xctest */,
			);
			name = Products;
			sourceTree = "<group>";
		};
		C42453C71C979D9300D01865 /* demoTest */ = {
			isa = PBXGroup;
			children = (
				C42453CB1C979D9300D01865 /* AppDelegate.h */,
				C42453CC1C979D9300D01865 /* AppDelegate.m */,
				C42453CE1C979D9300D01865 /* ViewController.h */,
				C42453CF1C979D9300D01865 /* ViewController.m */,
				C4225DDE1C990F93006262C9 /* BADemo.pch */,
				C42454061C97A32500D01865 /* DemoVC1 */,
				C440E5631C98360D006FFA73 /* DemoVC2 */,
				C440E4A31C980C3D006FFA73 /* DemoVC3 */,
				C440E4A41C980C3D006FFA73 /* DemoVC4 */,
				C4225DDF1C99250C006262C9 /* DemoVC5 */,
				C4225DE01C99250C006262C9 /* DemoVC6 */,
				C4225DE11C99250C006262C9 /* DemoVC7 */,
				C4225DDD1C990F30006262C9 /* Other */,
				C4225D941C990ED2006262C9 /* Category */,
				C4225D971C990ED2006262C9 /* Lib */,
				C440E4B51C9816BC006FFA73 /* Images */,
				C42453C81C979D9300D01865 /* Supporting Files */,
			);
			path = demoTest;
			sourceTree = "<group>";
		};
		C42453C81C979D9300D01865 /* Supporting Files */ = {
			isa = PBXGroup;
			children = (
				C42453C91C979D9300D01865 /* main.m */,
			);
			name = "Supporting Files";
			sourceTree = "<group>";
		};
		C42453E11C979D9400D01865 /* demoTestTests */ = {
			isa = PBXGroup;
			children = (
				C42453E21C979D9400D01865 /* demoTestTests.m */,
				C42453E41C979D9400D01865 /* Info.plist */,
			);
			path = demoTestTests;
			sourceTree = "<group>";
		};
		C42453EC1C979D9400D01865 /* demoTestUITests */ = {
			isa = PBXGroup;
			children = (
				C42453ED1C979D9400D01865 /* demoTestUITests.m */,
				C42453EF1C979D9400D01865 /* Info.plist */,
			);
			path = demoTestUITests;
			sourceTree = "<group>";
		};
		C42454061C97A32500D01865 /* DemoVC1 */ = {
			isa = PBXGroup;
			children = (
				C42454071C97A32500D01865 /* DemoVC1.h */,
				C42454081C97A32500D01865 /* DemoVC1.m */,
				C42454091C97A32500D01865 /* YRHomeIncomeView.h */,
				C424540A1C97A32500D01865 /* YRHomeIncomeView.m */,
				C424540D1C97B42D00D01865 /* YRHomeIncomeBlockView.h */,
				C424540E1C97B42D00D01865 /* YRHomeIncomeBlockView.m */,
				C42454151C97BAD600D01865 /* BAHomeIncomeModel.h */,
				C42454161C97BAD600D01865 /* BAHomeIncomeModel.m */,
				C42454101C97B74100D01865 /* BAHomeIncomeCell.h */,
				C42454111C97B74100D01865 /* BAHomeIncomeCell.m */,
				C42454121C97B74100D01865 /* BAHomeIncomeCell.xib */,
			);
			path = DemoVC1;
			sourceTree = "<group>";
		};
		C440E4A31C980C3D006FFA73 /* DemoVC3 */ = {
			isa = PBXGroup;
			children = (
				C440E5581C981F51006FFA73 /* DemoVC3.h */,
				C440E5591C981F51006FFA73 /* DemoVC3.m */,
				C440E55B1C9821B7006FFA73 /* DemoVC3Model.h */,
				C440E55C1C9821B7006FFA73 /* DemoVC3Model.m */,
				C4225D8B1C98EB6D006262C9 /* YRDemandModel.h */,
				C4225D8C1C98EB6D006262C9 /* YRDemandModel.m */,
				C4225D881C98EAF1006262C9 /* YRDemandShareModel.h */,
				C4225D891C98EAF1006262C9 /* YRDemandShareModel.m */,
				C440E55E1C982534006FFA73 /* DemoVC3Cell.h */,
				C440E55F1C982534006FFA73 /* DemoVC3Cell.m */,
				C4225D7F1C98EA62006262C9 /* YRDemandShareCell.h */,
				C4225D801C98EA62006262C9 /* YRDemandShareCell.m */,
				C4225D811C98EA62006262C9 /* YRDemandUserViewCell.h */,
				C4225D821C98EA62006262C9 /* YRDemandUserViewCell.m */,
				C4225D851C98EA7A006262C9 /* BACustomButton.h */,
				C4225D861C98EA7A006262C9 /* BACustomButton.m */,
			);
			path = DemoVC3;
			sourceTree = "<group>";
		};
		C440E4A41C980C3D006FFA73 /* DemoVC4 */ = {
			isa = PBXGroup;
			children = (
				C4225DE21C99254A006262C9 /* DemoVC4.h */,
				C4225DE31C99254A006262C9 /* DemoVC4.m */,
			);
			path = DemoVC4;
			sourceTree = "<group>";
		};
		C440E4B51C9816BC006FFA73 /* Images */ = {
			isa = PBXGroup;
			children = (
				C440E4B61C9816BC006FFA73 /* cell_icons */,
				C440E4CF1C9816BC006FFA73 /* Home.xcassets */,
				C440E4D01C9816BC006FFA73 /* icon0.jpg */,
				C440E4D11C9816BC006FFA73 /* icon1.jpg */,
				C440E4D21C9816BC006FFA73 /* icon2.jpg */,
				C440E4D31C9816BC006FFA73 /* icon3.jpg */,
				C440E4D41C9816BC006FFA73 /* icon4.jpg */,
				C440E4D51C9816BC006FFA73 /* pbg.jpg */,
				C440E4D61C9816BC006FFA73 /* pic0.jpg */,
				C440E4D71C9816BC006FFA73 /* pic1.jpg */,
				C440E4D81C9816BC006FFA73 /* pic2.jpg */,
				C440E4D91C9816BC006FFA73 /* pic3.jpg */,
				C440E4DA1C9816BC006FFA73 /* pic4.jpg */,
				C440E4DB1C9816BC006FFA73 /* pic5.jpg */,
				C440E4DC1C9816BC006FFA73 /* pic6.jpg */,
				C440E4DD1C9816BC006FFA73 /* pic7.jpg */,
				C440E4DE1C9816BC006FFA73 /* pic8.jpg */,
				C440E4DF1C9816BC006FFA73 /* picon.jpg */,
				C440E4E01C9816BC006FFA73 /* test */,
			);
			path = Images;
			sourceTree = "<group>";
		};
		C440E4B61C9816BC006FFA73 /* cell_icons */ = {
			isa = PBXGroup;
			children = (
				C440E4B71C9816BC006FFA73 /* 0.jpg */,
				C440E4B81C9816BC006FFA73 /* 1.jpg */,
				C440E4B91C9816BC006FFA73 /* 10.jpg */,
				C440E4BA1C9816BC006FFA73 /* 11.jpg */,
				C440E4BB1C9816BC006FFA73 /* 12.jpg */,
				C440E4BC1C9816BC006FFA73 /* 13.jpg */,
				C440E4BD1C9816BC006FFA73 /* 14.jpg */,
				C440E4BE1C9816BC006FFA73 /* 15.jpg */,
				C440E4BF1C9816BC006FFA73 /* 16.jpg */,
				C440E4C01C9816BC006FFA73 /* 17.jpg */,
				C440E4C11C9816BC006FFA73 /* 18.jpg */,
				C440E4C21C9816BC006FFA73 /* 19.jpg */,
				C440E4C31C9816BC006FFA73 /* 2.jpg */,
				C440E4C41C9816BC006FFA73 /* 20.jpg */,
				C440E4C51C9816BC006FFA73 /* 21.jpg */,
				C440E4C61C9816BC006FFA73 /* 22.jpg */,
				C440E4C71C9816BC006FFA73 /* 23.jpg */,
				C440E4C81C9816BC006FFA73 /* 3.jpg */,
				C440E4C91C9816BC006FFA73 /* 4.jpg */,
				C440E4CA1C9816BC006FFA73 /* 5.jpg */,
				C440E4CB1C9816BC006FFA73 /* 6.jpg */,
				C440E4CC1C9816BC006FFA73 /* 7.jpg */,
				C440E4CD1C9816BC006FFA73 /* 8.jpg */,
				C440E4CE1C9816BC006FFA73 /* 9.jpg */,
			);
			path = cell_icons;
			sourceTree = "<group>";
		};
		C440E4E01C9816BC006FFA73 /* test */ = {
			isa = PBXGroup;
			children = (
				C440E4E11C9816BC006FFA73 /* test0.jpg */,
				C440E4E21C9816BC006FFA73 /* test1.jpg */,
				C440E4E31C9816BC006FFA73 /* test2.jpg */,
				C440E4E41C9816BC006FFA73 /* test3.jpg */,
				C440E4E51C9816BC006FFA73 /* test4.jpg */,
			);
			path = test;
			sourceTree = "<group>";
		};
		C440E5631C98360D006FFA73 /* DemoVC2 */ = {
			isa = PBXGroup;
			children = (
				C440E5641C98360D006FFA73 /* DemoVC2.h */,
				C440E5651C98360D006FFA73 /* DemoVC2.m */,
				C440E5661C98360D006FFA73 /* DemoVC2Cell.h */,
				C440E5671C98360D006FFA73 /* DemoVC2Cell.m */,
				C440E5681C98360D006FFA73 /* DemoVC2HeadView.h */,
				C440E5691C98360D006FFA73 /* DemoVC2HeadView.m */,
				C440E56A1C98360D006FFA73 /* DemoVC2Model.h */,
				C440E56B1C98360D006FFA73 /* DemoVC2Model.m */,
				C440E56C1C98360D006FFA73 /* SDWeiXinPhotoContainerView.h */,
				C440E56D1C98360D006FFA73 /* SDWeiXinPhotoContainerView.m */,
			);
			path = DemoVC2;
			sourceTree = "<group>";
		};
/* End PBXGroup section */

/* Begin PBXNativeTarget section */
		C42453C41C979D9300D01865 /* demoTest */ = {
			isa = PBXNativeTarget;
			buildConfigurationList = C42453F21C979D9400D01865 /* Build configuration list for PBXNativeTarget "demoTest" */;
			buildPhases = (
				5BDBB02C4FC0EC93EC763100 /* Check Pods Manifest.lock */,
				C42453C11C979D9300D01865 /* Sources */,
				C42453C21C979D9300D01865 /* Frameworks */,
				C42453C31C979D9300D01865 /* Resources */,
				83C71C36036E07F5A1D7D56D /* Embed Pods Frameworks */,
				CA54889495F53D87A2053491 /* Copy Pods Resources */,
			);
			buildRules = (
			);
			dependencies = (
			);
			name = demoTest;
			productName = demoTest;
			productReference = C42453C51C979D9300D01865 /* demoTest.app */;
			productType = "com.apple.product-type.application";
		};
		C42453DD1C979D9400D01865 /* demoTestTests */ = {
			isa = PBXNativeTarget;
			buildConfigurationList = C42453F51C979D9400D01865 /* Build configuration list for PBXNativeTarget "demoTestTests" */;
			buildPhases = (
				C42453DA1C979D9400D01865 /* Sources */,
				C42453DB1C979D9400D01865 /* Frameworks */,
				C42453DC1C979D9400D01865 /* Resources */,
			);
			buildRules = (
			);
			dependencies = (
				C42453E01C979D9400D01865 /* PBXTargetDependency */,
			);
			name = demoTestTests;
			productName = demoTestTests;
			productReference = C42453DE1C979D9400D01865 /* demoTestTests.xctest */;
			productType = "com.apple.product-type.bundle.unit-test";
		};
		C42453E81C979D9400D01865 /* demoTestUITests */ = {
			isa = PBXNativeTarget;
			buildConfigurationList = C42453F81C979D9400D01865 /* Build configuration list for PBXNativeTarget "demoTestUITests" */;
			buildPhases = (
				C42453E51C979D9400D01865 /* Sources */,
				C42453E61C979D9400D01865 /* Frameworks */,
				C42453E71C979D9400D01865 /* Resources */,
			);
			buildRules = (
			);
			dependencies = (
				C42453EB1C979D9400D01865 /* PBXTargetDependency */,
			);
			name = demoTestUITests;
			productName = demoTestUITests;
			productReference = C42453E91C979D9400D01865 /* demoTestUITests.xctest */;
			productType = "com.apple.product-type.bundle.ui-testing";
		};
/* End PBXNativeTarget section */

/* Begin PBXProject section */
		C42453BD1C979D9300D01865 /* Project object */ = {
			isa = PBXProject;
			attributes = {
				LastUpgradeCheck = 0720;
				ORGANIZATIONNAME = "博爱之家";
				TargetAttributes = {
					C42453C41C979D9300D01865 = {
						CreatedOnToolsVersion = 7.2.1;
						DevelopmentTeam = TRVB83KBJJ;
					};
					C42453DD1C979D9400D01865 = {
						CreatedOnToolsVersion = 7.2.1;
						TestTargetID = C42453C41C979D9300D01865;
					};
					C42453E81C979D9400D01865 = {
						CreatedOnToolsVersion = 7.2.1;
						TestTargetID = C42453C41C979D9300D01865;
					};
				};
			};
			buildConfigurationList = C42453C01C979D9300D01865 /* Build configuration list for PBXProject "demoTest" */;
			compatibilityVersion = "Xcode 3.2";
			developmentRegion = English;
			hasScannedForEncodings = 0;
			knownRegions = (
				en,
				Base,
			);
			mainGroup = C42453BC1C979D9300D01865;
			productRefGroup = C42453C61C979D9300D01865 /* Products */;
			projectDirPath = "";
			projectRoot = "";
			targets = (
				C42453C41C979D9300D01865 /* demoTest */,
				C42453DD1C979D9400D01865 /* demoTestTests */,
				C42453E81C979D9400D01865 /* demoTestUITests */,
			);
		};
/* End PBXProject section */

/* Begin PBXResourcesBuildPhase section */
		C42453C31C979D9300D01865 /* Resources */ = {
			isa = PBXResourcesBuildPhase;
			buildActionMask = 2147483647;
			files = (
				C440E4EE1C9816BC006FFA73 /* 16.jpg in Resources */,
				C440E5081C9816BC006FFA73 /* pic3.jpg in Resources */,
				C440E4EF1C9816BC006FFA73 /* 17.jpg in Resources */,
				C42454141C97B74100D01865 /* BAHomeIncomeCell.xib in Resources */,
				C440E5031C9816BC006FFA73 /* icon4.jpg in Resources */,
				C440E4E81C9816BC006FFA73 /* 10.jpg in Resources */,
				C440E4FA1C9816BC006FFA73 /* 6.jpg in Resources */,
				C440E50A1C9816BC006FFA73 /* pic5.jpg in Resources */,
				C440E4FF1C9816BC006FFA73 /* icon0.jpg in Resources */,
				C440E5071C9816BC006FFA73 /* pic2.jpg in Resources */,
				C440E4EC1C9816BC006FFA73 /* 14.jpg in Resources */,
				C440E50C1C9816BC006FFA73 /* pic7.jpg in Resources */,
				C440E4F61C9816BC006FFA73 /* 23.jpg in Resources */,
				C440E4F51C9816BC006FFA73 /* 22.jpg in Resources */,
				C440E50E1C9816BC006FFA73 /* picon.jpg in Resources */,
				C440E4F21C9816BC006FFA73 /* 2.jpg in Resources */,
				C440E4FD1C9816BC006FFA73 /* 9.jpg in Resources */,
				C440E4F01C9816BC006FFA73 /* 18.jpg in Resources */,
				C440E4F91C9816BC006FFA73 /* 5.jpg in Resources */,
				C440E4EA1C9816BC006FFA73 /* 12.jpg in Resources */,
				C440E4E61C9816BC006FFA73 /* 0.jpg in Resources */,
				C440E4F71C9816BC006FFA73 /* 3.jpg in Resources */,
				C440E5131C9816BC006FFA73 /* test4.jpg in Resources */,
				C440E4FE1C9816BC006FFA73 /* Home.xcassets in Resources */,
				C440E5021C9816BC006FFA73 /* icon3.jpg in Resources */,
				C440E4F81C9816BC006FFA73 /* 4.jpg in Resources */,
				C440E4F41C9816BC006FFA73 /* 21.jpg in Resources */,
				C440E5111C9816BC006FFA73 /* test2.jpg in Resources */,
				C440E5011C9816BC006FFA73 /* icon2.jpg in Resources */,
				C440E50B1C9816BC006FFA73 /* pic6.jpg in Resources */,
				C440E50F1C9816BC006FFA73 /* test0.jpg in Resources */,
				C42453D81C979D9300D01865 /* LaunchScreen.storyboard in Resources */,
				C440E5101C9816BC006FFA73 /* test1.jpg in Resources */,
				C440E4EB1C9816BC006FFA73 /* 13.jpg in Resources */,
				C440E5041C9816BC006FFA73 /* pbg.jpg in Resources */,
				C440E4E71C9816BC006FFA73 /* 1.jpg in Resources */,
				C440E50D1C9816BC006FFA73 /* pic8.jpg in Resources */,
				C42453D51C979D9300D01865 /* Assets.xcassets in Resources */,
				C42453D31C979D9300D01865 /* Main.storyboard in Resources */,
				C440E4FC1C9816BC006FFA73 /* 8.jpg in Resources */,
				C440E5091C9816BC006FFA73 /* pic4.jpg in Resources */,
				C440E5001C9816BC006FFA73 /* icon1.jpg in Resources */,
				C440E5121C9816BC006FFA73 /* test3.jpg in Resources */,
				C440E4E91C9816BC006FFA73 /* 11.jpg in Resources */,
				C440E5051C9816BC006FFA73 /* pic0.jpg in Resources */,
				C440E4ED1C9816BC006FFA73 /* 15.jpg in Resources */,
				C440E5061C9816BC006FFA73 /* pic1.jpg in Resources */,
				C440E4FB1C9816BC006FFA73 /* 7.jpg in Resources */,
				C440E4F11C9816BC006FFA73 /* 19.jpg in Resources */,
				C440E4F31C9816BC006FFA73 /* 20.jpg in Resources */,
			);
			runOnlyForDeploymentPostprocessing = 0;
		};
		C42453DC1C979D9400D01865 /* Resources */ = {
			isa = PBXResourcesBuildPhase;
			buildActionMask = 2147483647;
			files = (
			);
			runOnlyForDeploymentPostprocessing = 0;
		};
		C42453E71C979D9400D01865 /* Resources */ = {
			isa = PBXResourcesBuildPhase;
			buildActionMask = 2147483647;
			files = (
			);
			runOnlyForDeploymentPostprocessing = 0;
		};
/* End PBXResourcesBuildPhase section */

/* Begin PBXShellScriptBuildPhase section */
		5BDBB02C4FC0EC93EC763100 /* Check Pods Manifest.lock */ = {
			isa = PBXShellScriptBuildPhase;
			buildActionMask = 2147483647;
			files = (
			);
			inputPaths = (
			);
			name = "Check Pods Manifest.lock";
			outputPaths = (
			);
			runOnlyForDeploymentPostprocessing = 0;
			shellPath = /bin/sh;
			shellScript = "diff \"${PODS_ROOT}/../Podfile.lock\" \"${PODS_ROOT}/Manifest.lock\" > /dev/null\nif [[ $? != 0 ]] ; then\n    cat << EOM\nerror: The sandbox is not in sync with the Podfile.lock. Run 'pod install' or update your CocoaPods installation.\nEOM\n    exit 1\nfi\n";
			showEnvVarsInLog = 0;
		};
		83C71C36036E07F5A1D7D56D /* Embed Pods Frameworks */ = {
			isa = PBXShellScriptBuildPhase;
			buildActionMask = 2147483647;
			files = (
			);
			inputPaths = (
			);
			name = "Embed Pods Frameworks";
			outputPaths = (
			);
			runOnlyForDeploymentPostprocessing = 0;
			shellPath = /bin/sh;
			shellScript = "\"${SRCROOT}/Pods/Target Support Files/Pods/Pods-frameworks.sh\"\n";
			showEnvVarsInLog = 0;
		};
		CA54889495F53D87A2053491 /* Copy Pods Resources */ = {
			isa = PBXShellScriptBuildPhase;
			buildActionMask = 2147483647;
			files = (
			);
			inputPaths = (
			);
			name = "Copy Pods Resources";
			outputPaths = (
			);
			runOnlyForDeploymentPostprocessing = 0;
			shellPath = /bin/sh;
			shellScript = "\"${SRCROOT}/Pods/Target Support Files/Pods/Pods-resources.sh\"\n";
			showEnvVarsInLog = 0;
		};
/* End PBXShellScriptBuildPhase section */

/* Begin PBXSourcesBuildPhase section */
		C42453C11C979D9300D01865 /* Sources */ = {
			isa = PBXSourcesBuildPhase;
			buildActionMask = 2147483647;
			files = (
				C4225DDC1C990ED2006262C9 /* UIView+WebCacheOperation.m in Sources */,
				C440E5621C982D41006FFA73 /* DemoVC3Cell.m in Sources */,
				C440E5701C98360D006FFA73 /* DemoVC2HeadView.m in Sources */,
				C4225DC91C990ED2006262C9 /* UIView+SDAutoLayout.m in Sources */,
				C4225DC71C990ED2006262C9 /* UIView+Extension.m in Sources */,
				C4225DCA1C990ED2006262C9 /* SDBrowserImageView.m in Sources */,
				C440E55A1C981F51006FFA73 /* DemoVC3.m in Sources */,
				C42453D01C979D9300D01865 /* ViewController.m in Sources */,
				C440E56F1C98360D006FFA73 /* DemoVC2Cell.m in Sources */,
				C4225DD31C990ED2006262C9 /* SDWebImageDownloaderOperation.m in Sources */,
				C4225DD51C990ED2006262C9 /* SDWebImagePrefetcher.m in Sources */,
				C4225DCB1C990ED2006262C9 /* SDPhotoBrowser.m in Sources */,
				C42453CD1C979D9300D01865 /* AppDelegate.m in Sources */,
				C4225D8A1C98EAF1006262C9 /* YRDemandShareModel.m in Sources */,
				C4225DD81C990ED2006262C9 /* UIImage+MultiFormat.m in Sources */,
				C42453CA1C979D9300D01865 /* main.m in Sources */,
				C440E5711C98360D006FFA73 /* DemoVC2Model.m in Sources */,
				C4225DD61C990ED2006262C9 /* UIButton+WebCache.m in Sources */,
				C4225DD71C990ED2006262C9 /* UIImage+GIF.m in Sources */,
				C4225D8D1C98EB6D006262C9 /* YRDemandModel.m in Sources */,
				C440E5721C98360D006FFA73 /* SDWeiXinPhotoContainerView.m in Sources */,
				C440E55D1C9821B7006FFA73 /* DemoVC3Model.m in Sources */,
				C42454171C97BAD600D01865 /* BAHomeIncomeModel.m in Sources */,
				C4225DC81C990ED2006262C9 /* UITableView+SDAutoTableViewCellHeight.m in Sources */,
				C440E56E1C98360D006FFA73 /* DemoVC2.m in Sources */,
				C4225DCF1C990ED2006262C9 /* SDImageCache.m in Sources */,
				C4225DE41C99254A006262C9 /* DemoVC4.m in Sources */,
				C42454131C97B74100D01865 /* BAHomeIncomeCell.m in Sources */,
				C4225DD41C990ED2006262C9 /* SDWebImageManager.m in Sources */,
				C4225DD91C990ED2006262C9 /* UIImage+WebP.m in Sources */,
				C4225DCC1C990ED2006262C9 /* SDWaitingView.m in Sources */,
				C4225D841C98EA62006262C9 /* YRDemandUserViewCell.m in Sources */,
				C424540B1C97A32500D01865 /* DemoVC1.m in Sources */,
				C424540C1C97A32500D01865 /* YRHomeIncomeView.m in Sources */,
				C4225DDB1C990ED2006262C9 /* UIImageView+WebCache.m in Sources */,
				C4225DD21C990ED2006262C9 /* SDWebImageDownloader.m in Sources */,
				C424540F1C97B42D00D01865 /* YRHomeIncomeBlockView.m in Sources */,
				C4225DCD1C990ED2006262C9 /* MKAnnotationView+WebCache.m in Sources */,
				C4225D871C98EA7A006262C9 /* BACustomButton.m in Sources */,
				C4225DD11C990ED2006262C9 /* SDWebImageDecoder.m in Sources */,
				C4225DD01C990ED2006262C9 /* SDWebImageCompat.m in Sources */,
				C4225DDA1C990ED2006262C9 /* UIImageView+HighlightedWebCache.m in Sources */,
				C4225DCE1C990ED2006262C9 /* NSData+ImageContentType.m in Sources */,
				C4225D831C98EA62006262C9 /* YRDemandShareCell.m in Sources */,
			);
			runOnlyForDeploymentPostprocessing = 0;
		};
		C42453DA1C979D9400D01865 /* Sources */ = {
			isa = PBXSourcesBuildPhase;
			buildActionMask = 2147483647;
			files = (
				C42453E31C979D9400D01865 /* demoTestTests.m in Sources */,
			);
			runOnlyForDeploymentPostprocessing = 0;
		};
		C42453E51C979D9400D01865 /* Sources */ = {
			isa = PBXSourcesBuildPhase;
			buildActionMask = 2147483647;
			files = (
				C42453EE1C979D9400D01865 /* demoTestUITests.m in Sources */,
			);
			runOnlyForDeploymentPostprocessing = 0;
		};
/* End PBXSourcesBuildPhase section */

/* Begin PBXTargetDependency section */
		C42453E01C979D9400D01865 /* PBXTargetDependency */ = {
			isa = PBXTargetDependency;
			target = C42453C41C979D9300D01865 /* demoTest */;
			targetProxy = C42453DF1C979D9400D01865 /* PBXContainerItemProxy */;
		};
		C42453EB1C979D9400D01865 /* PBXTargetDependency */ = {
			isa = PBXTargetDependency;
			target = C42453C41C979D9300D01865 /* demoTest */;
			targetProxy = C42453EA1C979D9400D01865 /* PBXContainerItemProxy */;
		};
/* End PBXTargetDependency section */

/* Begin PBXVariantGroup section */
		C42453D11C979D9300D01865 /* Main.storyboard */ = {
			isa = PBXVariantGroup;
			children = (
				C42453D21C979D9300D01865 /* Base */,
			);
			name = Main.storyboard;
			path = ..;
			sourceTree = "<group>";
		};
		C42453D61C979D9300D01865 /* LaunchScreen.storyboard */ = {
			isa = PBXVariantGroup;
			children = (
				C42453D71C979D9300D01865 /* Base */,
			);
			name = LaunchScreen.storyboard;
			path = ..;
			sourceTree = "<group>";
		};
/* End PBXVariantGroup section */

/* Begin XCBuildConfiguration section */
		C42453F01C979D9400D01865 /* Debug */ = {
			isa = XCBuildConfiguration;
			buildSettings = {
				ALWAYS_SEARCH_USER_PATHS = NO;
				CLANG_CXX_LANGUAGE_STANDARD = "gnu++0x";
				CLANG_CXX_LIBRARY = "libc++";
				CLANG_ENABLE_MODULES = YES;
				CLANG_ENABLE_OBJC_ARC = YES;
				CLANG_WARN_BOOL_CONVERSION = YES;
				CLANG_WARN_CONSTANT_CONVERSION = YES;
				CLANG_WARN_DIRECT_OBJC_ISA_USAGE = YES_ERROR;
				CLANG_WARN_EMPTY_BODY = YES;
				CLANG_WARN_ENUM_CONVERSION = YES;
				CLANG_WARN_INT_CONVERSION = YES;
				CLANG_WARN_OBJC_ROOT_CLASS = YES_ERROR;
				CLANG_WARN_UNREACHABLE_CODE = YES;
				CLANG_WARN__DUPLICATE_METHOD_MATCH = YES;
				"CODE_SIGN_IDENTITY[sdk=iphoneos*]" = "iPhone Developer";
				COPY_PHASE_STRIP = NO;
				DEBUG_INFORMATION_FORMAT = dwarf;
				ENABLE_STRICT_OBJC_MSGSEND = YES;
				ENABLE_TESTABILITY = YES;
				GCC_C_LANGUAGE_STANDARD = gnu99;
				GCC_DYNAMIC_NO_PIC = NO;
				GCC_NO_COMMON_BLOCKS = YES;
				GCC_OPTIMIZATION_LEVEL = 0;
				GCC_PREPROCESSOR_DEFINITIONS = (
					"DEBUG=1",
					"$(inherited)",
				);
				GCC_WARN_64_TO_32_BIT_CONVERSION = YES;
				GCC_WARN_ABOUT_RETURN_TYPE = YES_ERROR;
				GCC_WARN_UNDECLARED_SELECTOR = YES;
				GCC_WARN_UNINITIALIZED_AUTOS = YES_AGGRESSIVE;
				GCC_WARN_UNUSED_FUNCTION = YES;
				GCC_WARN_UNUSED_VARIABLE = YES;
				IPHONEOS_DEPLOYMENT_TARGET = 9.2;
				MTL_ENABLE_DEBUG_INFO = YES;
				ONLY_ACTIVE_ARCH = YES;
				SDKROOT = iphoneos;
				TARGETED_DEVICE_FAMILY = "1,2";
			};
			name = Debug;
		};
		C42453F11C979D9400D01865 /* Release */ = {
			isa = XCBuildConfiguration;
			buildSettings = {
				ALWAYS_SEARCH_USER_PATHS = NO;
				CLANG_CXX_LANGUAGE_STANDARD = "gnu++0x";
				CLANG_CXX_LIBRARY = "libc++";
				CLANG_ENABLE_MODULES = YES;
				CLANG_ENABLE_OBJC_ARC = YES;
				CLANG_WARN_BOOL_CONVERSION = YES;
				CLANG_WARN_CONSTANT_CONVERSION = YES;
				CLANG_WARN_DIRECT_OBJC_ISA_USAGE = YES_ERROR;
				CLANG_WARN_EMPTY_BODY = YES;
				CLANG_WARN_ENUM_CONVERSION = YES;
				CLANG_WARN_INT_CONVERSION = YES;
				CLANG_WARN_OBJC_ROOT_CLASS = YES_ERROR;
				CLANG_WARN_UNREACHABLE_CODE = YES;
				CLANG_WARN__DUPLICATE_METHOD_MATCH = YES;
				"CODE_SIGN_IDENTITY[sdk=iphoneos*]" = "iPhone Developer";
				COPY_PHASE_STRIP = NO;
				DEBUG_INFORMATION_FORMAT = "dwarf-with-dsym";
				ENABLE_NS_ASSERTIONS = NO;
				ENABLE_STRICT_OBJC_MSGSEND = YES;
				GCC_C_LANGUAGE_STANDARD = gnu99;
				GCC_NO_COMMON_BLOCKS = YES;
				GCC_WARN_64_TO_32_BIT_CONVERSION = YES;
				GCC_WARN_ABOUT_RETURN_TYPE = YES_ERROR;
				GCC_WARN_UNDECLARED_SELECTOR = YES;
				GCC_WARN_UNINITIALIZED_AUTOS = YES_AGGRESSIVE;
				GCC_WARN_UNUSED_FUNCTION = YES;
				GCC_WARN_UNUSED_VARIABLE = YES;
				IPHONEOS_DEPLOYMENT_TARGET = 9.2;
				MTL_ENABLE_DEBUG_INFO = NO;
				SDKROOT = iphoneos;
				TARGETED_DEVICE_FAMILY = "1,2";
				VALIDATE_PRODUCT = YES;
			};
			name = Release;
		};
		C42453F31C979D9400D01865 /* Debug */ = {
			isa = XCBuildConfiguration;
			baseConfigurationReference = 347C53379EADA33A2FADDFD1 /* Pods.debug.xcconfig */;
			buildSettings = {
				ASSETCATALOG_COMPILER_APPICON_NAME = AppIcon;
				CODE_SIGN_IDENTITY = "iPhone Developer";
				"CODE_SIGN_IDENTITY[sdk=iphoneos*]" = "iPhone Developer";
				GCC_PRECOMPILE_PREFIX_HEADER = YES;
				GCC_PREFIX_HEADER = "$(PRODUCT_NAME)/BADemo.pch";
				INFOPLIST_FILE = demoTest/Info.plist;
				LD_RUNPATH_SEARCH_PATHS = "$(inherited) @executable_path/Frameworks";
				PRODUCT_BUNDLE_IDENTIFIER = "com.-boai.demoTest";
				PRODUCT_NAME = "$(TARGET_NAME)";
				PROVISIONING_PROFILE = "";
			};
			name = Debug;
		};
		C42453F41C979D9400D01865 /* Release */ = {
			isa = XCBuildConfiguration;
			baseConfigurationReference = BF4750B1C478556C6EECE285 /* Pods.release.xcconfig */;
			buildSettings = {
				ASSETCATALOG_COMPILER_APPICON_NAME = AppIcon;
				CODE_SIGN_IDENTITY = "iPhone Developer";
				"CODE_SIGN_IDENTITY[sdk=iphoneos*]" = "iPhone Developer";
				GCC_PRECOMPILE_PREFIX_HEADER = YES;
				GCC_PREFIX_HEADER = "$(PRODUCT_NAME)/BADemo.pch";
				INFOPLIST_FILE = demoTest/Info.plist;
				LD_RUNPATH_SEARCH_PATHS = "$(inherited) @executable_path/Frameworks";
				PRODUCT_BUNDLE_IDENTIFIER = "com.-boai.demoTest";
				PRODUCT_NAME = "$(TARGET_NAME)";
				PROVISIONING_PROFILE = "";
			};
			name = Release;
		};
		C42453F61C979D9400D01865 /* Debug */ = {
			isa = XCBuildConfiguration;
			buildSettings = {
				BUNDLE_LOADER = "$(TEST_HOST)";
				INFOPLIST_FILE = demoTestTests/Info.plist;
				LD_RUNPATH_SEARCH_PATHS = "$(inherited) @executable_path/Frameworks @loader_path/Frameworks";
				PRODUCT_BUNDLE_IDENTIFIER = "com.-boai.demoTestTests";
				PRODUCT_NAME = "$(TARGET_NAME)";
				TEST_HOST = "$(BUILT_PRODUCTS_DIR)/demoTest.app/demoTest";
			};
			name = Debug;
		};
		C42453F71C979D9400D01865 /* Release */ = {
			isa = XCBuildConfiguration;
			buildSettings = {
				BUNDLE_LOADER = "$(TEST_HOST)";
				INFOPLIST_FILE = demoTestTests/Info.plist;
				LD_RUNPATH_SEARCH_PATHS = "$(inherited) @executable_path/Frameworks @loader_path/Frameworks";
				PRODUCT_BUNDLE_IDENTIFIER = "com.-boai.demoTestTests";
				PRODUCT_NAME = "$(TARGET_NAME)";
				TEST_HOST = "$(BUILT_PRODUCTS_DIR)/demoTest.app/demoTest";
			};
			name = Release;
		};
		C42453F91C979D9400D01865 /* Debug */ = {
			isa = XCBuildConfiguration;
			buildSettings = {
				INFOPLIST_FILE = demoTestUITests/Info.plist;
				LD_RUNPATH_SEARCH_PATHS = "$(inherited) @executable_path/Frameworks @loader_path/Frameworks";
				PRODUCT_BUNDLE_IDENTIFIER = "com.-boai.demoTestUITests";
				PRODUCT_NAME = "$(TARGET_NAME)";
				TEST_TARGET_NAME = demoTest;
				USES_XCTRUNNER = YES;
			};
			name = Debug;
		};
		C42453FA1C979D9400D01865 /* Release */ = {
			isa = XCBuildConfiguration;
			buildSettings = {
				INFOPLIST_FILE = demoTestUITests/Info.plist;
				LD_RUNPATH_SEARCH_PATHS = "$(inherited) @executable_path/Frameworks @loader_path/Frameworks";
				PRODUCT_BUNDLE_IDENTIFIER = "com.-boai.demoTestUITests";
				PRODUCT_NAME = "$(TARGET_NAME)";
				TEST_TARGET_NAME = demoTest;
				USES_XCTRUNNER = YES;
			};
			name = Release;
		};
/* End XCBuildConfiguration section */

/* Begin XCConfigurationList section */
		C42453C01C979D9300D01865 /* Build configuration list for PBXProject "demoTest" */ = {
			isa = XCConfigurationList;
			buildConfigurations = (
				C42453F01C979D9400D01865 /* Debug */,
				C42453F11C979D9400D01865 /* Release */,
			);
			defaultConfigurationIsVisible = 0;
			defaultConfigurationName = Release;
		};
		C42453F21C979D9400D01865 /* Build configuration list for PBXNativeTarget "demoTest" */ = {
			isa = XCConfigurationList;
			buildConfigurations = (
				C42453F31C979D9400D01865 /* Debug */,
				C42453F41C979D9400D01865 /* Release */,
			);
			defaultConfigurationIsVisible = 0;
			defaultConfigurationName = Release;
		};
		C42453F51C979D9400D01865 /* Build configuration list for PBXNativeTarget "demoTestTests" */ = {
			isa = XCConfigurationList;
			buildConfigurations = (
				C42453F61C979D9400D01865 /* Debug */,
				C42453F71C979D9400D01865 /* Release */,
			);
			defaultConfigurationIsVisible = 0;
			defaultConfigurationName = Release;
		};
		C42453F81C979D9400D01865 /* Build configuration list for PBXNativeTarget "demoTestUITests" */ = {
			isa = XCConfigurationList;
			buildConfigurations = (
				C42453F91C979D9400D01865 /* Debug */,
				C42453FA1C979D9400D01865 /* Release */,
			);
			defaultConfigurationIsVisible = 0;
			defaultConfigurationName = Release;
		};
/* End XCConfigurationList section */
	};
	rootObject = C42453BD1C979D9300D01865 /* Project object */;
}
