// !$*UTF8*$!
{
	archiveVersion = 1;
	classes = {
	};
	objectVersion = 46;
	objects = {

/* Begin PBXBuildFile section */
		7ED89E7EAD9DDF5E73A11702 /* libPods-demoTest.a in Frameworks */ = {isa = PBXBuildFile; fileRef = ED601320E66DF2ED522196AB /* libPods-demoTest.a */; };
		C404EC0D1CA9622800A82D3A /* DemoVC11.m in Sources */ = {isa = PBXBuildFile; fileRef = C404EC0C1CA9622800A82D3A /* DemoVC11.m */; };
		C404EC101CA9628400A82D3A /* BAPickerView.m in Sources */ = {isa = PBXBuildFile; fileRef = C404EC0F1CA9628400A82D3A /* BAPickerView.m */; };
		C404EC151CA9667E00A82D3A /* UIColor+RCColor.m in Sources */ = {isa = PBXBuildFile; fileRef = C404EC131CA9667E00A82D3A /* UIColor+RCColor.m */; };
		C404EC481CA9680F00A82D3A /* 0.jpg in Resources */ = {isa = PBXBuildFile; fileRef = C404EC191CA9680F00A82D3A /* 0.jpg */; };
		C404EC491CA9680F00A82D3A /* 1.jpg in Resources */ = {isa = PBXBuildFile; fileRef = C404EC1A1CA9680F00A82D3A /* 1.jpg */; };
		C404EC4A1CA9680F00A82D3A /* 10.jpg in Resources */ = {isa = PBXBuildFile; fileRef = C404EC1B1CA9680F00A82D3A /* 10.jpg */; };
		C404EC4B1CA9680F00A82D3A /* 11.jpg in Resources */ = {isa = PBXBuildFile; fileRef = C404EC1C1CA9680F00A82D3A /* 11.jpg */; };
		C404EC4C1CA9680F00A82D3A /* 12.jpg in Resources */ = {isa = PBXBuildFile; fileRef = C404EC1D1CA9680F00A82D3A /* 12.jpg */; };
		C404EC4D1CA9680F00A82D3A /* 13.jpg in Resources */ = {isa = PBXBuildFile; fileRef = C404EC1E1CA9680F00A82D3A /* 13.jpg */; };
		C404EC4E1CA9680F00A82D3A /* 14.jpg in Resources */ = {isa = PBXBuildFile; fileRef = C404EC1F1CA9680F00A82D3A /* 14.jpg */; };
		C404EC4F1CA9680F00A82D3A /* 15.jpg in Resources */ = {isa = PBXBuildFile; fileRef = C404EC201CA9680F00A82D3A /* 15.jpg */; };
		C404EC501CA9680F00A82D3A /* 16.jpg in Resources */ = {isa = PBXBuildFile; fileRef = C404EC211CA9680F00A82D3A /* 16.jpg */; };
		C404EC511CA9680F00A82D3A /* 17.jpg in Resources */ = {isa = PBXBuildFile; fileRef = C404EC221CA9680F00A82D3A /* 17.jpg */; };
		C404EC521CA9680F00A82D3A /* 18.jpg in Resources */ = {isa = PBXBuildFile; fileRef = C404EC231CA9680F00A82D3A /* 18.jpg */; };
		C404EC531CA9680F00A82D3A /* 19.jpg in Resources */ = {isa = PBXBuildFile; fileRef = C404EC241CA9680F00A82D3A /* 19.jpg */; };
		C404EC541CA9680F00A82D3A /* 2.jpg in Resources */ = {isa = PBXBuildFile; fileRef = C404EC251CA9680F00A82D3A /* 2.jpg */; };
		C404EC551CA9680F00A82D3A /* 20.jpg in Resources */ = {isa = PBXBuildFile; fileRef = C404EC261CA9680F00A82D3A /* 20.jpg */; };
		C404EC561CA9680F00A82D3A /* 21.jpg in Resources */ = {isa = PBXBuildFile; fileRef = C404EC271CA9680F00A82D3A /* 21.jpg */; };
		C404EC571CA9680F00A82D3A /* 22.jpg in Resources */ = {isa = PBXBuildFile; fileRef = C404EC281CA9680F00A82D3A /* 22.jpg */; };
		C404EC581CA9680F00A82D3A /* 23.jpg in Resources */ = {isa = PBXBuildFile; fileRef = C404EC291CA9680F00A82D3A /* 23.jpg */; };
		C404EC591CA9680F00A82D3A /* 3.jpg in Resources */ = {isa = PBXBuildFile; fileRef = C404EC2A1CA9680F00A82D3A /* 3.jpg */; };
		C404EC5A1CA9680F00A82D3A /* 4.jpg in Resources */ = {isa = PBXBuildFile; fileRef = C404EC2B1CA9680F00A82D3A /* 4.jpg */; };
		C404EC5B1CA9680F00A82D3A /* 5.jpg in Resources */ = {isa = PBXBuildFile; fileRef = C404EC2C1CA9680F00A82D3A /* 5.jpg */; };
		C404EC5C1CA9680F00A82D3A /* 6.jpg in Resources */ = {isa = PBXBuildFile; fileRef = C404EC2D1CA9680F00A82D3A /* 6.jpg */; };
		C404EC5D1CA9680F00A82D3A /* 7.jpg in Resources */ = {isa = PBXBuildFile; fileRef = C404EC2E1CA9680F00A82D3A /* 7.jpg */; };
		C404EC5E1CA9680F00A82D3A /* 8.jpg in Resources */ = {isa = PBXBuildFile; fileRef = C404EC2F1CA9680F00A82D3A /* 8.jpg */; };
		C404EC5F1CA9680F00A82D3A /* 9.jpg in Resources */ = {isa = PBXBuildFile; fileRef = C404EC301CA9680F00A82D3A /* 9.jpg */; };
		C404EC601CA9680F00A82D3A /* Home.xcassets in Resources */ = {isa = PBXBuildFile; fileRef = C404EC311CA9680F00A82D3A /* Home.xcassets */; };
		C404EC611CA9680F00A82D3A /* icon0.jpg in Resources */ = {isa = PBXBuildFile; fileRef = C404EC321CA9680F00A82D3A /* icon0.jpg */; };
		C404EC621CA9680F00A82D3A /* icon1.jpg in Resources */ = {isa = PBXBuildFile; fileRef = C404EC331CA9680F00A82D3A /* icon1.jpg */; };
		C404EC631CA9680F00A82D3A /* icon2.jpg in Resources */ = {isa = PBXBuildFile; fileRef = C404EC341CA9680F00A82D3A /* icon2.jpg */; };
		C404EC641CA9680F00A82D3A /* icon3.jpg in Resources */ = {isa = PBXBuildFile; fileRef = C404EC351CA9680F00A82D3A /* icon3.jpg */; };
		C404EC651CA9680F00A82D3A /* icon4.jpg in Resources */ = {isa = PBXBuildFile; fileRef = C404EC361CA9680F00A82D3A /* icon4.jpg */; };
		C404EC661CA9680F00A82D3A /* pbg.jpg in Resources */ = {isa = PBXBuildFile; fileRef = C404EC371CA9680F00A82D3A /* pbg.jpg */; };
		C404EC671CA9680F00A82D3A /* pic0.jpg in Resources */ = {isa = PBXBuildFile; fileRef = C404EC381CA9680F00A82D3A /* pic0.jpg */; };
		C404EC681CA9680F00A82D3A /* pic1.jpg in Resources */ = {isa = PBXBuildFile; fileRef = C404EC391CA9680F00A82D3A /* pic1.jpg */; };
		C404EC691CA9680F00A82D3A /* pic2.jpg in Resources */ = {isa = PBXBuildFile; fileRef = C404EC3A1CA9680F00A82D3A /* pic2.jpg */; };
		C404EC6A1CA9680F00A82D3A /* pic3.jpg in Resources */ = {isa = PBXBuildFile; fileRef = C404EC3B1CA9680F00A82D3A /* pic3.jpg */; };
		C404EC6B1CA9680F00A82D3A /* pic4.jpg in Resources */ = {isa = PBXBuildFile; fileRef = C404EC3C1CA9680F00A82D3A /* pic4.jpg */; };
		C404EC6C1CA9680F00A82D3A /* pic5.jpg in Resources */ = {isa = PBXBuildFile; fileRef = C404EC3D1CA9680F00A82D3A /* pic5.jpg */; };
		C404EC6D1CA9680F00A82D3A /* pic6.jpg in Resources */ = {isa = PBXBuildFile; fileRef = C404EC3E1CA9680F00A82D3A /* pic6.jpg */; };
		C404EC6E1CA9680F00A82D3A /* pic7.jpg in Resources */ = {isa = PBXBuildFile; fileRef = C404EC3F1CA9680F00A82D3A /* pic7.jpg */; };
		C404EC6F1CA9680F00A82D3A /* pic8.jpg in Resources */ = {isa = PBXBuildFile; fileRef = C404EC401CA9680F00A82D3A /* pic8.jpg */; };
		C404EC701CA9680F00A82D3A /* picon.jpg in Resources */ = {isa = PBXBuildFile; fileRef = C404EC411CA9680F00A82D3A /* picon.jpg */; };
		C404EC711CA9680F00A82D3A /* test0.jpg in Resources */ = {isa = PBXBuildFile; fileRef = C404EC431CA9680F00A82D3A /* test0.jpg */; };
		C404EC721CA9680F00A82D3A /* test1.jpg in Resources */ = {isa = PBXBuildFile; fileRef = C404EC441CA9680F00A82D3A /* test1.jpg */; };
		C404EC731CA9680F00A82D3A /* test2.jpg in Resources */ = {isa = PBXBuildFile; fileRef = C404EC451CA9680F00A82D3A /* test2.jpg */; };
		C404EC741CA9680F00A82D3A /* test3.jpg in Resources */ = {isa = PBXBuildFile; fileRef = C404EC461CA9680F00A82D3A /* test3.jpg */; };
		C404EC751CA9680F00A82D3A /* test4.jpg in Resources */ = {isa = PBXBuildFile; fileRef = C404EC471CA9680F00A82D3A /* test4.jpg */; };
		C404EC771CA9681500A82D3A /* area.plist in Resources */ = {isa = PBXBuildFile; fileRef = C404EC761CA9681500A82D3A /* area.plist */; };
		C408230A1C9E9F9600E85C9C /* NSString+BACustom.m in Sources */ = {isa = PBXBuildFile; fileRef = C40823081C9E9F9600E85C9C /* NSString+BACustom.m */; };
		C40823141C9EA0A000E85C9C /* BACustomButton.m in Sources */ = {isa = PBXBuildFile; fileRef = C40823121C9EA0A000E85C9C /* BACustomButton.m */; };
		C40823171C9EA0E200E85C9C /* DemoVC9.m in Sources */ = {isa = PBXBuildFile; fileRef = C40823161C9EA0E200E85C9C /* DemoVC9.m */; };
		C408231A1C9EA4DE00E85C9C /* UIImageView+BACustom.m in Sources */ = {isa = PBXBuildFile; fileRef = C40823191C9EA4DE00E85C9C /* UIImageView+BACustom.m */; };
		C408231D1C9EA8F500E85C9C /* NSNumber+BACustom.m in Sources */ = {isa = PBXBuildFile; fileRef = C408231C1C9EA8F500E85C9C /* NSNumber+BACustom.m */; };
		C40823201C9EAFF200E85C9C /* NSArray+BACustom.m in Sources */ = {isa = PBXBuildFile; fileRef = C408231F1C9EAFF200E85C9C /* NSArray+BACustom.m */; };
		C40823231C9EBBA700E85C9C /* NSData+BACustom.m in Sources */ = {isa = PBXBuildFile; fileRef = C40823221C9EBBA700E85C9C /* NSData+BACustom.m */; };
		C40823261C9ED9BA00E85C9C /* UIImage+BACustom.m in Sources */ = {isa = PBXBuildFile; fileRef = C40823251C9ED9BA00E85C9C /* UIImage+BACustom.m */; };
		C40823451C9EE35800E85C9C /* UITableView+BACustom.m in Sources */ = {isa = PBXBuildFile; fileRef = C40823441C9EE35800E85C9C /* UITableView+BACustom.m */; };
		C40A7E0E1C9A3C56006F0687 /* DemoVC7.m in Sources */ = {isa = PBXBuildFile; fileRef = C40A7E091C9A3C56006F0687 /* DemoVC7.m */; };
		C40A7E0F1C9A3C56006F0687 /* DemoVC7Cell.m in Sources */ = {isa = PBXBuildFile; fileRef = C40A7E0B1C9A3C56006F0687 /* DemoVC7Cell.m */; };
		C40A7E101C9A3C56006F0687 /* DemoVC7Model.m in Sources */ = {isa = PBXBuildFile; fileRef = C40A7E0D1C9A3C56006F0687 /* DemoVC7Model.m */; };
		C40A7E131C9A5462006F0687 /* DemoVC7_replyVC.m in Sources */ = {isa = PBXBuildFile; fileRef = C40A7E121C9A5462006F0687 /* DemoVC7_replyVC.m */; };
		C40A7E161C9A5882006F0687 /* DemoVC7_quesstionCell.m in Sources */ = {isa = PBXBuildFile; fileRef = C40A7E151C9A5882006F0687 /* DemoVC7_quesstionCell.m */; };
		C40A7E1C1C9A61D8006F0687 /* DemoVC7_replyView.m in Sources */ = {isa = PBXBuildFile; fileRef = C40A7E1B1C9A61D8006F0687 /* DemoVC7_replyView.m */; };
		C4225D831C98EA62006262C9 /* YRDemandShareCell.m in Sources */ = {isa = PBXBuildFile; fileRef = C4225D801C98EA62006262C9 /* YRDemandShareCell.m */; };
		C4225D841C98EA62006262C9 /* YRDemandUserViewCell.m in Sources */ = {isa = PBXBuildFile; fileRef = C4225D821C98EA62006262C9 /* YRDemandUserViewCell.m */; };
		C4225D8A1C98EAF1006262C9 /* YRDemandShareModel.m in Sources */ = {isa = PBXBuildFile; fileRef = C4225D891C98EAF1006262C9 /* YRDemandShareModel.m */; };
		C4225D8D1C98EB6D006262C9 /* YRDemandModel.m in Sources */ = {isa = PBXBuildFile; fileRef = C4225D8C1C98EB6D006262C9 /* YRDemandModel.m */; };
		C4225DC71C990ED2006262C9 /* UIView+BACustom.m in Sources */ = {isa = PBXBuildFile; fileRef = C4225D961C990ED2006262C9 /* UIView+BACustom.m */; };
		C4225DCA1C990ED2006262C9 /* SDBrowserImageView.m in Sources */ = {isa = PBXBuildFile; fileRef = C4225D9F1C990ED2006262C9 /* SDBrowserImageView.m */; };
		C4225DCB1C990ED2006262C9 /* SDPhotoBrowser.m in Sources */ = {isa = PBXBuildFile; fileRef = C4225DA11C990ED2006262C9 /* SDPhotoBrowser.m */; };
		C4225DCC1C990ED2006262C9 /* SDWaitingView.m in Sources */ = {isa = PBXBuildFile; fileRef = C4225DA41C990ED2006262C9 /* SDWaitingView.m */; };
		C4225DE41C99254A006262C9 /* DemoVC4.m in Sources */ = {isa = PBXBuildFile; fileRef = C4225DE31C99254A006262C9 /* DemoVC4.m */; };
		C42453CA1C979D9300D01865 /* main.m in Sources */ = {isa = PBXBuildFile; fileRef = C42453C91C979D9300D01865 /* main.m */; };
		C42453CD1C979D9300D01865 /* AppDelegate.m in Sources */ = {isa = PBXBuildFile; fileRef = C42453CC1C979D9300D01865 /* AppDelegate.m */; };
		C42453D01C979D9300D01865 /* ViewController.m in Sources */ = {isa = PBXBuildFile; fileRef = C42453CF1C979D9300D01865 /* ViewController.m */; };
		C42453D31C979D9300D01865 /* Main.storyboard in Resources */ = {isa = PBXBuildFile; fileRef = C42453D11C979D9300D01865 /* Main.storyboard */; };
		C42453D51C979D9300D01865 /* Assets.xcassets in Resources */ = {isa = PBXBuildFile; fileRef = C42453D41C979D9300D01865 /* Assets.xcassets */; };
		C42453D81C979D9300D01865 /* LaunchScreen.storyboard in Resources */ = {isa = PBXBuildFile; fileRef = C42453D61C979D9300D01865 /* LaunchScreen.storyboard */; };
		C42453E31C979D9400D01865 /* demoTestTests.m in Sources */ = {isa = PBXBuildFile; fileRef = C42453E21C979D9400D01865 /* demoTestTests.m */; };
		C42453EE1C979D9400D01865 /* demoTestUITests.m in Sources */ = {isa = PBXBuildFile; fileRef = C42453ED1C979D9400D01865 /* demoTestUITests.m */; };
		C424540B1C97A32500D01865 /* DemoVC1.m in Sources */ = {isa = PBXBuildFile; fileRef = C42454081C97A32500D01865 /* DemoVC1.m */; };
		C424540C1C97A32500D01865 /* YRHomeIncomeView.m in Sources */ = {isa = PBXBuildFile; fileRef = C424540A1C97A32500D01865 /* YRHomeIncomeView.m */; };
		C424540F1C97B42D00D01865 /* YRHomeIncomeBlockView.m in Sources */ = {isa = PBXBuildFile; fileRef = C424540E1C97B42D00D01865 /* YRHomeIncomeBlockView.m */; };
		C42454131C97B74100D01865 /* BAHomeIncomeCell.m in Sources */ = {isa = PBXBuildFile; fileRef = C42454111C97B74100D01865 /* BAHomeIncomeCell.m */; };
		C42454141C97B74100D01865 /* BAHomeIncomeCell.xib in Resources */ = {isa = PBXBuildFile; fileRef = C42454121C97B74100D01865 /* BAHomeIncomeCell.xib */; };
		C42454171C97BAD600D01865 /* BAHomeIncomeModel.m in Sources */ = {isa = PBXBuildFile; fileRef = C42454161C97BAD600D01865 /* BAHomeIncomeModel.m */; };
		C4245FD91CA51412006740E3 /* NSDate+BACustom.m in Sources */ = {isa = PBXBuildFile; fileRef = C4245FD81CA51412006740E3 /* NSDate+BACustom.m */; };
		C440E55A1C981F51006FFA73 /* DemoVC3.m in Sources */ = {isa = PBXBuildFile; fileRef = C440E5591C981F51006FFA73 /* DemoVC3.m */; };
		C440E55D1C9821B7006FFA73 /* DemoVC3Model.m in Sources */ = {isa = PBXBuildFile; fileRef = C440E55C1C9821B7006FFA73 /* DemoVC3Model.m */; };
		C440E5621C982D41006FFA73 /* DemoVC3Cell.m in Sources */ = {isa = PBXBuildFile; fileRef = C440E55F1C982534006FFA73 /* DemoVC3Cell.m */; };
		C440E56E1C98360D006FFA73 /* DemoVC2.m in Sources */ = {isa = PBXBuildFile; fileRef = C440E5651C98360D006FFA73 /* DemoVC2.m */; };
		C440E56F1C98360D006FFA73 /* DemoVC2Cell.m in Sources */ = {isa = PBXBuildFile; fileRef = C440E5671C98360D006FFA73 /* DemoVC2Cell.m */; };
		C440E5701C98360D006FFA73 /* DemoVC2HeadView.m in Sources */ = {isa = PBXBuildFile; fileRef = C440E5691C98360D006FFA73 /* DemoVC2HeadView.m */; };
		C440E5711C98360D006FFA73 /* DemoVC2Model.m in Sources */ = {isa = PBXBuildFile; fileRef = C440E56B1C98360D006FFA73 /* DemoVC2Model.m */; };
		C440E5721C98360D006FFA73 /* SDWeiXinPhotoContainerView.m in Sources */ = {isa = PBXBuildFile; fileRef = C440E56D1C98360D006FFA73 /* SDWeiXinPhotoContainerView.m */; };
		C48063B01CA276CD000DD080 /* DemoVC10.m in Sources */ = {isa = PBXBuildFile; fileRef = C48063AF1CA276CD000DD080 /* DemoVC10.m */; };
		C48063B31CA27973000DD080 /* DemoVC10Model.m in Sources */ = {isa = PBXBuildFile; fileRef = C48063B21CA27973000DD080 /* DemoVC10Model.m */; };
		C48063B61CA27A30000DD080 /* DemoVC10Cell.m in Sources */ = {isa = PBXBuildFile; fileRef = C48063B51CA27A30000DD080 /* DemoVC10Cell.m */; };
		C48063B91CA28CA5000DD080 /* DemoVC10_replyVC.m in Sources */ = {isa = PBXBuildFile; fileRef = C48063B81CA28CA5000DD080 /* DemoVC10_replyVC.m */; };
		C4815DEE1CAA9C8800B22831 /* DemoVC12.m in Sources */ = {isa = PBXBuildFile; fileRef = C4815DEC1CAA9C8800B22831 /* DemoVC12.m */; };
		C4815DEF1CAA9C8800B22831 /* DemoVC12.xib in Resources */ = {isa = PBXBuildFile; fileRef = C4815DED1CAA9C8800B22831 /* DemoVC12.xib */; };
		C493ED291CAA92CE00DF2A44 /* UIViewController+BAAlertView.m in Sources */ = {isa = PBXBuildFile; fileRef = C493ED281CAA92CE00DF2A44 /* UIViewController+BAAlertView.m */; };
		C493ED2C1CAA92F600DF2A44 /* BACustomModalTransition.m in Sources */ = {isa = PBXBuildFile; fileRef = C493ED2B1CAA92F600DF2A44 /* BACustomModalTransition.m */; };
		C493ED2F1CAA932900DF2A44 /* BARadioButton.m in Sources */ = {isa = PBXBuildFile; fileRef = C493ED2E1CAA932900DF2A44 /* BARadioButton.m */; };
		C4C2E17D1CA8C95900C04EE5 /* BATokenManager.m in Sources */ = {isa = PBXBuildFile; fileRef = C4C2E17C1CA8C95900C04EE5 /* BATokenManager.m */; };
		C4C2E1801CA8CB9A00C04EE5 /* DemoVC5_SearchVC.m in Sources */ = {isa = PBXBuildFile; fileRef = C4C2E17F1CA8CB9A00C04EE5 /* DemoVC5_SearchVC.m */; };
		C4CAF6AF1CAB97B000CE265A /* Localizable.strings in Resources */ = {isa = PBXBuildFile; fileRef = C4CAF6B11CAB97B000CE265A /* Localizable.strings */; };
		C4CAF6B31CAB97BC00CE265A /* InfoPlist.strings in Resources */ = {isa = PBXBuildFile; fileRef = C4CAF6B51CAB97BC00CE265A /* InfoPlist.strings */; };
		C4E2D8F41C9D21A20083D6AE /* DemoVC8.m in Sources */ = {isa = PBXBuildFile; fileRef = C4E2D8F31C9D21A20083D6AE /* DemoVC8.m */; };
		C4E2D8F71C9D22570083D6AE /* DemoVC8_View1.m in Sources */ = {isa = PBXBuildFile; fileRef = C4E2D8F61C9D22570083D6AE /* DemoVC8_View1.m */; };
		C4F2625E1C9964E40026A0D6 /* DemoVC5.m in Sources */ = {isa = PBXBuildFile; fileRef = C4F2625D1C9964E40026A0D6 /* DemoVC5.m */; };
		C4F262611C99661C0026A0D6 /* DemoVC5Cell.m in Sources */ = {isa = PBXBuildFile; fileRef = C4F262601C99661C0026A0D6 /* DemoVC5Cell.m */; };
		C4F262641C99663C0026A0D6 /* DemoVC5Model.m in Sources */ = {isa = PBXBuildFile; fileRef = C4F262631C99663C0026A0D6 /* DemoVC5Model.m */; };
		C4F2626A1C997DCC0026A0D6 /* DemoVC6.m in Sources */ = {isa = PBXBuildFile; fileRef = C4F262691C997DCC0026A0D6 /* DemoVC6.m */; };
		C4F2626D1C997E210026A0D6 /* DemoVC6Cell.m in Sources */ = {isa = PBXBuildFile; fileRef = C4F2626C1C997E210026A0D6 /* DemoVC6Cell.m */; };
		C4F623701CA8C53900DCF152 /* BASearchBar.m in Sources */ = {isa = PBXBuildFile; fileRef = C4F6236F1CA8C53900DCF152 /* BASearchBar.m */; };
		C4F623761CA8C76100DCF152 /* BACustomBarItem.m in Sources */ = {isa = PBXBuildFile; fileRef = C4F623731CA8C76100DCF152 /* BACustomBarItem.m */; };
		C4F623771CA8C76100DCF152 /* UINavigationItem+CustomItem.m in Sources */ = {isa = PBXBuildFile; fileRef = C4F623751CA8C76100DCF152 /* UINavigationItem+CustomItem.m */; };
/* End PBXBuildFile section */

/* Begin PBXContainerItemProxy section */
		C42453DF1C979D9400D01865 /* PBXContainerItemProxy */ = {
			isa = PBXContainerItemProxy;
			containerPortal = C42453BD1C979D9300D01865 /* Project object */;
			proxyType = 1;
			remoteGlobalIDString = C42453C41C979D9300D01865;
			remoteInfo = demoTest;
		};
		C42453EA1C979D9400D01865 /* PBXContainerItemProxy */ = {
			isa = PBXContainerItemProxy;
			containerPortal = C42453BD1C979D9300D01865 /* Project object */;
			proxyType = 1;
			remoteGlobalIDString = C42453C41C979D9300D01865;
			remoteInfo = demoTest;
		};
/* End PBXContainerItemProxy section */

/* Begin PBXFileReference section */
		5C28A804240C9B46D0AB8D5B /* Pods-demoTest.debug.xcconfig */ = {isa = PBXFileReference; includeInIndex = 1; lastKnownFileType = text.xcconfig; name = "Pods-demoTest.debug.xcconfig"; path = "Pods/Target Support Files/Pods-demoTest/Pods-demoTest.debug.xcconfig"; sourceTree = "<group>"; };
		C404EC0B1CA9622800A82D3A /* DemoVC11.h */ = {isa = PBXFileReference; fileEncoding = 4; lastKnownFileType = sourcecode.c.h; path = DemoVC11.h; sourceTree = "<group>"; };
		C404EC0C1CA9622800A82D3A /* DemoVC11.m */ = {isa = PBXFileReference; fileEncoding = 4; lastKnownFileType = sourcecode.c.objc; path = DemoVC11.m; sourceTree = "<group>"; };
		C404EC0E1CA9628400A82D3A /* BAPickerView.h */ = {isa = PBXFileReference; fileEncoding = 4; lastKnownFileType = sourcecode.c.h; name = BAPickerView.h; path = ../DemoVC11/BAPickerView.h; sourceTree = "<group>"; };
		C404EC0F1CA9628400A82D3A /* BAPickerView.m */ = {isa = PBXFileReference; fileEncoding = 4; lastKnownFileType = sourcecode.c.objc; name = BAPickerView.m; path = ../DemoVC11/BAPickerView.m; sourceTree = "<group>"; };
		C404EC121CA9667E00A82D3A /* UIColor+RCColor.h */ = {isa = PBXFileReference; fileEncoding = 4; lastKnownFileType = sourcecode.c.h; path = "UIColor+RCColor.h"; sourceTree = "<group>"; };
		C404EC131CA9667E00A82D3A /* UIColor+RCColor.m */ = {isa = PBXFileReference; fileEncoding = 4; lastKnownFileType = sourcecode.c.objc; path = "UIColor+RCColor.m"; sourceTree = "<group>"; };
		C404EC191CA9680F00A82D3A /* 0.jpg */ = {isa = PBXFileReference; lastKnownFileType = image.jpeg; path = 0.jpg; sourceTree = "<group>"; };
		C404EC1A1CA9680F00A82D3A /* 1.jpg */ = {isa = PBXFileReference; lastKnownFileType = image.jpeg; path = 1.jpg; sourceTree = "<group>"; };
		C404EC1B1CA9680F00A82D3A /* 10.jpg */ = {isa = PBXFileReference; lastKnownFileType = image.jpeg; path = 10.jpg; sourceTree = "<group>"; };
		C404EC1C1CA9680F00A82D3A /* 11.jpg */ = {isa = PBXFileReference; lastKnownFileType = image.jpeg; path = 11.jpg; sourceTree = "<group>"; };
		C404EC1D1CA9680F00A82D3A /* 12.jpg */ = {isa = PBXFileReference; lastKnownFileType = image.jpeg; path = 12.jpg; sourceTree = "<group>"; };
		C404EC1E1CA9680F00A82D3A /* 13.jpg */ = {isa = PBXFileReference; lastKnownFileType = image.jpeg; path = 13.jpg; sourceTree = "<group>"; };
		C404EC1F1CA9680F00A82D3A /* 14.jpg */ = {isa = PBXFileReference; lastKnownFileType = image.jpeg; path = 14.jpg; sourceTree = "<group>"; };
		C404EC201CA9680F00A82D3A /* 15.jpg */ = {isa = PBXFileReference; lastKnownFileType = image.jpeg; path = 15.jpg; sourceTree = "<group>"; };
		C404EC211CA9680F00A82D3A /* 16.jpg */ = {isa = PBXFileReference; lastKnownFileType = image.jpeg; path = 16.jpg; sourceTree = "<group>"; };
		C404EC221CA9680F00A82D3A /* 17.jpg */ = {isa = PBXFileReference; lastKnownFileType = image.jpeg; path = 17.jpg; sourceTree = "<group>"; };
		C404EC231CA9680F00A82D3A /* 18.jpg */ = {isa = PBXFileReference; lastKnownFileType = image.jpeg; path = 18.jpg; sourceTree = "<group>"; };
		C404EC241CA9680F00A82D3A /* 19.jpg */ = {isa = PBXFileReference; lastKnownFileType = image.jpeg; path = 19.jpg; sourceTree = "<group>"; };
		C404EC251CA9680F00A82D3A /* 2.jpg */ = {isa = PBXFileReference; lastKnownFileType = image.jpeg; path = 2.jpg; sourceTree = "<group>"; };
		C404EC261CA9680F00A82D3A /* 20.jpg */ = {isa = PBXFileReference; lastKnownFileType = image.jpeg; path = 20.jpg; sourceTree = "<group>"; };
		C404EC271CA9680F00A82D3A /* 21.jpg */ = {isa = PBXFileReference; lastKnownFileType = image.jpeg; path = 21.jpg; sourceTree = "<group>"; };
		C404EC281CA9680F00A82D3A /* 22.jpg */ = {isa = PBXFileReference; lastKnownFileType = image.jpeg; path = 22.jpg; sourceTree = "<group>"; };
		C404EC291CA9680F00A82D3A /* 23.jpg */ = {isa = PBXFileReference; lastKnownFileType = image.jpeg; path = 23.jpg; sourceTree = "<group>"; };
		C404EC2A1CA9680F00A82D3A /* 3.jpg */ = {isa = PBXFileReference; lastKnownFileType = image.jpeg; path = 3.jpg; sourceTree = "<group>"; };
		C404EC2B1CA9680F00A82D3A /* 4.jpg */ = {isa = PBXFileReference; lastKnownFileType = image.jpeg; path = 4.jpg; sourceTree = "<group>"; };
		C404EC2C1CA9680F00A82D3A /* 5.jpg */ = {isa = PBXFileReference; lastKnownFileType = image.jpeg; path = 5.jpg; sourceTree = "<group>"; };
		C404EC2D1CA9680F00A82D3A /* 6.jpg */ = {isa = PBXFileReference; lastKnownFileType = image.jpeg; path = 6.jpg; sourceTree = "<group>"; };
		C404EC2E1CA9680F00A82D3A /* 7.jpg */ = {isa = PBXFileReference; lastKnownFileType = image.jpeg; path = 7.jpg; sourceTree = "<group>"; };
		C404EC2F1CA9680F00A82D3A /* 8.jpg */ = {isa = PBXFileReference; lastKnownFileType = image.jpeg; path = 8.jpg; sourceTree = "<group>"; };
		C404EC301CA9680F00A82D3A /* 9.jpg */ = {isa = PBXFileReference; lastKnownFileType = image.jpeg; path = 9.jpg; sourceTree = "<group>"; };
		C404EC311CA9680F00A82D3A /* Home.xcassets */ = {isa = PBXFileReference; lastKnownFileType = folder.assetcatalog; path = Home.xcassets; sourceTree = "<group>"; };
		C404EC321CA9680F00A82D3A /* icon0.jpg */ = {isa = PBXFileReference; lastKnownFileType = image.jpeg; path = icon0.jpg; sourceTree = "<group>"; };
		C404EC331CA9680F00A82D3A /* icon1.jpg */ = {isa = PBXFileReference; lastKnownFileType = image.jpeg; path = icon1.jpg; sourceTree = "<group>"; };
		C404EC341CA9680F00A82D3A /* icon2.jpg */ = {isa = PBXFileReference; lastKnownFileType = image.jpeg; path = icon2.jpg; sourceTree = "<group>"; };
		C404EC351CA9680F00A82D3A /* icon3.jpg */ = {isa = PBXFileReference; lastKnownFileType = image.jpeg; path = icon3.jpg; sourceTree = "<group>"; };
		C404EC361CA9680F00A82D3A /* icon4.jpg */ = {isa = PBXFileReference; lastKnownFileType = image.jpeg; path = icon4.jpg; sourceTree = "<group>"; };
		C404EC371CA9680F00A82D3A /* pbg.jpg */ = {isa = PBXFileReference; lastKnownFileType = image.jpeg; path = pbg.jpg; sourceTree = "<group>"; };
		C404EC381CA9680F00A82D3A /* pic0.jpg */ = {isa = PBXFileReference; lastKnownFileType = image.jpeg; path = pic0.jpg; sourceTree = "<group>"; };
		C404EC391CA9680F00A82D3A /* pic1.jpg */ = {isa = PBXFileReference; lastKnownFileType = image.jpeg; path = pic1.jpg; sourceTree = "<group>"; };
		C404EC3A1CA9680F00A82D3A /* pic2.jpg */ = {isa = PBXFileReference; lastKnownFileType = image.jpeg; path = pic2.jpg; sourceTree = "<group>"; };
		C404EC3B1CA9680F00A82D3A /* pic3.jpg */ = {isa = PBXFileReference; lastKnownFileType = image.jpeg; path = pic3.jpg; sourceTree = "<group>"; };
		C404EC3C1CA9680F00A82D3A /* pic4.jpg */ = {isa = PBXFileReference; lastKnownFileType = image.jpeg; path = pic4.jpg; sourceTree = "<group>"; };
		C404EC3D1CA9680F00A82D3A /* pic5.jpg */ = {isa = PBXFileReference; lastKnownFileType = image.jpeg; path = pic5.jpg; sourceTree = "<group>"; };
		C404EC3E1CA9680F00A82D3A /* pic6.jpg */ = {isa = PBXFileReference; lastKnownFileType = image.jpeg; path = pic6.jpg; sourceTree = "<group>"; };
		C404EC3F1CA9680F00A82D3A /* pic7.jpg */ = {isa = PBXFileReference; lastKnownFileType = image.jpeg; path = pic7.jpg; sourceTree = "<group>"; };
		C404EC401CA9680F00A82D3A /* pic8.jpg */ = {isa = PBXFileReference; lastKnownFileType = image.jpeg; path = pic8.jpg; sourceTree = "<group>"; };
		C404EC411CA9680F00A82D3A /* picon.jpg */ = {isa = PBXFileReference; lastKnownFileType = image.jpeg; path = picon.jpg; sourceTree = "<group>"; };
		C404EC431CA9680F00A82D3A /* test0.jpg */ = {isa = PBXFileReference; lastKnownFileType = image.jpeg; path = test0.jpg; sourceTree = "<group>"; };
		C404EC441CA9680F00A82D3A /* test1.jpg */ = {isa = PBXFileReference; lastKnownFileType = image.jpeg; path = test1.jpg; sourceTree = "<group>"; };
		C404EC451CA9680F00A82D3A /* test2.jpg */ = {isa = PBXFileReference; lastKnownFileType = image.jpeg; path = test2.jpg; sourceTree = "<group>"; };
		C404EC461CA9680F00A82D3A /* test3.jpg */ = {isa = PBXFileReference; lastKnownFileType = image.jpeg; path = test3.jpg; sourceTree = "<group>"; };
		C404EC471CA9680F00A82D3A /* test4.jpg */ = {isa = PBXFileReference; lastKnownFileType = image.jpeg; path = test4.jpg; sourceTree = "<group>"; };
		C404EC761CA9681500A82D3A /* area.plist */ = {isa = PBXFileReference; fileEncoding = 4; lastKnownFileType = text.plist.xml; path = area.plist; sourceTree = "<group>"; };
		C40823081C9E9F9600E85C9C /* NSString+BACustom.m */ = {isa = PBXFileReference; fileEncoding = 4; lastKnownFileType = sourcecode.c.objc; path = "NSString+BACustom.m"; sourceTree = "<group>"; };
		C40823091C9E9F9600E85C9C /* NSString+BACustom.h */ = {isa = PBXFileReference; fileEncoding = 4; lastKnownFileType = sourcecode.c.h; path = "NSString+BACustom.h"; sourceTree = "<group>"; };
		C40823121C9EA0A000E85C9C /* BACustomButton.m */ = {isa = PBXFileReference; fileEncoding = 4; lastKnownFileType = sourcecode.c.objc; path = BACustomButton.m; sourceTree = "<group>"; };
		C40823131C9EA0A000E85C9C /* BACustomButton.h */ = {isa = PBXFileReference; fileEncoding = 4; lastKnownFileType = sourcecode.c.h; path = BACustomButton.h; sourceTree = "<group>"; };
		C40823151C9EA0E200E85C9C /* DemoVC9.h */ = {isa = PBXFileReference; fileEncoding = 4; lastKnownFileType = sourcecode.c.h; path = DemoVC9.h; sourceTree = "<group>"; };
		C40823161C9EA0E200E85C9C /* DemoVC9.m */ = {isa = PBXFileReference; fileEncoding = 4; lastKnownFileType = sourcecode.c.objc; path = DemoVC9.m; sourceTree = "<group>"; };
		C40823181C9EA4DE00E85C9C /* UIImageView+BACustom.h */ = {isa = PBXFileReference; fileEncoding = 4; lastKnownFileType = sourcecode.c.h; path = "UIImageView+BACustom.h"; sourceTree = "<group>"; };
		C40823191C9EA4DE00E85C9C /* UIImageView+BACustom.m */ = {isa = PBXFileReference; fileEncoding = 4; lastKnownFileType = sourcecode.c.objc; path = "UIImageView+BACustom.m"; sourceTree = "<group>"; };
		C408231B1C9EA8F500E85C9C /* NSNumber+BACustom.h */ = {isa = PBXFileReference; fileEncoding = 4; lastKnownFileType = sourcecode.c.h; path = "NSNumber+BACustom.h"; sourceTree = "<group>"; };
		C408231C1C9EA8F500E85C9C /* NSNumber+BACustom.m */ = {isa = PBXFileReference; fileEncoding = 4; lastKnownFileType = sourcecode.c.objc; path = "NSNumber+BACustom.m"; sourceTree = "<group>"; };
		C408231E1C9EAFF200E85C9C /* NSArray+BACustom.h */ = {isa = PBXFileReference; fileEncoding = 4; lastKnownFileType = sourcecode.c.h; path = "NSArray+BACustom.h"; sourceTree = "<group>"; };
		C408231F1C9EAFF200E85C9C /* NSArray+BACustom.m */ = {isa = PBXFileReference; fileEncoding = 4; lastKnownFileType = sourcecode.c.objc; path = "NSArray+BACustom.m"; sourceTree = "<group>"; };
		C40823211C9EBBA700E85C9C /* NSData+BACustom.h */ = {isa = PBXFileReference; fileEncoding = 4; lastKnownFileType = sourcecode.c.h; path = "NSData+BACustom.h"; sourceTree = "<group>"; };
		C40823221C9EBBA700E85C9C /* NSData+BACustom.m */ = {isa = PBXFileReference; fileEncoding = 4; lastKnownFileType = sourcecode.c.objc; path = "NSData+BACustom.m"; sourceTree = "<group>"; };
		C40823241C9ED9BA00E85C9C /* UIImage+BACustom.h */ = {isa = PBXFileReference; fileEncoding = 4; lastKnownFileType = sourcecode.c.h; path = "UIImage+BACustom.h"; sourceTree = "<group>"; };
		C40823251C9ED9BA00E85C9C /* UIImage+BACustom.m */ = {isa = PBXFileReference; fileEncoding = 4; lastKnownFileType = sourcecode.c.objc; path = "UIImage+BACustom.m"; sourceTree = "<group>"; };
		C40823431C9EE35800E85C9C /* UITableView+BACustom.h */ = {isa = PBXFileReference; fileEncoding = 4; lastKnownFileType = sourcecode.c.h; path = "UITableView+BACustom.h"; sourceTree = "<group>"; };
		C40823441C9EE35800E85C9C /* UITableView+BACustom.m */ = {isa = PBXFileReference; fileEncoding = 4; lastKnownFileType = sourcecode.c.objc; path = "UITableView+BACustom.m"; sourceTree = "<group>"; };
		C40A7E081C9A3C56006F0687 /* DemoVC7.h */ = {isa = PBXFileReference; fileEncoding = 4; lastKnownFileType = sourcecode.c.h; path = DemoVC7.h; sourceTree = "<group>"; };
		C40A7E091C9A3C56006F0687 /* DemoVC7.m */ = {isa = PBXFileReference; fileEncoding = 4; lastKnownFileType = sourcecode.c.objc; path = DemoVC7.m; sourceTree = "<group>"; };
		C40A7E0A1C9A3C56006F0687 /* DemoVC7Cell.h */ = {isa = PBXFileReference; fileEncoding = 4; lastKnownFileType = sourcecode.c.h; path = DemoVC7Cell.h; sourceTree = "<group>"; };
		C40A7E0B1C9A3C56006F0687 /* DemoVC7Cell.m */ = {isa = PBXFileReference; fileEncoding = 4; lastKnownFileType = sourcecode.c.objc; path = DemoVC7Cell.m; sourceTree = "<group>"; };
		C40A7E0C1C9A3C56006F0687 /* DemoVC7Model.h */ = {isa = PBXFileReference; fileEncoding = 4; lastKnownFileType = sourcecode.c.h; path = DemoVC7Model.h; sourceTree = "<group>"; };
		C40A7E0D1C9A3C56006F0687 /* DemoVC7Model.m */ = {isa = PBXFileReference; fileEncoding = 4; lastKnownFileType = sourcecode.c.objc; path = DemoVC7Model.m; sourceTree = "<group>"; };
		C40A7E111C9A5462006F0687 /* DemoVC7_replyVC.h */ = {isa = PBXFileReference; fileEncoding = 4; lastKnownFileType = sourcecode.c.h; path = DemoVC7_replyVC.h; sourceTree = "<group>"; };
		C40A7E121C9A5462006F0687 /* DemoVC7_replyVC.m */ = {isa = PBXFileReference; fileEncoding = 4; lastKnownFileType = sourcecode.c.objc; path = DemoVC7_replyVC.m; sourceTree = "<group>"; };
		C40A7E141C9A5882006F0687 /* DemoVC7_quesstionCell.h */ = {isa = PBXFileReference; fileEncoding = 4; lastKnownFileType = sourcecode.c.h; path = DemoVC7_quesstionCell.h; sourceTree = "<group>"; };
		C40A7E151C9A5882006F0687 /* DemoVC7_quesstionCell.m */ = {isa = PBXFileReference; fileEncoding = 4; lastKnownFileType = sourcecode.c.objc; path = DemoVC7_quesstionCell.m; sourceTree = "<group>"; };
		C40A7E1A1C9A61D8006F0687 /* DemoVC7_replyView.h */ = {isa = PBXFileReference; fileEncoding = 4; lastKnownFileType = sourcecode.c.h; path = DemoVC7_replyView.h; sourceTree = "<group>"; };
		C40A7E1B1C9A61D8006F0687 /* DemoVC7_replyView.m */ = {isa = PBXFileReference; fileEncoding = 4; lastKnownFileType = sourcecode.c.objc; path = DemoVC7_replyView.m; sourceTree = "<group>"; };
		C4225D7F1C98EA62006262C9 /* YRDemandShareCell.h */ = {isa = PBXFileReference; fileEncoding = 4; lastKnownFileType = sourcecode.c.h; path = YRDemandShareCell.h; sourceTree = "<group>"; };
		C4225D801C98EA62006262C9 /* YRDemandShareCell.m */ = {isa = PBXFileReference; fileEncoding = 4; lastKnownFileType = sourcecode.c.objc; path = YRDemandShareCell.m; sourceTree = "<group>"; };
		C4225D811C98EA62006262C9 /* YRDemandUserViewCell.h */ = {isa = PBXFileReference; fileEncoding = 4; lastKnownFileType = sourcecode.c.h; path = YRDemandUserViewCell.h; sourceTree = "<group>"; };
		C4225D821C98EA62006262C9 /* YRDemandUserViewCell.m */ = {isa = PBXFileReference; fileEncoding = 4; lastKnownFileType = sourcecode.c.objc; path = YRDemandUserViewCell.m; sourceTree = "<group>"; };
		C4225D881C98EAF1006262C9 /* YRDemandShareModel.h */ = {isa = PBXFileReference; fileEncoding = 4; lastKnownFileType = sourcecode.c.h; path = YRDemandShareModel.h; sourceTree = "<group>"; };
		C4225D891C98EAF1006262C9 /* YRDemandShareModel.m */ = {isa = PBXFileReference; fileEncoding = 4; lastKnownFileType = sourcecode.c.objc; path = YRDemandShareModel.m; sourceTree = "<group>"; };
		C4225D8B1C98EB6D006262C9 /* YRDemandModel.h */ = {isa = PBXFileReference; fileEncoding = 4; lastKnownFileType = sourcecode.c.h; path = YRDemandModel.h; sourceTree = "<group>"; };
		C4225D8C1C98EB6D006262C9 /* YRDemandModel.m */ = {isa = PBXFileReference; fileEncoding = 4; lastKnownFileType = sourcecode.c.objc; path = YRDemandModel.m; sourceTree = "<group>"; };
		C4225D951C990ED2006262C9 /* UIView+BACustom.h */ = {isa = PBXFileReference; fileEncoding = 4; lastKnownFileType = sourcecode.c.h; path = "UIView+BACustom.h"; sourceTree = "<group>"; };
		C4225D961C990ED2006262C9 /* UIView+BACustom.m */ = {isa = PBXFileReference; fileEncoding = 4; lastKnownFileType = sourcecode.c.objc; path = "UIView+BACustom.m"; sourceTree = "<group>"; };
		C4225D9E1C990ED2006262C9 /* SDBrowserImageView.h */ = {isa = PBXFileReference; fileEncoding = 4; lastKnownFileType = sourcecode.c.h; path = SDBrowserImageView.h; sourceTree = "<group>"; };
		C4225D9F1C990ED2006262C9 /* SDBrowserImageView.m */ = {isa = PBXFileReference; fileEncoding = 4; lastKnownFileType = sourcecode.c.objc; path = SDBrowserImageView.m; sourceTree = "<group>"; };
		C4225DA01C990ED2006262C9 /* SDPhotoBrowser.h */ = {isa = PBXFileReference; fileEncoding = 4; lastKnownFileType = sourcecode.c.h; path = SDPhotoBrowser.h; sourceTree = "<group>"; };
		C4225DA11C990ED2006262C9 /* SDPhotoBrowser.m */ = {isa = PBXFileReference; fileEncoding = 4; lastKnownFileType = sourcecode.c.objc; path = SDPhotoBrowser.m; sourceTree = "<group>"; };
		C4225DA21C990ED2006262C9 /* SDPhotoBrowserConfig.h */ = {isa = PBXFileReference; fileEncoding = 4; lastKnownFileType = sourcecode.c.h; path = SDPhotoBrowserConfig.h; sourceTree = "<group>"; };
		C4225DA31C990ED2006262C9 /* SDWaitingView.h */ = {isa = PBXFileReference; fileEncoding = 4; lastKnownFileType = sourcecode.c.h; path = SDWaitingView.h; sourceTree = "<group>"; };
		C4225DA41C990ED2006262C9 /* SDWaitingView.m */ = {isa = PBXFileReference; fileEncoding = 4; lastKnownFileType = sourcecode.c.objc; path = SDWaitingView.m; sourceTree = "<group>"; };
		C4225DDE1C990F93006262C9 /* BADemo.pch */ = {isa = PBXFileReference; fileEncoding = 4; lastKnownFileType = sourcecode.c.h; path = BADemo.pch; sourceTree = "<group>"; };
		C4225DE21C99254A006262C9 /* DemoVC4.h */ = {isa = PBXFileReference; fileEncoding = 4; lastKnownFileType = sourcecode.c.h; path = DemoVC4.h; sourceTree = "<group>"; };
		C4225DE31C99254A006262C9 /* DemoVC4.m */ = {isa = PBXFileReference; fileEncoding = 4; lastKnownFileType = sourcecode.c.objc; path = DemoVC4.m; sourceTree = "<group>"; };
		C42453C51C979D9300D01865 /* demoTest.app */ = {isa = PBXFileReference; explicitFileType = wrapper.application; includeInIndex = 0; path = demoTest.app; sourceTree = BUILT_PRODUCTS_DIR; };
		C42453C91C979D9300D01865 /* main.m */ = {isa = PBXFileReference; lastKnownFileType = sourcecode.c.objc; path = main.m; sourceTree = "<group>"; };
		C42453CB1C979D9300D01865 /* AppDelegate.h */ = {isa = PBXFileReference; lastKnownFileType = sourcecode.c.h; path = AppDelegate.h; sourceTree = "<group>"; };
		C42453CC1C979D9300D01865 /* AppDelegate.m */ = {isa = PBXFileReference; lastKnownFileType = sourcecode.c.objc; path = AppDelegate.m; sourceTree = "<group>"; };
		C42453CE1C979D9300D01865 /* ViewController.h */ = {isa = PBXFileReference; lastKnownFileType = sourcecode.c.h; path = ViewController.h; sourceTree = "<group>"; };
		C42453CF1C979D9300D01865 /* ViewController.m */ = {isa = PBXFileReference; lastKnownFileType = sourcecode.c.objc; path = ViewController.m; sourceTree = "<group>"; };
		C42453D21C979D9300D01865 /* Base */ = {isa = PBXFileReference; lastKnownFileType = file.storyboard; name = Base; path = Base.lproj/Main.storyboard; sourceTree = "<group>"; };
		C42453D41C979D9300D01865 /* Assets.xcassets */ = {isa = PBXFileReference; lastKnownFileType = folder.assetcatalog; name = Assets.xcassets; path = ../Assets.xcassets; sourceTree = "<group>"; };
		C42453D71C979D9300D01865 /* Base */ = {isa = PBXFileReference; lastKnownFileType = file.storyboard; name = Base; path = Base.lproj/LaunchScreen.storyboard; sourceTree = "<group>"; };
		C42453D91C979D9300D01865 /* Info.plist */ = {isa = PBXFileReference; lastKnownFileType = text.plist.xml; name = Info.plist; path = ../Info.plist; sourceTree = "<group>"; };
		C42453DE1C979D9400D01865 /* demoTestTests.xctest */ = {isa = PBXFileReference; explicitFileType = wrapper.cfbundle; includeInIndex = 0; path = demoTestTests.xctest; sourceTree = BUILT_PRODUCTS_DIR; };
		C42453E21C979D9400D01865 /* demoTestTests.m */ = {isa = PBXFileReference; lastKnownFileType = sourcecode.c.objc; path = demoTestTests.m; sourceTree = "<group>"; };
		C42453E41C979D9400D01865 /* Info.plist */ = {isa = PBXFileReference; lastKnownFileType = text.plist.xml; path = Info.plist; sourceTree = "<group>"; };
		C42453E91C979D9400D01865 /* demoTestUITests.xctest */ = {isa = PBXFileReference; explicitFileType = wrapper.cfbundle; includeInIndex = 0; path = demoTestUITests.xctest; sourceTree = BUILT_PRODUCTS_DIR; };
		C42453ED1C979D9400D01865 /* demoTestUITests.m */ = {isa = PBXFileReference; lastKnownFileType = sourcecode.c.objc; path = demoTestUITests.m; sourceTree = "<group>"; };
		C42453EF1C979D9400D01865 /* Info.plist */ = {isa = PBXFileReference; lastKnownFileType = text.plist.xml; path = Info.plist; sourceTree = "<group>"; };
		C42454071C97A32500D01865 /* DemoVC1.h */ = {isa = PBXFileReference; fileEncoding = 4; lastKnownFileType = sourcecode.c.h; path = DemoVC1.h; sourceTree = "<group>"; };
		C42454081C97A32500D01865 /* DemoVC1.m */ = {isa = PBXFileReference; fileEncoding = 4; lastKnownFileType = sourcecode.c.objc; path = DemoVC1.m; sourceTree = "<group>"; };
		C42454091C97A32500D01865 /* YRHomeIncomeView.h */ = {isa = PBXFileReference; fileEncoding = 4; lastKnownFileType = sourcecode.c.h; path = YRHomeIncomeView.h; sourceTree = "<group>"; };
		C424540A1C97A32500D01865 /* YRHomeIncomeView.m */ = {isa = PBXFileReference; fileEncoding = 4; lastKnownFileType = sourcecode.c.objc; path = YRHomeIncomeView.m; sourceTree = "<group>"; };
		C424540D1C97B42D00D01865 /* YRHomeIncomeBlockView.h */ = {isa = PBXFileReference; fileEncoding = 4; lastKnownFileType = sourcecode.c.h; path = YRHomeIncomeBlockView.h; sourceTree = "<group>"; };
		C424540E1C97B42D00D01865 /* YRHomeIncomeBlockView.m */ = {isa = PBXFileReference; fileEncoding = 4; lastKnownFileType = sourcecode.c.objc; path = YRHomeIncomeBlockView.m; sourceTree = "<group>"; };
		C42454101C97B74100D01865 /* BAHomeIncomeCell.h */ = {isa = PBXFileReference; fileEncoding = 4; lastKnownFileType = sourcecode.c.h; path = BAHomeIncomeCell.h; sourceTree = "<group>"; };
		C42454111C97B74100D01865 /* BAHomeIncomeCell.m */ = {isa = PBXFileReference; fileEncoding = 4; lastKnownFileType = sourcecode.c.objc; path = BAHomeIncomeCell.m; sourceTree = "<group>"; };
		C42454121C97B74100D01865 /* BAHomeIncomeCell.xib */ = {isa = PBXFileReference; fileEncoding = 4; lastKnownFileType = file.xib; path = BAHomeIncomeCell.xib; sourceTree = "<group>"; };
		C42454151C97BAD600D01865 /* BAHomeIncomeModel.h */ = {isa = PBXFileReference; fileEncoding = 4; lastKnownFileType = sourcecode.c.h; path = BAHomeIncomeModel.h; sourceTree = "<group>"; };
		C42454161C97BAD600D01865 /* BAHomeIncomeModel.m */ = {isa = PBXFileReference; fileEncoding = 4; lastKnownFileType = sourcecode.c.objc; path = BAHomeIncomeModel.m; sourceTree = "<group>"; };
		C4245FD71CA51412006740E3 /* NSDate+BACustom.h */ = {isa = PBXFileReference; fileEncoding = 4; lastKnownFileType = sourcecode.c.h; path = "NSDate+BACustom.h"; sourceTree = "<group>"; };
		C4245FD81CA51412006740E3 /* NSDate+BACustom.m */ = {isa = PBXFileReference; fileEncoding = 4; lastKnownFileType = sourcecode.c.objc; path = "NSDate+BACustom.m"; sourceTree = "<group>"; };
		C440E5581C981F51006FFA73 /* DemoVC3.h */ = {isa = PBXFileReference; fileEncoding = 4; lastKnownFileType = sourcecode.c.h; path = DemoVC3.h; sourceTree = "<group>"; };
		C440E5591C981F51006FFA73 /* DemoVC3.m */ = {isa = PBXFileReference; fileEncoding = 4; lastKnownFileType = sourcecode.c.objc; path = DemoVC3.m; sourceTree = "<group>"; };
		C440E55B1C9821B7006FFA73 /* DemoVC3Model.h */ = {isa = PBXFileReference; fileEncoding = 4; lastKnownFileType = sourcecode.c.h; path = DemoVC3Model.h; sourceTree = "<group>"; };
		C440E55C1C9821B7006FFA73 /* DemoVC3Model.m */ = {isa = PBXFileReference; fileEncoding = 4; lastKnownFileType = sourcecode.c.objc; path = DemoVC3Model.m; sourceTree = "<group>"; };
		C440E55E1C982534006FFA73 /* DemoVC3Cell.h */ = {isa = PBXFileReference; fileEncoding = 4; lastKnownFileType = sourcecode.c.h; path = DemoVC3Cell.h; sourceTree = "<group>"; };
		C440E55F1C982534006FFA73 /* DemoVC3Cell.m */ = {isa = PBXFileReference; fileEncoding = 4; lastKnownFileType = sourcecode.c.objc; path = DemoVC3Cell.m; sourceTree = "<group>"; };
		C440E5641C98360D006FFA73 /* DemoVC2.h */ = {isa = PBXFileReference; fileEncoding = 4; lastKnownFileType = sourcecode.c.h; path = DemoVC2.h; sourceTree = "<group>"; };
		C440E5651C98360D006FFA73 /* DemoVC2.m */ = {isa = PBXFileReference; fileEncoding = 4; lastKnownFileType = sourcecode.c.objc; path = DemoVC2.m; sourceTree = "<group>"; };
		C440E5661C98360D006FFA73 /* DemoVC2Cell.h */ = {isa = PBXFileReference; fileEncoding = 4; lastKnownFileType = sourcecode.c.h; path = DemoVC2Cell.h; sourceTree = "<group>"; };
		C440E5671C98360D006FFA73 /* DemoVC2Cell.m */ = {isa = PBXFileReference; fileEncoding = 4; lastKnownFileType = sourcecode.c.objc; path = DemoVC2Cell.m; sourceTree = "<group>"; };
		C440E5681C98360D006FFA73 /* DemoVC2HeadView.h */ = {isa = PBXFileReference; fileEncoding = 4; lastKnownFileType = sourcecode.c.h; path = DemoVC2HeadView.h; sourceTree = "<group>"; };
		C440E5691C98360D006FFA73 /* DemoVC2HeadView.m */ = {isa = PBXFileReference; fileEncoding = 4; lastKnownFileType = sourcecode.c.objc; path = DemoVC2HeadView.m; sourceTree = "<group>"; };
		C440E56A1C98360D006FFA73 /* DemoVC2Model.h */ = {isa = PBXFileReference; fileEncoding = 4; lastKnownFileType = sourcecode.c.h; path = DemoVC2Model.h; sourceTree = "<group>"; };
		C440E56B1C98360D006FFA73 /* DemoVC2Model.m */ = {isa = PBXFileReference; fileEncoding = 4; lastKnownFileType = sourcecode.c.objc; path = DemoVC2Model.m; sourceTree = "<group>"; };
		C440E56C1C98360D006FFA73 /* SDWeiXinPhotoContainerView.h */ = {isa = PBXFileReference; fileEncoding = 4; lastKnownFileType = sourcecode.c.h; path = SDWeiXinPhotoContainerView.h; sourceTree = "<group>"; };
		C440E56D1C98360D006FFA73 /* SDWeiXinPhotoContainerView.m */ = {isa = PBXFileReference; fileEncoding = 4; lastKnownFileType = sourcecode.c.objc; path = SDWeiXinPhotoContainerView.m; sourceTree = "<group>"; };
		C48063AD1CA275B8000DD080 /* BADefin.h */ = {isa = PBXFileReference; lastKnownFileType = sourcecode.c.h; path = BADefin.h; sourceTree = "<group>"; };
		C48063AE1CA276CD000DD080 /* DemoVC10.h */ = {isa = PBXFileReference; fileEncoding = 4; lastKnownFileType = sourcecode.c.h; path = DemoVC10.h; sourceTree = "<group>"; };
		C48063AF1CA276CD000DD080 /* DemoVC10.m */ = {isa = PBXFileReference; fileEncoding = 4; lastKnownFileType = sourcecode.c.objc; path = DemoVC10.m; sourceTree = "<group>"; };
		C48063B11CA27973000DD080 /* DemoVC10Model.h */ = {isa = PBXFileReference; fileEncoding = 4; lastKnownFileType = sourcecode.c.h; path = DemoVC10Model.h; sourceTree = "<group>"; };
		C48063B21CA27973000DD080 /* DemoVC10Model.m */ = {isa = PBXFileReference; fileEncoding = 4; lastKnownFileType = sourcecode.c.objc; path = DemoVC10Model.m; sourceTree = "<group>"; };
		C48063B41CA27A30000DD080 /* DemoVC10Cell.h */ = {isa = PBXFileReference; fileEncoding = 4; lastKnownFileType = sourcecode.c.h; path = DemoVC10Cell.h; sourceTree = "<group>"; };
		C48063B51CA27A30000DD080 /* DemoVC10Cell.m */ = {isa = PBXFileReference; fileEncoding = 4; lastKnownFileType = sourcecode.c.objc; path = DemoVC10Cell.m; sourceTree = "<group>"; };
		C48063B71CA28CA5000DD080 /* DemoVC10_replyVC.h */ = {isa = PBXFileReference; fileEncoding = 4; lastKnownFileType = sourcecode.c.h; path = DemoVC10_replyVC.h; sourceTree = "<group>"; };
		C48063B81CA28CA5000DD080 /* DemoVC10_replyVC.m */ = {isa = PBXFileReference; fileEncoding = 4; lastKnownFileType = sourcecode.c.objc; path = DemoVC10_replyVC.m; sourceTree = "<group>"; };
		C4815DEB1CAA9C8800B22831 /* DemoVC12.h */ = {isa = PBXFileReference; fileEncoding = 4; lastKnownFileType = sourcecode.c.h; path = DemoVC12.h; sourceTree = "<group>"; };
		C4815DEC1CAA9C8800B22831 /* DemoVC12.m */ = {isa = PBXFileReference; fileEncoding = 4; lastKnownFileType = sourcecode.c.objc; path = DemoVC12.m; sourceTree = "<group>"; };
		C4815DED1CAA9C8800B22831 /* DemoVC12.xib */ = {isa = PBXFileReference; fileEncoding = 4; lastKnownFileType = file.xib; path = DemoVC12.xib; sourceTree = "<group>"; };
		C493ED271CAA92CE00DF2A44 /* UIViewController+BAAlertView.h */ = {isa = PBXFileReference; fileEncoding = 4; lastKnownFileType = sourcecode.c.h; path = "UIViewController+BAAlertView.h"; sourceTree = "<group>"; };
		C493ED281CAA92CE00DF2A44 /* UIViewController+BAAlertView.m */ = {isa = PBXFileReference; fileEncoding = 4; lastKnownFileType = sourcecode.c.objc; path = "UIViewController+BAAlertView.m"; sourceTree = "<group>"; };
		C493ED2A1CAA92F600DF2A44 /* BACustomModalTransition.h */ = {isa = PBXFileReference; fileEncoding = 4; lastKnownFileType = sourcecode.c.h; path = BACustomModalTransition.h; sourceTree = "<group>"; };
		C493ED2B1CAA92F600DF2A44 /* BACustomModalTransition.m */ = {isa = PBXFileReference; fileEncoding = 4; lastKnownFileType = sourcecode.c.objc; path = BACustomModalTransition.m; sourceTree = "<group>"; };
		C493ED2D1CAA932900DF2A44 /* BARadioButton.h */ = {isa = PBXFileReference; fileEncoding = 4; lastKnownFileType = sourcecode.c.h; path = BARadioButton.h; sourceTree = "<group>"; };
		C493ED2E1CAA932900DF2A44 /* BARadioButton.m */ = {isa = PBXFileReference; fileEncoding = 4; lastKnownFileType = sourcecode.c.objc; path = BARadioButton.m; sourceTree = "<group>"; };
		C4C2E17B1CA8C95900C04EE5 /* BATokenManager.h */ = {isa = PBXFileReference; fileEncoding = 4; lastKnownFileType = sourcecode.c.h; path = BATokenManager.h; sourceTree = "<group>"; };
		C4C2E17C1CA8C95900C04EE5 /* BATokenManager.m */ = {isa = PBXFileReference; fileEncoding = 4; lastKnownFileType = sourcecode.c.objc; path = BATokenManager.m; sourceTree = "<group>"; };
		C4C2E17E1CA8CB9A00C04EE5 /* DemoVC5_SearchVC.h */ = {isa = PBXFileReference; fileEncoding = 4; lastKnownFileType = sourcecode.c.h; path = DemoVC5_SearchVC.h; sourceTree = "<group>"; };
		C4C2E17F1CA8CB9A00C04EE5 /* DemoVC5_SearchVC.m */ = {isa = PBXFileReference; fileEncoding = 4; lastKnownFileType = sourcecode.c.objc; path = DemoVC5_SearchVC.m; sourceTree = "<group>"; };
		C4CAF6A91CAB973D00CE265A /* zh-Hans */ = {isa = PBXFileReference; lastKnownFileType = text.plist.strings; name = "zh-Hans"; path = "zh-Hans.lproj/Main.strings"; sourceTree = "<group>"; };
		C4CAF6AA1CAB973D00CE265A /* zh-Hans */ = {isa = PBXFileReference; lastKnownFileType = text.plist.strings; name = "zh-Hans"; path = "zh-Hans.lproj/LaunchScreen.strings"; sourceTree = "<group>"; };
		C4CAF6B01CAB97B000CE265A /* zh-Hans */ = {isa = PBXFileReference; lastKnownFileType = text.plist.strings; name = "zh-Hans"; path = "zh-Hans.lproj/Localizable.strings"; sourceTree = "<group>"; };
		C4CAF6B21CAB97B200CE265A /* en */ = {isa = PBXFileReference; lastKnownFileType = text.plist.strings; name = en; path = en.lproj/Localizable.strings; sourceTree = "<group>"; };
		C4CAF6B41CAB97BC00CE265A /* zh-Hans */ = {isa = PBXFileReference; lastKnownFileType = text.plist.strings; name = "zh-Hans"; path = "zh-Hans.lproj/InfoPlist.strings"; sourceTree = "<group>"; };
		C4CAF6B61CAB97BE00CE265A /* en */ = {isa = PBXFileReference; lastKnownFileType = text.plist.strings; name = en; path = en.lproj/InfoPlist.strings; sourceTree = "<group>"; };
		C4E2D8F21C9D21A20083D6AE /* DemoVC8.h */ = {isa = PBXFileReference; fileEncoding = 4; lastKnownFileType = sourcecode.c.h; path = DemoVC8.h; sourceTree = "<group>"; };
		C4E2D8F31C9D21A20083D6AE /* DemoVC8.m */ = {isa = PBXFileReference; fileEncoding = 4; lastKnownFileType = sourcecode.c.objc; path = DemoVC8.m; sourceTree = "<group>"; };
		C4E2D8F51C9D22570083D6AE /* DemoVC8_View1.h */ = {isa = PBXFileReference; fileEncoding = 4; lastKnownFileType = sourcecode.c.h; path = DemoVC8_View1.h; sourceTree = "<group>"; };
		C4E2D8F61C9D22570083D6AE /* DemoVC8_View1.m */ = {isa = PBXFileReference; fileEncoding = 4; lastKnownFileType = sourcecode.c.objc; path = DemoVC8_View1.m; sourceTree = "<group>"; };
		C4F2625C1C9964E40026A0D6 /* DemoVC5.h */ = {isa = PBXFileReference; fileEncoding = 4; lastKnownFileType = sourcecode.c.h; path = DemoVC5.h; sourceTree = "<group>"; };
		C4F2625D1C9964E40026A0D6 /* DemoVC5.m */ = {isa = PBXFileReference; fileEncoding = 4; lastKnownFileType = sourcecode.c.objc; path = DemoVC5.m; sourceTree = "<group>"; };
		C4F2625F1C99661C0026A0D6 /* DemoVC5Cell.h */ = {isa = PBXFileReference; fileEncoding = 4; lastKnownFileType = sourcecode.c.h; path = DemoVC5Cell.h; sourceTree = "<group>"; };
		C4F262601C99661C0026A0D6 /* DemoVC5Cell.m */ = {isa = PBXFileReference; fileEncoding = 4; lastKnownFileType = sourcecode.c.objc; path = DemoVC5Cell.m; sourceTree = "<group>"; };
		C4F262621C99663C0026A0D6 /* DemoVC5Model.h */ = {isa = PBXFileReference; fileEncoding = 4; lastKnownFileType = sourcecode.c.h; path = DemoVC5Model.h; sourceTree = "<group>"; };
		C4F262631C99663C0026A0D6 /* DemoVC5Model.m */ = {isa = PBXFileReference; fileEncoding = 4; lastKnownFileType = sourcecode.c.objc; path = DemoVC5Model.m; sourceTree = "<group>"; };
		C4F262681C997DCC0026A0D6 /* DemoVC6.h */ = {isa = PBXFileReference; fileEncoding = 4; lastKnownFileType = sourcecode.c.h; path = DemoVC6.h; sourceTree = "<group>"; };
		C4F262691C997DCC0026A0D6 /* DemoVC6.m */ = {isa = PBXFileReference; fileEncoding = 4; lastKnownFileType = sourcecode.c.objc; path = DemoVC6.m; sourceTree = "<group>"; };
		C4F2626B1C997E210026A0D6 /* DemoVC6Cell.h */ = {isa = PBXFileReference; fileEncoding = 4; lastKnownFileType = sourcecode.c.h; path = DemoVC6Cell.h; sourceTree = "<group>"; };
		C4F2626C1C997E210026A0D6 /* DemoVC6Cell.m */ = {isa = PBXFileReference; fileEncoding = 4; lastKnownFileType = sourcecode.c.objc; path = DemoVC6Cell.m; sourceTree = "<group>"; };
		C4F6236E1CA8C53900DCF152 /* BASearchBar.h */ = {isa = PBXFileReference; fileEncoding = 4; lastKnownFileType = sourcecode.c.h; path = BASearchBar.h; sourceTree = "<group>"; };
		C4F6236F1CA8C53900DCF152 /* BASearchBar.m */ = {isa = PBXFileReference; fileEncoding = 4; lastKnownFileType = sourcecode.c.objc; path = BASearchBar.m; sourceTree = "<group>"; };
		C4F623721CA8C76100DCF152 /* BACustomBarItem.h */ = {isa = PBXFileReference; fileEncoding = 4; lastKnownFileType = sourcecode.c.h; path = BACustomBarItem.h; sourceTree = "<group>"; };
		C4F623731CA8C76100DCF152 /* BACustomBarItem.m */ = {isa = PBXFileReference; fileEncoding = 4; lastKnownFileType = sourcecode.c.objc; path = BACustomBarItem.m; sourceTree = "<group>"; };
		C4F623741CA8C76100DCF152 /* UINavigationItem+CustomItem.h */ = {isa = PBXFileReference; fileEncoding = 4; lastKnownFileType = sourcecode.c.h; path = "UINavigationItem+CustomItem.h"; sourceTree = "<group>"; };
		C4F623751CA8C76100DCF152 /* UINavigationItem+CustomItem.m */ = {isa = PBXFileReference; fileEncoding = 4; lastKnownFileType = sourcecode.c.objc; path = "UINavigationItem+CustomItem.m"; sourceTree = "<group>"; };
		E0AA54C6B23A77162D9B2A27 /* Pods-demoTest.release.xcconfig */ = {isa = PBXFileReference; includeInIndex = 1; lastKnownFileType = text.xcconfig; name = "Pods-demoTest.release.xcconfig"; path = "Pods/Target Support Files/Pods-demoTest/Pods-demoTest.release.xcconfig"; sourceTree = "<group>"; };
		ED601320E66DF2ED522196AB /* libPods-demoTest.a */ = {isa = PBXFileReference; explicitFileType = archive.ar; includeInIndex = 0; path = "libPods-demoTest.a"; sourceTree = BUILT_PRODUCTS_DIR; };
/* End PBXFileReference section */

/* Begin PBXFrameworksBuildPhase section */
		C42453C21C979D9300D01865 /* Frameworks */ = {
			isa = PBXFrameworksBuildPhase;
			buildActionMask = 2147483647;
			files = (
				7ED89E7EAD9DDF5E73A11702 /* libPods-demoTest.a in Frameworks */,
			);
			runOnlyForDeploymentPostprocessing = 0;
		};
		C42453DB1C979D9400D01865 /* Frameworks */ = {
			isa = PBXFrameworksBuildPhase;
			buildActionMask = 2147483647;
			files = (
			);
			runOnlyForDeploymentPostprocessing = 0;
		};
		C42453E61C979D9400D01865 /* Frameworks */ = {
			isa = PBXFrameworksBuildPhase;
			buildActionMask = 2147483647;
			files = (
			);
			runOnlyForDeploymentPostprocessing = 0;
		};
/* End PBXFrameworksBuildPhase section */

/* Begin PBXGroup section */
		6ABF9C952C5EDAC8D7F11CC2 /* Pods */ = {
			isa = PBXGroup;
			children = (
				5C28A804240C9B46D0AB8D5B /* Pods-demoTest.debug.xcconfig */,
				E0AA54C6B23A77162D9B2A27 /* Pods-demoTest.release.xcconfig */,
			);
			name = Pods;
			sourceTree = "<group>";
		};
		B3ADD67382168C95FA1E519B /* Frameworks */ = {
			isa = PBXGroup;
			children = (
				ED601320E66DF2ED522196AB /* libPods-demoTest.a */,
			);
			name = Frameworks;
			sourceTree = "<group>";
		};
		C404EC0A1CA9620000A82D3A /* DemoVC11 */ = {
			isa = PBXGroup;
			children = (
				C404EC0B1CA9622800A82D3A /* DemoVC11.h */,
				C404EC0C1CA9622800A82D3A /* DemoVC11.m */,
			);
			path = DemoVC11;
			sourceTree = "<group>";
		};
		C404EC161CA9680F00A82D3A /* Resources */ = {
			isa = PBXGroup;
			children = (
				C404EC761CA9681500A82D3A /* area.plist */,
				C404EC171CA9680F00A82D3A /* Images */,
			);
			path = Resources;
			sourceTree = "<group>";
		};
		C404EC171CA9680F00A82D3A /* Images */ = {
			isa = PBXGroup;
			children = (
				C404EC181CA9680F00A82D3A /* cell_icons */,
				C404EC311CA9680F00A82D3A /* Home.xcassets */,
				C404EC321CA9680F00A82D3A /* icon0.jpg */,
				C404EC331CA9680F00A82D3A /* icon1.jpg */,
				C404EC341CA9680F00A82D3A /* icon2.jpg */,
				C404EC351CA9680F00A82D3A /* icon3.jpg */,
				C404EC361CA9680F00A82D3A /* icon4.jpg */,
				C404EC371CA9680F00A82D3A /* pbg.jpg */,
				C404EC381CA9680F00A82D3A /* pic0.jpg */,
				C404EC391CA9680F00A82D3A /* pic1.jpg */,
				C404EC3A1CA9680F00A82D3A /* pic2.jpg */,
				C404EC3B1CA9680F00A82D3A /* pic3.jpg */,
				C404EC3C1CA9680F00A82D3A /* pic4.jpg */,
				C404EC3D1CA9680F00A82D3A /* pic5.jpg */,
				C404EC3E1CA9680F00A82D3A /* pic6.jpg */,
				C404EC3F1CA9680F00A82D3A /* pic7.jpg */,
				C404EC401CA9680F00A82D3A /* pic8.jpg */,
				C404EC411CA9680F00A82D3A /* picon.jpg */,
				C404EC421CA9680F00A82D3A /* test */,
			);
			path = Images;
			sourceTree = "<group>";
		};
		C404EC181CA9680F00A82D3A /* cell_icons */ = {
			isa = PBXGroup;
			children = (
				C404EC191CA9680F00A82D3A /* 0.jpg */,
				C404EC1A1CA9680F00A82D3A /* 1.jpg */,
				C404EC1B1CA9680F00A82D3A /* 10.jpg */,
				C404EC1C1CA9680F00A82D3A /* 11.jpg */,
				C404EC1D1CA9680F00A82D3A /* 12.jpg */,
				C404EC1E1CA9680F00A82D3A /* 13.jpg */,
				C404EC1F1CA9680F00A82D3A /* 14.jpg */,
				C404EC201CA9680F00A82D3A /* 15.jpg */,
				C404EC211CA9680F00A82D3A /* 16.jpg */,
				C404EC221CA9680F00A82D3A /* 17.jpg */,
				C404EC231CA9680F00A82D3A /* 18.jpg */,
				C404EC241CA9680F00A82D3A /* 19.jpg */,
				C404EC251CA9680F00A82D3A /* 2.jpg */,
				C404EC261CA9680F00A82D3A /* 20.jpg */,
				C404EC271CA9680F00A82D3A /* 21.jpg */,
				C404EC281CA9680F00A82D3A /* 22.jpg */,
				C404EC291CA9680F00A82D3A /* 23.jpg */,
				C404EC2A1CA9680F00A82D3A /* 3.jpg */,
				C404EC2B1CA9680F00A82D3A /* 4.jpg */,
				C404EC2C1CA9680F00A82D3A /* 5.jpg */,
				C404EC2D1CA9680F00A82D3A /* 6.jpg */,
				C404EC2E1CA9680F00A82D3A /* 7.jpg */,
				C404EC2F1CA9680F00A82D3A /* 8.jpg */,
				C404EC301CA9680F00A82D3A /* 9.jpg */,
			);
			path = cell_icons;
			sourceTree = "<group>";
		};
		C404EC421CA9680F00A82D3A /* test */ = {
			isa = PBXGroup;
			children = (
				C404EC431CA9680F00A82D3A /* test0.jpg */,
				C404EC441CA9680F00A82D3A /* test1.jpg */,
				C404EC451CA9680F00A82D3A /* test2.jpg */,
				C404EC461CA9680F00A82D3A /* test3.jpg */,
				C404EC471CA9680F00A82D3A /* test4.jpg */,
			);
			path = test;
			sourceTree = "<group>";
		};
		C408230E1C9EA05A00E85C9C /* DemoVC9 */ = {
			isa = PBXGroup;
			children = (
				C40823151C9EA0E200E85C9C /* DemoVC9.h */,
				C40823161C9EA0E200E85C9C /* DemoVC9.m */,
			);
			path = DemoVC9;
			sourceTree = "<group>";
		};
		C4225D941C990ED2006262C9 /* Category */ = {
			isa = PBXGroup;
			children = (
				C404EC121CA9667E00A82D3A /* UIColor+RCColor.h */,
				C404EC131CA9667E00A82D3A /* UIColor+RCColor.m */,
				C404EC0E1CA9628400A82D3A /* BAPickerView.h */,
				C404EC0F1CA9628400A82D3A /* BAPickerView.m */,
				C40823091C9E9F9600E85C9C /* NSString+BACustom.h */,
				C40823081C9E9F9600E85C9C /* NSString+BACustom.m */,
				C408231B1C9EA8F500E85C9C /* NSNumber+BACustom.h */,
				C408231C1C9EA8F500E85C9C /* NSNumber+BACustom.m */,
				C408231E1C9EAFF200E85C9C /* NSArray+BACustom.h */,
				C408231F1C9EAFF200E85C9C /* NSArray+BACustom.m */,
				C40823211C9EBBA700E85C9C /* NSData+BACustom.h */,
				C40823221C9EBBA700E85C9C /* NSData+BACustom.m */,
				C40823181C9EA4DE00E85C9C /* UIImageView+BACustom.h */,
				C40823191C9EA4DE00E85C9C /* UIImageView+BACustom.m */,
				C40823431C9EE35800E85C9C /* UITableView+BACustom.h */,
				C40823441C9EE35800E85C9C /* UITableView+BACustom.m */,
				C40823241C9ED9BA00E85C9C /* UIImage+BACustom.h */,
				C40823251C9ED9BA00E85C9C /* UIImage+BACustom.m */,
				C4225D951C990ED2006262C9 /* UIView+BACustom.h */,
				C4225D961C990ED2006262C9 /* UIView+BACustom.m */,
				C40823121C9EA0A000E85C9C /* BACustomButton.m */,
				C40823131C9EA0A000E85C9C /* BACustomButton.h */,
				C4245FD71CA51412006740E3 /* NSDate+BACustom.h */,
				C4245FD81CA51412006740E3 /* NSDate+BACustom.m */,
				C493ED271CAA92CE00DF2A44 /* UIViewController+BAAlertView.h */,
				C493ED281CAA92CE00DF2A44 /* UIViewController+BAAlertView.m */,
				C493ED2A1CAA92F600DF2A44 /* BACustomModalTransition.h */,
				C493ED2B1CAA92F600DF2A44 /* BACustomModalTransition.m */,
				C493ED2D1CAA932900DF2A44 /* BARadioButton.h */,
				C493ED2E1CAA932900DF2A44 /* BARadioButton.m */,
			);
			path = Category;
			sourceTree = "<group>";
		};
		C4225D971C990ED2006262C9 /* Lib */ = {
			isa = PBXGroup;
			children = (
				C4F623711CA8C76100DCF152 /* BANavigationItem */,
				C4225D9D1C990ED2006262C9 /* SDPhotoBrowser */,
			);
			path = Lib;
			sourceTree = "<group>";
		};
		C4225D9D1C990ED2006262C9 /* SDPhotoBrowser */ = {
			isa = PBXGroup;
			children = (
				C4225D9E1C990ED2006262C9 /* SDBrowserImageView.h */,
				C4225D9F1C990ED2006262C9 /* SDBrowserImageView.m */,
				C4225DA01C990ED2006262C9 /* SDPhotoBrowser.h */,
				C4225DA11C990ED2006262C9 /* SDPhotoBrowser.m */,
				C4225DA21C990ED2006262C9 /* SDPhotoBrowserConfig.h */,
				C4225DA31C990ED2006262C9 /* SDWaitingView.h */,
				C4225DA41C990ED2006262C9 /* SDWaitingView.m */,
			);
			path = SDPhotoBrowser;
			sourceTree = "<group>";
		};
		C4225DDD1C990F30006262C9 /* Other */ = {
			isa = PBXGroup;
			children = (
				C42453D11C979D9300D01865 /* Main.storyboard */,
				C42453D41C979D9300D01865 /* Assets.xcassets */,
				C42453D61C979D9300D01865 /* LaunchScreen.storyboard */,
				C42453D91C979D9300D01865 /* Info.plist */,
				C4CAF6B11CAB97B000CE265A /* Localizable.strings */,
				C4CAF6B51CAB97BC00CE265A /* InfoPlist.strings */,
			);
			path = Other;
			sourceTree = "<group>";
		};
		C4225DDF1C99250C006262C9 /* DemoVC5 */ = {
			isa = PBXGroup;
			children = (
				C4F2625C1C9964E40026A0D6 /* DemoVC5.h */,
				C4F2625D1C9964E40026A0D6 /* DemoVC5.m */,
				C4F262621C99663C0026A0D6 /* DemoVC5Model.h */,
				C4F262631C99663C0026A0D6 /* DemoVC5Model.m */,
				C4F2625F1C99661C0026A0D6 /* DemoVC5Cell.h */,
				C4F262601C99661C0026A0D6 /* DemoVC5Cell.m */,
				C4F6236E1CA8C53900DCF152 /* BASearchBar.h */,
				C4F6236F1CA8C53900DCF152 /* BASearchBar.m */,
				C4C2E17E1CA8CB9A00C04EE5 /* DemoVC5_SearchVC.h */,
				C4C2E17F1CA8CB9A00C04EE5 /* DemoVC5_SearchVC.m */,
				C4C2E17B1CA8C95900C04EE5 /* BATokenManager.h */,
				C4C2E17C1CA8C95900C04EE5 /* BATokenManager.m */,
			);
			path = DemoVC5;
			sourceTree = "<group>";
		};
		C4225DE01C99250C006262C9 /* DemoVC6 */ = {
			isa = PBXGroup;
			children = (
				C4F262681C997DCC0026A0D6 /* DemoVC6.h */,
				C4F262691C997DCC0026A0D6 /* DemoVC6.m */,
				C4F2626B1C997E210026A0D6 /* DemoVC6Cell.h */,
				C4F2626C1C997E210026A0D6 /* DemoVC6Cell.m */,
			);
			path = DemoVC6;
			sourceTree = "<group>";
		};
		C4225DE11C99250C006262C9 /* DemoVC7 */ = {
			isa = PBXGroup;
			children = (
				C40A7E081C9A3C56006F0687 /* DemoVC7.h */,
				C40A7E091C9A3C56006F0687 /* DemoVC7.m */,
				C40A7E111C9A5462006F0687 /* DemoVC7_replyVC.h */,
				C40A7E121C9A5462006F0687 /* DemoVC7_replyVC.m */,
				C40A7E0A1C9A3C56006F0687 /* DemoVC7Cell.h */,
				C40A7E0B1C9A3C56006F0687 /* DemoVC7Cell.m */,
				C40A7E0C1C9A3C56006F0687 /* DemoVC7Model.h */,
				C40A7E0D1C9A3C56006F0687 /* DemoVC7Model.m */,
				C40A7E141C9A5882006F0687 /* DemoVC7_quesstionCell.h */,
				C40A7E151C9A5882006F0687 /* DemoVC7_quesstionCell.m */,
				C40A7E1A1C9A61D8006F0687 /* DemoVC7_replyView.h */,
				C40A7E1B1C9A61D8006F0687 /* DemoVC7_replyView.m */,
			);
			path = DemoVC7;
			sourceTree = "<group>";
		};
		C42453BC1C979D9300D01865 = {
			isa = PBXGroup;
			children = (
				C42453C71C979D9300D01865 /* demoTest */,
				C42453E11C979D9400D01865 /* demoTestTests */,
				C42453EC1C979D9400D01865 /* demoTestUITests */,
				C42453C61C979D9300D01865 /* Products */,
				6ABF9C952C5EDAC8D7F11CC2 /* Pods */,
				B3ADD67382168C95FA1E519B /* Frameworks */,
			);
			sourceTree = "<group>";
		};
		C42453C61C979D9300D01865 /* Products */ = {
			isa = PBXGroup;
			children = (
				C42453C51C979D9300D01865 /* demoTest.app */,
				C42453DE1C979D9400D01865 /* demoTestTests.xctest */,
				C42453E91C979D9400D01865 /* demoTestUITests.xctest */,
			);
			name = Products;
			sourceTree = "<group>";
		};
		C42453C71C979D9300D01865 /* demoTest */ = {
			isa = PBXGroup;
			children = (
				C42453CB1C979D9300D01865 /* AppDelegate.h */,
				C42453CC1C979D9300D01865 /* AppDelegate.m */,
				C42453CE1C979D9300D01865 /* ViewController.h */,
				C42453CF1C979D9300D01865 /* ViewController.m */,
				C4225DDE1C990F93006262C9 /* BADemo.pch */,
				C48063AD1CA275B8000DD080 /* BADefin.h */,
				C42454061C97A32500D01865 /* DemoVC1 */,
				C440E5631C98360D006FFA73 /* DemoVC2 */,
				C440E4A31C980C3D006FFA73 /* DemoVC3 */,
				C440E4A41C980C3D006FFA73 /* DemoVC4 */,
				C4225DDF1C99250C006262C9 /* DemoVC5 */,
				C4225DE01C99250C006262C9 /* DemoVC6 */,
				C4225DE11C99250C006262C9 /* DemoVC7 */,
				C4F2626E1C9988450026A0D6 /* DemoVC8 */,
				C408230E1C9EA05A00E85C9C /* DemoVC9 */,
				C4F262701C9988450026A0D6 /* DemoVC10 */,
				C404EC0A1CA9620000A82D3A /* DemoVC11 */,
				C493ED301CAA99F400DF2A44 /* DemoVC12 */,
				C4CAF6B71CAB995500CE265A /* DemoVC13 */,
				C4225D941C990ED2006262C9 /* Category */,
				C4225D971C990ED2006262C9 /* Lib */,
				C4225DDD1C990F30006262C9 /* Other */,
				C404EC161CA9680F00A82D3A /* Resources */,
				C42453C81C979D9300D01865 /* Supporting Files */,
			);
			path = demoTest;
			sourceTree = "<group>";
		};
		C42453C81C979D9300D01865 /* Supporting Files */ = {
			isa = PBXGroup;
			children = (
				C42453C91C979D9300D01865 /* main.m */,
			);
			name = "Supporting Files";
			sourceTree = "<group>";
		};
		C42453E11C979D9400D01865 /* demoTestTests */ = {
			isa = PBXGroup;
			children = (
				C42453E21C979D9400D01865 /* demoTestTests.m */,
				C42453E41C979D9400D01865 /* Info.plist */,
			);
			path = demoTestTests;
			sourceTree = "<group>";
		};
		C42453EC1C979D9400D01865 /* demoTestUITests */ = {
			isa = PBXGroup;
			children = (
				C42453ED1C979D9400D01865 /* demoTestUITests.m */,
				C42453EF1C979D9400D01865 /* Info.plist */,
			);
			path = demoTestUITests;
			sourceTree = "<group>";
		};
		C42454061C97A32500D01865 /* DemoVC1 */ = {
			isa = PBXGroup;
			children = (
				C42454071C97A32500D01865 /* DemoVC1.h */,
				C42454081C97A32500D01865 /* DemoVC1.m */,
				C42454091C97A32500D01865 /* YRHomeIncomeView.h */,
				C424540A1C97A32500D01865 /* YRHomeIncomeView.m */,
				C424540D1C97B42D00D01865 /* YRHomeIncomeBlockView.h */,
				C424540E1C97B42D00D01865 /* YRHomeIncomeBlockView.m */,
				C42454151C97BAD600D01865 /* BAHomeIncomeModel.h */,
				C42454161C97BAD600D01865 /* BAHomeIncomeModel.m */,
				C42454101C97B74100D01865 /* BAHomeIncomeCell.h */,
				C42454111C97B74100D01865 /* BAHomeIncomeCell.m */,
				C42454121C97B74100D01865 /* BAHomeIncomeCell.xib */,
			);
			path = DemoVC1;
			sourceTree = "<group>";
		};
		C440E4A31C980C3D006FFA73 /* DemoVC3 */ = {
			isa = PBXGroup;
			children = (
				C440E5581C981F51006FFA73 /* DemoVC3.h */,
				C440E5591C981F51006FFA73 /* DemoVC3.m */,
				C440E55B1C9821B7006FFA73 /* DemoVC3Model.h */,
				C440E55C1C9821B7006FFA73 /* DemoVC3Model.m */,
				C4225D8B1C98EB6D006262C9 /* YRDemandModel.h */,
				C4225D8C1C98EB6D006262C9 /* YRDemandModel.m */,
				C4225D881C98EAF1006262C9 /* YRDemandShareModel.h */,
				C4225D891C98EAF1006262C9 /* YRDemandShareModel.m */,
				C440E55E1C982534006FFA73 /* DemoVC3Cell.h */,
				C440E55F1C982534006FFA73 /* DemoVC3Cell.m */,
				C4225D7F1C98EA62006262C9 /* YRDemandShareCell.h */,
				C4225D801C98EA62006262C9 /* YRDemandShareCell.m */,
				C4225D811C98EA62006262C9 /* YRDemandUserViewCell.h */,
				C4225D821C98EA62006262C9 /* YRDemandUserViewCell.m */,
			);
			path = DemoVC3;
			sourceTree = "<group>";
		};
		C440E4A41C980C3D006FFA73 /* DemoVC4 */ = {
			isa = PBXGroup;
			children = (
				C4225DE21C99254A006262C9 /* DemoVC4.h */,
				C4225DE31C99254A006262C9 /* DemoVC4.m */,
			);
			path = DemoVC4;
			sourceTree = "<group>";
		};
		C440E5631C98360D006FFA73 /* DemoVC2 */ = {
			isa = PBXGroup;
			children = (
				C440E5641C98360D006FFA73 /* DemoVC2.h */,
				C440E5651C98360D006FFA73 /* DemoVC2.m */,
				C440E5661C98360D006FFA73 /* DemoVC2Cell.h */,
				C440E5671C98360D006FFA73 /* DemoVC2Cell.m */,
				C440E5681C98360D006FFA73 /* DemoVC2HeadView.h */,
				C440E5691C98360D006FFA73 /* DemoVC2HeadView.m */,
				C440E56A1C98360D006FFA73 /* DemoVC2Model.h */,
				C440E56B1C98360D006FFA73 /* DemoVC2Model.m */,
				C440E56C1C98360D006FFA73 /* SDWeiXinPhotoContainerView.h */,
				C440E56D1C98360D006FFA73 /* SDWeiXinPhotoContainerView.m */,
			);
			path = DemoVC2;
			sourceTree = "<group>";
		};
		C493ED301CAA99F400DF2A44 /* DemoVC12 */ = {
			isa = PBXGroup;
			children = (
				C4815DEB1CAA9C8800B22831 /* DemoVC12.h */,
				C4815DEC1CAA9C8800B22831 /* DemoVC12.m */,
				C4815DED1CAA9C8800B22831 /* DemoVC12.xib */,
			);
			path = DemoVC12;
			sourceTree = "<group>";
		};
		C4CAF6B71CAB995500CE265A /* DemoVC13 */ = {
			isa = PBXGroup;
			children = (
			);
			path = DemoVC13;
			sourceTree = "<group>";
		};
		C4F2626E1C9988450026A0D6 /* DemoVC8 */ = {
			isa = PBXGroup;
			children = (
				C4E2D8F21C9D21A20083D6AE /* DemoVC8.h */,
				C4E2D8F31C9D21A20083D6AE /* DemoVC8.m */,
				C4E2D8F51C9D22570083D6AE /* DemoVC8_View1.h */,
				C4E2D8F61C9D22570083D6AE /* DemoVC8_View1.m */,
			);
			path = DemoVC8;
			sourceTree = "<group>";
		};
		C4F262701C9988450026A0D6 /* DemoVC10 */ = {
			isa = PBXGroup;
			children = (
				C48063AE1CA276CD000DD080 /* DemoVC10.h */,
				C48063AF1CA276CD000DD080 /* DemoVC10.m */,
				C48063B71CA28CA5000DD080 /* DemoVC10_replyVC.h */,
				C48063B81CA28CA5000DD080 /* DemoVC10_replyVC.m */,
				C48063B11CA27973000DD080 /* DemoVC10Model.h */,
				C48063B21CA27973000DD080 /* DemoVC10Model.m */,
				C48063B41CA27A30000DD080 /* DemoVC10Cell.h */,
				C48063B51CA27A30000DD080 /* DemoVC10Cell.m */,
			);
			path = DemoVC10;
			sourceTree = "<group>";
		};
		C4F623711CA8C76100DCF152 /* BANavigationItem */ = {
			isa = PBXGroup;
			children = (
				C4F623721CA8C76100DCF152 /* BACustomBarItem.h */,
				C4F623731CA8C76100DCF152 /* BACustomBarItem.m */,
				C4F623741CA8C76100DCF152 /* UINavigationItem+CustomItem.h */,
				C4F623751CA8C76100DCF152 /* UINavigationItem+CustomItem.m */,
			);
			path = BANavigationItem;
			sourceTree = "<group>";
		};
/* End PBXGroup section */

/* Begin PBXNativeTarget section */
		C42453C41C979D9300D01865 /* demoTest */ = {
			isa = PBXNativeTarget;
			buildConfigurationList = C42453F21C979D9400D01865 /* Build configuration list for PBXNativeTarget "demoTest" */;
			buildPhases = (
				5C76431B43995A394F20523E /* Check Pods Manifest.lock */,
				C42453C11C979D9300D01865 /* Sources */,
				C42453C21C979D9300D01865 /* Frameworks */,
				C42453C31C979D9300D01865 /* Resources */,
				C441464E4C53F8645984202C /* Embed Pods Frameworks */,
				61458E6ACF33BEB66FAA5D67 /* Copy Pods Resources */,
			);
			buildRules = (
			);
			dependencies = (
			);
			name = demoTest;
			productName = demoTest;
			productReference = C42453C51C979D9300D01865 /* demoTest.app */;
			productType = "com.apple.product-type.application";
		};
		C42453DD1C979D9400D01865 /* demoTestTests */ = {
			isa = PBXNativeTarget;
			buildConfigurationList = C42453F51C979D9400D01865 /* Build configuration list for PBXNativeTarget "demoTestTests" */;
			buildPhases = (
				C42453DA1C979D9400D01865 /* Sources */,
				C42453DB1C979D9400D01865 /* Frameworks */,
				C42453DC1C979D9400D01865 /* Resources */,
			);
			buildRules = (
			);
			dependencies = (
				C42453E01C979D9400D01865 /* PBXTargetDependency */,
			);
			name = demoTestTests;
			productName = demoTestTests;
			productReference = C42453DE1C979D9400D01865 /* demoTestTests.xctest */;
			productType = "com.apple.product-type.bundle.unit-test";
		};
		C42453E81C979D9400D01865 /* demoTestUITests */ = {
			isa = PBXNativeTarget;
			buildConfigurationList = C42453F81C979D9400D01865 /* Build configuration list for PBXNativeTarget "demoTestUITests" */;
			buildPhases = (
				C42453E51C979D9400D01865 /* Sources */,
				C42453E61C979D9400D01865 /* Frameworks */,
				C42453E71C979D9400D01865 /* Resources */,
			);
			buildRules = (
			);
			dependencies = (
				C42453EB1C979D9400D01865 /* PBXTargetDependency */,
			);
			name = demoTestUITests;
			productName = demoTestUITests;
			productReference = C42453E91C979D9400D01865 /* demoTestUITests.xctest */;
			productType = "com.apple.product-type.bundle.ui-testing";
		};
/* End PBXNativeTarget section */

/* Begin PBXProject section */
		C42453BD1C979D9300D01865 /* Project object */ = {
			isa = PBXProject;
			attributes = {
				LastUpgradeCheck = 0720;
				ORGANIZATIONNAME = "博爱之家";
				TargetAttributes = {
					C42453C41C979D9300D01865 = {
						CreatedOnToolsVersion = 7.2.1;
					};
					C42453DD1C979D9400D01865 = {
						CreatedOnToolsVersion = 7.2.1;
						TestTargetID = C42453C41C979D9300D01865;
					};
					C42453E81C979D9400D01865 = {
						CreatedOnToolsVersion = 7.2.1;
						TestTargetID = C42453C41C979D9300D01865;
					};
				};
			};
			buildConfigurationList = C42453C01C979D9300D01865 /* Build configuration list for PBXProject "demoTest" */;
			compatibilityVersion = "Xcode 3.2";
			developmentRegion = English;
			hasScannedForEncodings = 0;
			knownRegions = (
				en,
				Base,
			);
			mainGroup = C42453BC1C979D9300D01865;
			productRefGroup = C42453C61C979D9300D01865 /* Products */;
			projectDirPath = "";
			projectRoot = "";
			targets = (
				C42453C41C979D9300D01865 /* demoTest */,
				C42453DD1C979D9400D01865 /* demoTestTests */,
				C42453E81C979D9400D01865 /* demoTestUITests */,
			);
		};
/* End PBXProject section */

/* Begin PBXResourcesBuildPhase section */
		C42453C31C979D9300D01865 /* Resources */ = {
			isa = PBXResourcesBuildPhase;
			buildActionMask = 2147483647;
			files = (
				C404EC501CA9680F00A82D3A /* 16.jpg in Resources */,
				C404EC6A1CA9680F00A82D3A /* pic3.jpg in Resources */,
				C4815DEF1CAA9C8800B22831 /* DemoVC12.xib in Resources */,
				C404EC771CA9681500A82D3A /* area.plist in Resources */,
				C404EC511CA9680F00A82D3A /* 17.jpg in Resources */,
				C42454141C97B74100D01865 /* BAHomeIncomeCell.xib in Resources */,
				C404EC651CA9680F00A82D3A /* icon4.jpg in Resources */,
				C404EC4A1CA9680F00A82D3A /* 10.jpg in Resources */,
				C404EC5C1CA9680F00A82D3A /* 6.jpg in Resources */,
				C404EC6C1CA9680F00A82D3A /* pic5.jpg in Resources */,
				C404EC611CA9680F00A82D3A /* icon0.jpg in Resources */,
				C404EC691CA9680F00A82D3A /* pic2.jpg in Resources */,
				C404EC4E1CA9680F00A82D3A /* 14.jpg in Resources */,
				C404EC6E1CA9680F00A82D3A /* pic7.jpg in Resources */,
				C404EC581CA9680F00A82D3A /* 23.jpg in Resources */,
				C404EC571CA9680F00A82D3A /* 22.jpg in Resources */,
				C404EC701CA9680F00A82D3A /* picon.jpg in Resources */,
				C4CAF6AF1CAB97B000CE265A /* Localizable.strings in Resources */,
				C404EC541CA9680F00A82D3A /* 2.jpg in Resources */,
				C404EC5F1CA9680F00A82D3A /* 9.jpg in Resources */,
				C404EC521CA9680F00A82D3A /* 18.jpg in Resources */,
				C404EC5B1CA9680F00A82D3A /* 5.jpg in Resources */,
				C404EC4C1CA9680F00A82D3A /* 12.jpg in Resources */,
				C404EC481CA9680F00A82D3A /* 0.jpg in Resources */,
				C404EC591CA9680F00A82D3A /* 3.jpg in Resources */,
				C404EC751CA9680F00A82D3A /* test4.jpg in Resources */,
				C404EC601CA9680F00A82D3A /* Home.xcassets in Resources */,
				C404EC641CA9680F00A82D3A /* icon3.jpg in Resources */,
				C404EC5A1CA9680F00A82D3A /* 4.jpg in Resources */,
				C404EC561CA9680F00A82D3A /* 21.jpg in Resources */,
				C404EC731CA9680F00A82D3A /* test2.jpg in Resources */,
				C404EC631CA9680F00A82D3A /* icon2.jpg in Resources */,
				C404EC6D1CA9680F00A82D3A /* pic6.jpg in Resources */,
				C404EC711CA9680F00A82D3A /* test0.jpg in Resources */,
				C42453D81C979D9300D01865 /* LaunchScreen.storyboard in Resources */,
				C404EC721CA9680F00A82D3A /* test1.jpg in Resources */,
				C404EC4D1CA9680F00A82D3A /* 13.jpg in Resources */,
				C404EC661CA9680F00A82D3A /* pbg.jpg in Resources */,
				C404EC491CA9680F00A82D3A /* 1.jpg in Resources */,
				C404EC6F1CA9680F00A82D3A /* pic8.jpg in Resources */,
				C42453D51C979D9300D01865 /* Assets.xcassets in Resources */,
				C42453D31C979D9300D01865 /* Main.storyboard in Resources */,
				C404EC5E1CA9680F00A82D3A /* 8.jpg in Resources */,
				C4CAF6B31CAB97BC00CE265A /* InfoPlist.strings in Resources */,
				C404EC6B1CA9680F00A82D3A /* pic4.jpg in Resources */,
				C404EC621CA9680F00A82D3A /* icon1.jpg in Resources */,
				C404EC741CA9680F00A82D3A /* test3.jpg in Resources */,
				C404EC4B1CA9680F00A82D3A /* 11.jpg in Resources */,
				C404EC671CA9680F00A82D3A /* pic0.jpg in Resources */,
				C404EC4F1CA9680F00A82D3A /* 15.jpg in Resources */,
				C404EC681CA9680F00A82D3A /* pic1.jpg in Resources */,
				C404EC5D1CA9680F00A82D3A /* 7.jpg in Resources */,
				C404EC531CA9680F00A82D3A /* 19.jpg in Resources */,
				C404EC551CA9680F00A82D3A /* 20.jpg in Resources */,
			);
			runOnlyForDeploymentPostprocessing = 0;
		};
		C42453DC1C979D9400D01865 /* Resources */ = {
			isa = PBXResourcesBuildPhase;
			buildActionMask = 2147483647;
			files = (
			);
			runOnlyForDeploymentPostprocessing = 0;
		};
		C42453E71C979D9400D01865 /* Resources */ = {
			isa = PBXResourcesBuildPhase;
			buildActionMask = 2147483647;
			files = (
			);
			runOnlyForDeploymentPostprocessing = 0;
		};
/* End PBXResourcesBuildPhase section */

/* Begin PBXShellScriptBuildPhase section */
		5C76431B43995A394F20523E /* Check Pods Manifest.lock */ = {
			isa = PBXShellScriptBuildPhase;
			buildActionMask = 2147483647;
			files = (
			);
			inputPaths = (
			);
			name = "Check Pods Manifest.lock";
			outputPaths = (
			);
			runOnlyForDeploymentPostprocessing = 0;
			shellPath = /bin/sh;
			shellScript = "diff \"${PODS_ROOT}/../Podfile.lock\" \"${PODS_ROOT}/Manifest.lock\" > /dev/null\nif [[ $? != 0 ]] ; then\n    cat << EOM\nerror: The sandbox is not in sync with the Podfile.lock. Run 'pod install' or update your CocoaPods installation.\nEOM\n    exit 1\nfi\n";
			showEnvVarsInLog = 0;
		};
		61458E6ACF33BEB66FAA5D67 /* Copy Pods Resources */ = {
			isa = PBXShellScriptBuildPhase;
			buildActionMask = 2147483647;
			files = (
			);
			inputPaths = (
			);
			name = "Copy Pods Resources";
			outputPaths = (
			);
			runOnlyForDeploymentPostprocessing = 0;
			shellPath = /bin/sh;
			shellScript = "\"${SRCROOT}/Pods/Target Support Files/Pods-demoTest/Pods-demoTest-resources.sh\"\n";
			showEnvVarsInLog = 0;
		};
		C441464E4C53F8645984202C /* Embed Pods Frameworks */ = {
			isa = PBXShellScriptBuildPhase;
			buildActionMask = 2147483647;
			files = (
			);
			inputPaths = (
			);
			name = "Embed Pods Frameworks";
			outputPaths = (
			);
			runOnlyForDeploymentPostprocessing = 0;
			shellPath = /bin/sh;
			shellScript = "\"${SRCROOT}/Pods/Target Support Files/Pods-demoTest/Pods-demoTest-frameworks.sh\"\n";
			showEnvVarsInLog = 0;
		};
/* End PBXShellScriptBuildPhase section */

/* Begin PBXSourcesBuildPhase section */
		C42453C11C979D9300D01865 /* Sources */ = {
			isa = PBXSourcesBuildPhase;
			buildActionMask = 2147483647;
			files = (
				C440E5621C982D41006FFA73 /* DemoVC3Cell.m in Sources */,
				C440E5701C98360D006FFA73 /* DemoVC2HeadView.m in Sources */,
				C4C2E17D1CA8C95900C04EE5 /* BATokenManager.m in Sources */,
				C4F623761CA8C76100DCF152 /* BACustomBarItem.m in Sources */,
				C40A7E131C9A5462006F0687 /* DemoVC7_replyVC.m in Sources */,
				C4225DC71C990ED2006262C9 /* UIView+BACustom.m in Sources */,
				C48063B01CA276CD000DD080 /* DemoVC10.m in Sources */,
				C4F2626D1C997E210026A0D6 /* DemoVC6Cell.m in Sources */,
				C4F623701CA8C53900DCF152 /* BASearchBar.m in Sources */,
				C4F262611C99661C0026A0D6 /* DemoVC5Cell.m in Sources */,
				C4225DCA1C990ED2006262C9 /* SDBrowserImageView.m in Sources */,
				C40823451C9EE35800E85C9C /* UITableView+BACustom.m in Sources */,
				C440E55A1C981F51006FFA73 /* DemoVC3.m in Sources */,
				C42453D01C979D9300D01865 /* ViewController.m in Sources */,
				C4245FD91CA51412006740E3 /* NSDate+BACustom.m in Sources */,
				C440E56F1C98360D006FFA73 /* DemoVC2Cell.m in Sources */,
				C4225DCB1C990ED2006262C9 /* SDPhotoBrowser.m in Sources */,
				C42453CD1C979D9300D01865 /* AppDelegate.m in Sources */,
				C4225D8A1C98EAF1006262C9 /* YRDemandShareModel.m in Sources */,
				C42453CA1C979D9300D01865 /* main.m in Sources */,
				C440E5711C98360D006FFA73 /* DemoVC2Model.m in Sources */,
				C408231D1C9EA8F500E85C9C /* NSNumber+BACustom.m in Sources */,
				C493ED2C1CAA92F600DF2A44 /* BACustomModalTransition.m in Sources */,
				C4F623771CA8C76100DCF152 /* UINavigationItem+CustomItem.m in Sources */,
				C4225D8D1C98EB6D006262C9 /* YRDemandModel.m in Sources */,
				C4F2626A1C997DCC0026A0D6 /* DemoVC6.m in Sources */,
				C40823201C9EAFF200E85C9C /* NSArray+BACustom.m in Sources */,
				C48063B91CA28CA5000DD080 /* DemoVC10_replyVC.m in Sources */,
				C440E5721C98360D006FFA73 /* SDWeiXinPhotoContainerView.m in Sources */,
				C40823231C9EBBA700E85C9C /* NSData+BACustom.m in Sources */,
				C408231A1C9EA4DE00E85C9C /* UIImageView+BACustom.m in Sources */,
				C40A7E101C9A3C56006F0687 /* DemoVC7Model.m in Sources */,
				C440E55D1C9821B7006FFA73 /* DemoVC3Model.m in Sources */,
				C48063B61CA27A30000DD080 /* DemoVC10Cell.m in Sources */,
				C40A7E1C1C9A61D8006F0687 /* DemoVC7_replyView.m in Sources */,
				C42454171C97BAD600D01865 /* BAHomeIncomeModel.m in Sources */,
				C408230A1C9E9F9600E85C9C /* NSString+BACustom.m in Sources */,
				C440E56E1C98360D006FFA73 /* DemoVC2.m in Sources */,
				C4815DEE1CAA9C8800B22831 /* DemoVC12.m in Sources */,
				C40A7E0F1C9A3C56006F0687 /* DemoVC7Cell.m in Sources */,
				C4225DE41C99254A006262C9 /* DemoVC4.m in Sources */,
				C42454131C97B74100D01865 /* BAHomeIncomeCell.m in Sources */,
				C404EC151CA9667E00A82D3A /* UIColor+RCColor.m in Sources */,
				C4225DCC1C990ED2006262C9 /* SDWaitingView.m in Sources */,
				C4225D841C98EA62006262C9 /* YRDemandUserViewCell.m in Sources */,
				C4F2625E1C9964E40026A0D6 /* DemoVC5.m in Sources */,
				C40A7E0E1C9A3C56006F0687 /* DemoVC7.m in Sources */,
				C404EC101CA9628400A82D3A /* BAPickerView.m in Sources */,
				C493ED2F1CAA932900DF2A44 /* BARadioButton.m in Sources */,
				C4E2D8F71C9D22570083D6AE /* DemoVC8_View1.m in Sources */,
				C48063B31CA27973000DD080 /* DemoVC10Model.m in Sources */,
				C424540B1C97A32500D01865 /* DemoVC1.m in Sources */,
				C424540C1C97A32500D01865 /* YRHomeIncomeView.m in Sources */,
				C40823171C9EA0E200E85C9C /* DemoVC9.m in Sources */,
				C424540F1C97B42D00D01865 /* YRHomeIncomeBlockView.m in Sources */,
				C4E2D8F41C9D21A20083D6AE /* DemoVC8.m in Sources */,
				C404EC0D1CA9622800A82D3A /* DemoVC11.m in Sources */,
				C40823261C9ED9BA00E85C9C /* UIImage+BACustom.m in Sources */,
				C40A7E161C9A5882006F0687 /* DemoVC7_quesstionCell.m in Sources */,
				C4225D831C98EA62006262C9 /* YRDemandShareCell.m in Sources */,
				C4C2E1801CA8CB9A00C04EE5 /* DemoVC5_SearchVC.m in Sources */,
				C40823141C9EA0A000E85C9C /* BACustomButton.m in Sources */,
				C493ED291CAA92CE00DF2A44 /* UIViewController+BAAlertView.m in Sources */,
				C4F262641C99663C0026A0D6 /* DemoVC5Model.m in Sources */,
			);
			runOnlyForDeploymentPostprocessing = 0;
		};
		C42453DA1C979D9400D01865 /* Sources */ = {
			isa = PBXSourcesBuildPhase;
			buildActionMask = 2147483647;
			files = (
				C42453E31C979D9400D01865 /* demoTestTests.m in Sources */,
			);
			runOnlyForDeploymentPostprocessing = 0;
		};
		C42453E51C979D9400D01865 /* Sources */ = {
			isa = PBXSourcesBuildPhase;
			buildActionMask = 2147483647;
			files = (
				C42453EE1C979D9400D01865 /* demoTestUITests.m in Sources */,
			);
			runOnlyForDeploymentPostprocessing = 0;
		};
/* End PBXSourcesBuildPhase section */

/* Begin PBXTargetDependency section */
		C42453E01C979D9400D01865 /* PBXTargetDependency */ = {
			isa = PBXTargetDependency;
			target = C42453C41C979D9300D01865 /* demoTest */;
			targetProxy = C42453DF1C979D9400D01865 /* PBXContainerItemProxy */;
		};
		C42453EB1C979D9400D01865 /* PBXTargetDependency */ = {
			isa = PBXTargetDependency;
			target = C42453C41C979D9300D01865 /* demoTest */;
			targetProxy = C42453EA1C979D9400D01865 /* PBXContainerItemProxy */;
		};
/* End PBXTargetDependency section */

/* Begin PBXVariantGroup section */
		C42453D11C979D9300D01865 /* Main.storyboard */ = {
			isa = PBXVariantGroup;
			children = (
				C42453D21C979D9300D01865 /* Base */,
				C4CAF6A91CAB973D00CE265A /* zh-Hans */,
			);
			name = Main.storyboard;
			path = ..;
			sourceTree = "<group>";
		};
		C42453D61C979D9300D01865 /* LaunchScreen.storyboard */ = {
			isa = PBXVariantGroup;
			children = (
				C42453D71C979D9300D01865 /* Base */,
				C4CAF6AA1CAB973D00CE265A /* zh-Hans */,
			);
			name = LaunchScreen.storyboard;
			path = ..;
			sourceTree = "<group>";
		};
		C4CAF6B11CAB97B000CE265A /* Localizable.strings */ = {
			isa = PBXVariantGroup;
			children = (
				C4CAF6B01CAB97B000CE265A /* zh-Hans */,
				C4CAF6B21CAB97B200CE265A /* en */,
			);
			name = Localizable.strings;
			sourceTree = "<group>";
		};
		C4CAF6B51CAB97BC00CE265A /* InfoPlist.strings */ = {
			isa = PBXVariantGroup;
			children = (
				C4CAF6B41CAB97BC00CE265A /* zh-Hans */,
				C4CAF6B61CAB97BE00CE265A /* en */,
			);
			name = InfoPlist.strings;
			sourceTree = "<group>";
		};
/* End PBXVariantGroup section */

/* Begin XCBuildConfiguration section */
		C42453F01C979D9400D01865 /* Debug */ = {
			isa = XCBuildConfiguration;
			buildSettings = {
				ALWAYS_SEARCH_USER_PATHS = NO;
				CLANG_CXX_LANGUAGE_STANDARD = "gnu++0x";
				CLANG_CXX_LIBRARY = "libc++";
				CLANG_ENABLE_MODULES = YES;
				CLANG_ENABLE_OBJC_ARC = YES;
				CLANG_WARN_BOOL_CONVERSION = YES;
				CLANG_WARN_CONSTANT_CONVERSION = YES;
				CLANG_WARN_DIRECT_OBJC_ISA_USAGE = YES_ERROR;
				CLANG_WARN_EMPTY_BODY = YES;
				CLANG_WARN_ENUM_CONVERSION = YES;
				CLANG_WARN_INT_CONVERSION = YES;
				CLANG_WARN_OBJC_ROOT_CLASS = YES_ERROR;
				CLANG_WARN_UNREACHABLE_CODE = YES;
				CLANG_WARN__DUPLICATE_METHOD_MATCH = YES;
				"CODE_SIGN_IDENTITY[sdk=iphoneos*]" = "iPhone Developer";
				COPY_PHASE_STRIP = NO;
				DEBUG_INFORMATION_FORMAT = dwarf;
				ENABLE_STRICT_OBJC_MSGSEND = YES;
				ENABLE_TESTABILITY = YES;
				GCC_C_LANGUAGE_STANDARD = gnu99;
				GCC_DYNAMIC_NO_PIC = NO;
				GCC_NO_COMMON_BLOCKS = YES;
				GCC_OPTIMIZATION_LEVEL = 0;
				GCC_PREPROCESSOR_DEFINITIONS = (
					"DEBUG=1",
					"$(inherited)",
				);
				GCC_WARN_64_TO_32_BIT_CONVERSION = YES;
				GCC_WARN_ABOUT_RETURN_TYPE = YES_ERROR;
				GCC_WARN_UNDECLARED_SELECTOR = YES;
				GCC_WARN_UNINITIALIZED_AUTOS = YES_AGGRESSIVE;
				GCC_WARN_UNUSED_FUNCTION = YES;
				GCC_WARN_UNUSED_VARIABLE = YES;
				IPHONEOS_DEPLOYMENT_TARGET = 9.2;
				MTL_ENABLE_DEBUG_INFO = YES;
				ONLY_ACTIVE_ARCH = YES;
				SDKROOT = iphoneos;
				TARGETED_DEVICE_FAMILY = "1,2";
			};
			name = Debug;
		};
		C42453F11C979D9400D01865 /* Release */ = {
			isa = XCBuildConfiguration;
			buildSettings = {
				ALWAYS_SEARCH_USER_PATHS = NO;
				CLANG_CXX_LANGUAGE_STANDARD = "gnu++0x";
				CLANG_CXX_LIBRARY = "libc++";
				CLANG_ENABLE_MODULES = YES;
				CLANG_ENABLE_OBJC_ARC = YES;
				CLANG_WARN_BOOL_CONVERSION = YES;
				CLANG_WARN_CONSTANT_CONVERSION = YES;
				CLANG_WARN_DIRECT_OBJC_ISA_USAGE = YES_ERROR;
				CLANG_WARN_EMPTY_BODY = YES;
				CLANG_WARN_ENUM_CONVERSION = YES;
				CLANG_WARN_INT_CONVERSION = YES;
				CLANG_WARN_OBJC_ROOT_CLASS = YES_ERROR;
				CLANG_WARN_UNREACHABLE_CODE = YES;
				CLANG_WARN__DUPLICATE_METHOD_MATCH = YES;
				"CODE_SIGN_IDENTITY[sdk=iphoneos*]" = "iPhone Developer";
				COPY_PHASE_STRIP = NO;
				DEBUG_INFORMATION_FORMAT = "dwarf-with-dsym";
				ENABLE_NS_ASSERTIONS = NO;
				ENABLE_STRICT_OBJC_MSGSEND = YES;
				GCC_C_LANGUAGE_STANDARD = gnu99;
				GCC_NO_COMMON_BLOCKS = YES;
				GCC_WARN_64_TO_32_BIT_CONVERSION = YES;
				GCC_WARN_ABOUT_RETURN_TYPE = YES_ERROR;
				GCC_WARN_UNDECLARED_SELECTOR = YES;
				GCC_WARN_UNINITIALIZED_AUTOS = YES_AGGRESSIVE;
				GCC_WARN_UNUSED_FUNCTION = YES;
				GCC_WARN_UNUSED_VARIABLE = YES;
				IPHONEOS_DEPLOYMENT_TARGET = 9.2;
				MTL_ENABLE_DEBUG_INFO = NO;
				SDKROOT = iphoneos;
				TARGETED_DEVICE_FAMILY = "1,2";
				VALIDATE_PRODUCT = YES;
			};
			name = Release;
		};
		C42453F31C979D9400D01865 /* Debug */ = {
			isa = XCBuildConfiguration;
			baseConfigurationReference = 5C28A804240C9B46D0AB8D5B /* Pods-demoTest.debug.xcconfig */;
			buildSettings = {
				ASSETCATALOG_COMPILER_APPICON_NAME = AppIcon;
				CODE_SIGN_IDENTITY = "iPhone Developer";
				"CODE_SIGN_IDENTITY[sdk=iphoneos*]" = "iPhone Developer";
				GCC_PRECOMPILE_PREFIX_HEADER = YES;
				GCC_PREFIX_HEADER = "$(PRODUCT_NAME)/BADemo.pch";
				INFOPLIST_FILE = demoTest/Info.plist;
				LD_RUNPATH_SEARCH_PATHS = "$(inherited) @executable_path/Frameworks";
				OTHER_LDFLAGS = (
					"$(inherited)",
					"-ObjC",
				);
				PRODUCT_BUNDLE_IDENTIFIER = "com.-boai.demoTest";
				PRODUCT_NAME = "$(TARGET_NAME)";
				PROVISIONING_PROFILE = "";
			};
			name = Debug;
		};
		C42453F41C979D9400D01865 /* Release */ = {
			isa = XCBuildConfiguration;
			baseConfigurationReference = E0AA54C6B23A77162D9B2A27 /* Pods-demoTest.release.xcconfig */;
			buildSettings = {
				ASSETCATALOG_COMPILER_APPICON_NAME = AppIcon;
				CODE_SIGN_IDENTITY = "iPhone Developer";
				"CODE_SIGN_IDENTITY[sdk=iphoneos*]" = "iPhone Developer";
				GCC_PRECOMPILE_PREFIX_HEADER = YES;
				GCC_PREFIX_HEADER = "$(PRODUCT_NAME)/BADemo.pch";
				INFOPLIST_FILE = demoTest/Info.plist;
				LD_RUNPATH_SEARCH_PATHS = "$(inherited) @executable_path/Frameworks";
				OTHER_LDFLAGS = (
					"$(inherited)",
					"-ObjC",
				);
				PRODUCT_BUNDLE_IDENTIFIER = "com.-boai.demoTest";
				PRODUCT_NAME = "$(TARGET_NAME)";
				PROVISIONING_PROFILE = "";
			};
			name = Release;
		};
		C42453F61C979D9400D01865 /* Debug */ = {
			isa = XCBuildConfiguration;
			buildSettings = {
				BUNDLE_LOADER = "$(TEST_HOST)";
				INFOPLIST_FILE = demoTestTests/Info.plist;
				LD_RUNPATH_SEARCH_PATHS = "$(inherited) @executable_path/Frameworks @loader_path/Frameworks";
				PRODUCT_BUNDLE_IDENTIFIER = "com.-boai.demoTestTests";
				PRODUCT_NAME = "$(TARGET_NAME)";
				TEST_HOST = "$(BUILT_PRODUCTS_DIR)/demoTest.app/demoTest";
			};
			name = Debug;
		};
		C42453F71C979D9400D01865 /* Release */ = {
			isa = XCBuildConfiguration;
			buildSettings = {
				BUNDLE_LOADER = "$(TEST_HOST)";
				INFOPLIST_FILE = demoTestTests/Info.plist;
				LD_RUNPATH_SEARCH_PATHS = "$(inherited) @executable_path/Frameworks @loader_path/Frameworks";
				PRODUCT_BUNDLE_IDENTIFIER = "com.-boai.demoTestTests";
				PRODUCT_NAME = "$(TARGET_NAME)";
				TEST_HOST = "$(BUILT_PRODUCTS_DIR)/demoTest.app/demoTest";
			};
			name = Release;
		};
		C42453F91C979D9400D01865 /* Debug */ = {
			isa = XCBuildConfiguration;
			buildSettings = {
				INFOPLIST_FILE = demoTestUITests/Info.plist;
				LD_RUNPATH_SEARCH_PATHS = "$(inherited) @executable_path/Frameworks @loader_path/Frameworks";
				PRODUCT_BUNDLE_IDENTIFIER = "com.-boai.demoTestUITests";
				PRODUCT_NAME = "$(TARGET_NAME)";
				TEST_TARGET_NAME = demoTest;
				USES_XCTRUNNER = YES;
			};
			name = Debug;
		};
		C42453FA1C979D9400D01865 /* Release */ = {
			isa = XCBuildConfiguration;
			buildSettings = {
				INFOPLIST_FILE = demoTestUITests/Info.plist;
				LD_RUNPATH_SEARCH_PATHS = "$(inherited) @executable_path/Frameworks @loader_path/Frameworks";
				PRODUCT_BUNDLE_IDENTIFIER = "com.-boai.demoTestUITests";
				PRODUCT_NAME = "$(TARGET_NAME)";
				TEST_TARGET_NAME = demoTest;
				USES_XCTRUNNER = YES;
			};
			name = Release;
		};
/* End XCBuildConfiguration section */

/* Begin XCConfigurationList section */
		C42453C01C979D9300D01865 /* Build configuration list for PBXProject "demoTest" */ = {
			isa = XCConfigurationList;
			buildConfigurations = (
				C42453F01C979D9400D01865 /* Debug */,
				C42453F11C979D9400D01865 /* Release */,
			);
			defaultConfigurationIsVisible = 0;
			defaultConfigurationName = Release;
		};
		C42453F21C979D9400D01865 /* Build configuration list for PBXNativeTarget "demoTest" */ = {
			isa = XCConfigurationList;
			buildConfigurations = (
				C42453F31C979D9400D01865 /* Debug */,
				C42453F41C979D9400D01865 /* Release */,
			);
			defaultConfigurationIsVisible = 0;
			defaultConfigurationName = Release;
		};
		C42453F51C979D9400D01865 /* Build configuration list for PBXNativeTarget "demoTestTests" */ = {
			isa = XCConfigurationList;
			buildConfigurations = (
				C42453F61C979D9400D01865 /* Debug */,
				C42453F71C979D9400D01865 /* Release */,
			);
			defaultConfigurationIsVisible = 0;
			defaultConfigurationName = Release;
		};
		C42453F81C979D9400D01865 /* Build configuration list for PBXNativeTarget "demoTestUITests" */ = {
			isa = XCConfigurationList;
			buildConfigurations = (
				C42453F91C979D9400D01865 /* Debug */,
				C42453FA1C979D9400D01865 /* Release */,
			);
			defaultConfigurationIsVisible = 0;
			defaultConfigurationName = Release;
		};
/* End XCConfigurationList section */
	};
	rootObject = C42453BD1C979D9300D01865 /* Project object */;
}
