PODS:
  - BAButton (1.0.1)
  - IQKeyboardManager (4.0.1)
  - Masonry (0.6.4)
  - MJRefresh (3.1.0)
  - SDAutoLayout (1.50)
  - SDWebImage (3.7.5):
    - SDWebImage/Core (= 3.7.5)
  - SDWebImage/Core (3.7.5)
  - WHC_AutoLayoutKit (2.0.0)

DEPENDENCIES:
  - BAButton (~> 1.0.1)
  - IQKeyboardManager (~> 4.0.0)
  - Masonry (~> 0.6.4)
  - MJRefresh (~> 3.1.0)
  - SDAutoLayout (~> 1.31)
  - SDWebImage (~> 3.7.5)
  - WHC_AutoLayoutKit (~> 2.0.0)

SPEC CHECKSUMS:
  BAButton: bb8f74e5e167a7e01ce8c0a66eafc3245ebb8c31
  IQKeyboardManager: 0c11a0cb402a621f7aa1aff506f60ab6d2388969
  Masonry: 281802d04d787ea2973179ee8bcb50500579ede2
  MJRefresh: 743e6404967d1c2c688472ea3ecfde247d872db4
  SDAutoLayout: 88b539a0c6204787d8e4084ef1b0db250241cc47
  SDWebImage: 69c6303e3348fba97e03f65d65d4fbc26740f461
  WHC_AutoLayoutKit: 8dc1026893e4ce77b22ff15969c057488c9e380c

COCOAPODS: 0.39.0
